// !$*UTF8*$!
{
	archiveVersion = 1;
	classes = {
	};
	objectVersion = 46;
	objects = {

/* Begin PBXBuildFile section */
		422A5B4318CEAB4C007E7564 /* BRHostVersionNegotiateCommand.h in Headers */ = {isa = PBXBuildFile; fileRef = 422A5B4118CEAB4C007E7564 /* BRHostVersionNegotiateCommand.h */; };
		422A5B4418CEAB4C007E7564 /* BRHostVersionNegotiateCommand.m in Sources */ = {isa = PBXBuildFile; fileRef = 422A5B4218CEAB4C007E7564 /* BRHostVersionNegotiateCommand.m */; };
		422A5B4918CED8B1007E7564 /* NSArray+PrettyPrint.h in Headers */ = {isa = PBXBuildFile; fileRef = 422A5B4718CED8B1007E7564 /* NSArray+PrettyPrint.h */; };
		422A5B4A18CED8B1007E7564 /* NSArray+PrettyPrint.m in Sources */ = {isa = PBXBuildFile; fileRef = 422A5B4818CED8B1007E7564 /* NSArray+PrettyPrint.m */; };
		427B968218CFE37E00CB6A9E /* BRCalibratePedometerServiceCommand.h in Headers */ = {isa = PBXBuildFile; fileRef = 427B968018CFE37E00CB6A9E /* BRCalibratePedometerServiceCommand.h */; };
		427B968318CFE37E00CB6A9E /* BRCalibratePedometerServiceCommand.m in Sources */ = {isa = PBXBuildFile; fileRef = 427B968118CFE37E00CB6A9E /* BRCalibratePedometerServiceCommand.m */; };
		427B968618CFE92300CB6A9E /* BRServiceCalibrationSettingRequest.h in Headers */ = {isa = PBXBuildFile; fileRef = 427B968418CFE92300CB6A9E /* BRServiceCalibrationSettingRequest.h */; };
		427B968718CFE92300CB6A9E /* BRServiceCalibrationSettingRequest.m in Sources */ = {isa = PBXBuildFile; fileRef = 427B968518CFE92300CB6A9E /* BRServiceCalibrationSettingRequest.m */; };
		429E5F3618BEBE7C003563D6 /* Cocoa.framework in Frameworks */ = {isa = PBXBuildFile; fileRef = 429E5F3518BEBE7C003563D6 /* Cocoa.framework */; };
		429E5F4018BEBE7C003563D6 /* InfoPlist.strings in Resources */ = {isa = PBXBuildFile; fileRef = 429E5F3E18BEBE7C003563D6 /* InfoPlist.strings */; };
		429E5FA218BEBEB9003563D6 /* NSData+HexStrings.h in Headers */ = {isa = PBXBuildFile; fileRef = 429E5F8018BEBEB9003563D6 /* NSData+HexStrings.h */; };
		429E5FA318BEBEB9003563D6 /* NSData+HexStrings.m in Sources */ = {isa = PBXBuildFile; fileRef = 429E5F8118BEBEB9003563D6 /* NSData+HexStrings.m */; };
		429E5FB218BEC004003563D6 /* Cocoa.framework in Frameworks */ = {isa = PBXBuildFile; fileRef = 429E5F3518BEBE7C003563D6 /* Cocoa.framework */; };
		429E5FB818BEC005003563D6 /* InfoPlist.strings in Resources */ = {isa = PBXBuildFile; fileRef = 429E5FB618BEC005003563D6 /* InfoPlist.strings */; };
		429E5FBA18BEC005003563D6 /* main.m in Sources */ = {isa = PBXBuildFile; fileRef = 429E5FB918BEC005003563D6 /* main.m */; };
		429E5FBE18BEC005003563D6 /* Credits.rtf in Resources */ = {isa = PBXBuildFile; fileRef = 429E5FBC18BEC005003563D6 /* Credits.rtf */; };
		429E5FC118BEC005003563D6 /* AppDelegate.m in Sources */ = {isa = PBXBuildFile; fileRef = 429E5FC018BEC005003563D6 /* AppDelegate.m */; };
		429E5FC618BEC005003563D6 /* Images.xcassets in Resources */ = {isa = PBXBuildFile; fileRef = 429E5FC518BEC005003563D6 /* Images.xcassets */; };
		429E5FDE18BEC021003563D6 /* PLTDevice.framework in Frameworks */ = {isa = PBXBuildFile; fileRef = 429E5F3218BEBE7C003563D6 /* PLTDevice.framework */; };
		429E5FE518BEC0AD003563D6 /* MainWindowController.m in Sources */ = {isa = PBXBuildFile; fileRef = 429E5FE318BEC0AD003563D6 /* MainWindowController.m */; };
		429E5FE618BEC0AD003563D6 /* MainWindow.xib in Resources */ = {isa = PBXBuildFile; fileRef = 429E5FE418BEC0AD003563D6 /* MainWindow.xib */; };
		429E5FE818BEC1F3003563D6 /* IOBluetooth.framework in Frameworks */ = {isa = PBXBuildFile; fileRef = 429E5FE718BEC1F3003563D6 /* IOBluetooth.framework */; };
		429E5FE918BEC1F8003563D6 /* IOBluetooth.framework in Frameworks */ = {isa = PBXBuildFile; fileRef = 429E5FE718BEC1F3003563D6 /* IOBluetooth.framework */; };
		429E5FEF18BEC510003563D6 /* Cocoa.framework in Frameworks */ = {isa = PBXBuildFile; fileRef = 429E5F3518BEBE7C003563D6 /* Cocoa.framework */; };
		429E5FF518BEC510003563D6 /* InfoPlist.strings in Resources */ = {isa = PBXBuildFile; fileRef = 429E5FF318BEC510003563D6 /* InfoPlist.strings */; };
		429E5FF718BEC510003563D6 /* main.m in Sources */ = {isa = PBXBuildFile; fileRef = 429E5FF618BEC510003563D6 /* main.m */; };
		429E5FFB18BEC510003563D6 /* Credits.rtf in Resources */ = {isa = PBXBuildFile; fileRef = 429E5FF918BEC510003563D6 /* Credits.rtf */; };
		429E5FFE18BEC510003563D6 /* AppDelegate.m in Sources */ = {isa = PBXBuildFile; fileRef = 429E5FFD18BEC510003563D6 /* AppDelegate.m */; };
		429E600318BEC510003563D6 /* Images.xcassets in Resources */ = {isa = PBXBuildFile; fileRef = 429E600218BEC510003563D6 /* Images.xcassets */; };
		429E603318BEC616003563D6 /* MainMenu.xib in Resources */ = {isa = PBXBuildFile; fileRef = 429E5FFF18BEC510003563D6 /* MainMenu.xib */; };
		429E603418BEC61A003563D6 /* MainWindow.xib in Resources */ = {isa = PBXBuildFile; fileRef = 429E602D18BEC5A4003563D6 /* MainWindow.xib */; };
		429E603618BEC628003563D6 /* PLTDevice.framework in Frameworks */ = {isa = PBXBuildFile; fileRef = 429E5F3218BEBE7C003563D6 /* PLTDevice.framework */; };
		429E603718BEC6CE003563D6 /* MainWindowController.m in Sources */ = {isa = PBXBuildFile; fileRef = 429E602F18BEC5A4003563D6 /* MainWindowController.m */; };
		429E606E18BEE06F003563D6 /* PLTCalibration.h in Headers */ = {isa = PBXBuildFile; fileRef = 429E604618BEE06F003563D6 /* PLTCalibration.h */; };
		429E606F18BEE06F003563D6 /* PLTCalibration.m in Sources */ = {isa = PBXBuildFile; fileRef = 429E604718BEE06F003563D6 /* PLTCalibration.m */; };
		429E607018BEE06F003563D6 /* PLTConfiguration.h in Headers */ = {isa = PBXBuildFile; fileRef = 429E604818BEE06F003563D6 /* PLTConfiguration.h */; };
		429E607118BEE06F003563D6 /* PLTConfiguration.m in Sources */ = {isa = PBXBuildFile; fileRef = 429E604918BEE06F003563D6 /* PLTConfiguration.m */; };
		429E607418BEE06F003563D6 /* PLTDevice_Internal.h in Headers */ = {isa = PBXBuildFile; fileRef = 429E604C18BEE06F003563D6 /* PLTDevice_Internal.h */; };
		429E607518BEE06F003563D6 /* PLTDevice.h in Headers */ = {isa = PBXBuildFile; fileRef = 429E604D18BEE06F003563D6 /* PLTDevice.h */; };
		429E607718BEE06F003563D6 /* PLTDeviceWatcher.h in Headers */ = {isa = PBXBuildFile; fileRef = 429E604F18BEE06F003563D6 /* PLTDeviceWatcher.h */; };
		429E607818BEE06F003563D6 /* PLTDeviceWatcher.m in Sources */ = {isa = PBXBuildFile; fileRef = 429E605018BEE06F003563D6 /* PLTDeviceWatcher.m */; };
		429E607918BEE06F003563D6 /* PLTFreeFallInfo_Internal.h in Headers */ = {isa = PBXBuildFile; fileRef = 429E605118BEE06F003563D6 /* PLTFreeFallInfo_Internal.h */; };
		429E607A18BEE06F003563D6 /* PLTFreeFallInfo.h in Headers */ = {isa = PBXBuildFile; fileRef = 429E605218BEE06F003563D6 /* PLTFreeFallInfo.h */; };
		429E607B18BEE06F003563D6 /* PLTFreeFallInfo.m in Sources */ = {isa = PBXBuildFile; fileRef = 429E605318BEE06F003563D6 /* PLTFreeFallInfo.m */; };
		429E607C18BEE06F003563D6 /* PLTGyroscopeCalibrationInfo_Internal.h in Headers */ = {isa = PBXBuildFile; fileRef = 429E605418BEE06F003563D6 /* PLTGyroscopeCalibrationInfo_Internal.h */; };
		429E607D18BEE06F003563D6 /* PLTGyroscopeCalibrationInfo.h in Headers */ = {isa = PBXBuildFile; fileRef = 429E605518BEE06F003563D6 /* PLTGyroscopeCalibrationInfo.h */; };
		429E607E18BEE06F003563D6 /* PLTGyroscopeCalibrationInfo.m in Sources */ = {isa = PBXBuildFile; fileRef = 429E605618BEE06F003563D6 /* PLTGyroscopeCalibrationInfo.m */; };
		429E607F18BEE06F003563D6 /* PLTInfo_Internal.h in Headers */ = {isa = PBXBuildFile; fileRef = 429E605718BEE06F003563D6 /* PLTInfo_Internal.h */; };
		429E608018BEE06F003563D6 /* PLTInfo.h in Headers */ = {isa = PBXBuildFile; fileRef = 429E605818BEE06F003563D6 /* PLTInfo.h */; };
		429E608118BEE06F003563D6 /* PLTInfo.m in Sources */ = {isa = PBXBuildFile; fileRef = 429E605918BEE06F003563D6 /* PLTInfo.m */; };
		429E608218BEE06F003563D6 /* PLTMagnetometerCalibrationInfo_Internal.h in Headers */ = {isa = PBXBuildFile; fileRef = 429E605A18BEE06F003563D6 /* PLTMagnetometerCalibrationInfo_Internal.h */; };
		429E608318BEE06F003563D6 /* PLTMagnetometerCalibrationInfo.h in Headers */ = {isa = PBXBuildFile; fileRef = 429E605B18BEE06F003563D6 /* PLTMagnetometerCalibrationInfo.h */; };
		429E608418BEE06F003563D6 /* PLTMagnetometerCalibrationInfo.m in Sources */ = {isa = PBXBuildFile; fileRef = 429E605C18BEE06F003563D6 /* PLTMagnetometerCalibrationInfo.m */; };
		429E608518BEE06F003563D6 /* PLTOrientationTrackingCalibration.h in Headers */ = {isa = PBXBuildFile; fileRef = 429E605D18BEE06F003563D6 /* PLTOrientationTrackingCalibration.h */; };
		429E608618BEE06F003563D6 /* PLTOrientationTrackingCalibration.m in Sources */ = {isa = PBXBuildFile; fileRef = 429E605E18BEE06F003563D6 /* PLTOrientationTrackingCalibration.m */; };
		429E608718BEE06F003563D6 /* PLTOrientationTrackingInfo_Internal.h in Headers */ = {isa = PBXBuildFile; fileRef = 429E605F18BEE06F003563D6 /* PLTOrientationTrackingInfo_Internal.h */; };
		429E608818BEE06F003563D6 /* PLTOrientationTrackingInfo.h in Headers */ = {isa = PBXBuildFile; fileRef = 429E606018BEE06F003563D6 /* PLTOrientationTrackingInfo.h */; };
		429E608918BEE06F003563D6 /* PLTOrientationTrackingInfo.m in Sources */ = {isa = PBXBuildFile; fileRef = 429E606118BEE06F003563D6 /* PLTOrientationTrackingInfo.m */; };
		429E608A18BEE06F003563D6 /* PLTPedometerInfo_Internal.h in Headers */ = {isa = PBXBuildFile; fileRef = 429E606218BEE06F003563D6 /* PLTPedometerInfo_Internal.h */; };
		429E608B18BEE06F003563D6 /* PLTPedometerInfo.h in Headers */ = {isa = PBXBuildFile; fileRef = 429E606318BEE06F003563D6 /* PLTPedometerInfo.h */; };
		429E608C18BEE06F003563D6 /* PLTPedometerInfo.m in Sources */ = {isa = PBXBuildFile; fileRef = 429E606418BEE06F003563D6 /* PLTPedometerInfo.m */; };
		429E608D18BEE06F003563D6 /* PLTProximityInfo_Internal.h in Headers */ = {isa = PBXBuildFile; fileRef = 429E606518BEE06F003563D6 /* PLTProximityInfo_Internal.h */; };
		429E608E18BEE06F003563D6 /* PLTProximityInfo.h in Headers */ = {isa = PBXBuildFile; fileRef = 429E606618BEE06F003563D6 /* PLTProximityInfo.h */; };
		429E608F18BEE06F003563D6 /* PLTProximityInfo.m in Sources */ = {isa = PBXBuildFile; fileRef = 429E606718BEE06F003563D6 /* PLTProximityInfo.m */; };
		429E609018BEE06F003563D6 /* PLTTapsInfo_Internal.h in Headers */ = {isa = PBXBuildFile; fileRef = 429E606818BEE06F003563D6 /* PLTTapsInfo_Internal.h */; };
		429E609118BEE06F003563D6 /* PLTTapsInfo.h in Headers */ = {isa = PBXBuildFile; fileRef = 429E606918BEE06F003563D6 /* PLTTapsInfo.h */; };
		429E609218BEE06F003563D6 /* PLTTapsInfo.m in Sources */ = {isa = PBXBuildFile; fileRef = 429E606A18BEE06F003563D6 /* PLTTapsInfo.m */; };
		429E609318BEE06F003563D6 /* PLTWearingStateInfo_Internal.h in Headers */ = {isa = PBXBuildFile; fileRef = 429E606B18BEE06F003563D6 /* PLTWearingStateInfo_Internal.h */; };
		429E609418BEE06F003563D6 /* PLTWearingStateInfo.h in Headers */ = {isa = PBXBuildFile; fileRef = 429E606C18BEE06F003563D6 /* PLTWearingStateInfo.h */; };
		429E609518BEE06F003563D6 /* PLTWearingStateInfo.m in Sources */ = {isa = PBXBuildFile; fileRef = 429E606D18BEE06F003563D6 /* PLTWearingStateInfo.m */; };
		429E609A18BEE0F7003563D6 /* PLTDevice.h in Headers */ = {isa = PBXBuildFile; fileRef = 429E609818BEE0F7003563D6 /* PLTDevice.h */; };
		429E609B18BEE0F7003563D6 /* PLTDevice.m in Sources */ = {isa = PBXBuildFile; fileRef = 429E609918BEE0F7003563D6 /* PLTDevice.m */; };
		429E60C518BEE1A5003563D6 /* BRDevice.h in Headers */ = {isa = PBXBuildFile; fileRef = 429E609D18BEE1A5003563D6 /* BRDevice.h */; };
		429E60C618BEE1A5003563D6 /* BRDevice.m in Sources */ = {isa = PBXBuildFile; fileRef = 429E609E18BEE1A5003563D6 /* BRDevice.m */; };
		429E60C718BEE1A5003563D6 /* BREvent.h in Headers */ = {isa = PBXBuildFile; fileRef = 429E609F18BEE1A5003563D6 /* BREvent.h */; };
		429E60C818BEE1A5003563D6 /* BREvent.m in Sources */ = {isa = PBXBuildFile; fileRef = 429E60A018BEE1A5003563D6 /* BREvent.m */; };
		429E60C918BEE1A5003563D6 /* BRFreeFallEvent.h in Headers */ = {isa = PBXBuildFile; fileRef = 429E60A118BEE1A5003563D6 /* BRFreeFallEvent.h */; };
		429E60CA18BEE1A5003563D6 /* BRFreeFallEvent.m in Sources */ = {isa = PBXBuildFile; fileRef = 429E60A218BEE1A5003563D6 /* BRFreeFallEvent.m */; };
		429E60CB18BEE1A5003563D6 /* BRGyroscopeCalStatusEvent.h in Headers */ = {isa = PBXBuildFile; fileRef = 429E60A318BEE1A5003563D6 /* BRGyroscopeCalStatusEvent.h */; };
		429E60CC18BEE1A5003563D6 /* BRGyroscopeCalStatusEvent.m in Sources */ = {isa = PBXBuildFile; fileRef = 429E60A418BEE1A5003563D6 /* BRGyroscopeCalStatusEvent.m */; };
		429E60CD18BEE1A5003563D6 /* BRMagnetometerCalStatusEvent.h in Headers */ = {isa = PBXBuildFile; fileRef = 429E60A518BEE1A5003563D6 /* BRMagnetometerCalStatusEvent.h */; };
		429E60CE18BEE1A5003563D6 /* BRMagnetometerCalStatusEvent.m in Sources */ = {isa = PBXBuildFile; fileRef = 429E60A618BEE1A5003563D6 /* BRMagnetometerCalStatusEvent.m */; };
		429E60CF18BEE1A5003563D6 /* BRMessage.h in Headers */ = {isa = PBXBuildFile; fileRef = 429E60A718BEE1A5003563D6 /* BRMessage.h */; };
		429E60D018BEE1A5003563D6 /* BRMessage.m in Sources */ = {isa = PBXBuildFile; fileRef = 429E60A818BEE1A5003563D6 /* BRMessage.m */; };
		429E60D118BEE1A5003563D6 /* BROrientationTrackingEvent.h in Headers */ = {isa = PBXBuildFile; fileRef = 429E60A918BEE1A5003563D6 /* BROrientationTrackingEvent.h */; };
		429E60D218BEE1A5003563D6 /* BROrientationTrackingEvent.m in Sources */ = {isa = PBXBuildFile; fileRef = 429E60AA18BEE1A5003563D6 /* BROrientationTrackingEvent.m */; };
		429E60D318BEE1A5003563D6 /* BROrientationTrackingSettingResponse.h in Headers */ = {isa = PBXBuildFile; fileRef = 429E60AB18BEE1A5003563D6 /* BROrientationTrackingSettingResponse.h */; };
		429E60D418BEE1A5003563D6 /* BROrientationTrackingSettingResponse.m in Sources */ = {isa = PBXBuildFile; fileRef = 429E60AC18BEE1A5003563D6 /* BROrientationTrackingSettingResponse.m */; };
		429E60D518BEE1A5003563D6 /* BRPedometerEvent.h in Headers */ = {isa = PBXBuildFile; fileRef = 429E60AD18BEE1A5003563D6 /* BRPedometerEvent.h */; };
		429E60D618BEE1A5003563D6 /* BRPedometerEvent.m in Sources */ = {isa = PBXBuildFile; fileRef = 429E60AE18BEE1A5003563D6 /* BRPedometerEvent.m */; };
		429E60D718BEE1A5003563D6 /* BRSignalStrengthEvent.h in Headers */ = {isa = PBXBuildFile; fileRef = 429E60AF18BEE1A5003563D6 /* BRSignalStrengthEvent.h */; };
		429E60D818BEE1A5003563D6 /* BRSignalStrengthEvent.m in Sources */ = {isa = PBXBuildFile; fileRef = 429E60B018BEE1A5003563D6 /* BRSignalStrengthEvent.m */; };
		429E60D918BEE1A5003563D6 /* BRServiceDataSettingRequest.h in Headers */ = {isa = PBXBuildFile; fileRef = 429E60B118BEE1A5003563D6 /* BRServiceDataSettingRequest.h */; };
		429E60DA18BEE1A5003563D6 /* BRServiceDataSettingRequest.m in Sources */ = {isa = PBXBuildFile; fileRef = 429E60B218BEE1A5003563D6 /* BRServiceDataSettingRequest.m */; };
		429E60DB18BEE1A5003563D6 /* BRSignalStrengthSettingRequest.h in Headers */ = {isa = PBXBuildFile; fileRef = 429E60B318BEE1A5003563D6 /* BRSignalStrengthSettingRequest.h */; };
		429E60DC18BEE1A5003563D6 /* BRSignalStrengthSettingRequest.m in Sources */ = {isa = PBXBuildFile; fileRef = 429E60B418BEE1A5003563D6 /* BRSignalStrengthSettingRequest.m */; };
		429E60DD18BEE1A5003563D6 /* BRWearingStateSettingRequest.h in Headers */ = {isa = PBXBuildFile; fileRef = 429E60B518BEE1A5003563D6 /* BRWearingStateSettingRequest.h */; };
		429E60DE18BEE1A5003563D6 /* BRWearingStateSettingRequest.m in Sources */ = {isa = PBXBuildFile; fileRef = 429E60B618BEE1A5003563D6 /* BRWearingStateSettingRequest.m */; };
		429E60DF18BEE1A5003563D6 /* BRWearingStateSettingResponse.h in Headers */ = {isa = PBXBuildFile; fileRef = 429E60B718BEE1A5003563D6 /* BRWearingStateSettingResponse.h */; };
		429E60E018BEE1A5003563D6 /* BRWearingStateSettingResponse.m in Sources */ = {isa = PBXBuildFile; fileRef = 429E60B818BEE1A5003563D6 /* BRWearingStateSettingResponse.m */; };
		429E60E118BEE1A5003563D6 /* BRSettingRequest.h in Headers */ = {isa = PBXBuildFile; fileRef = 429E60B918BEE1A5003563D6 /* BRSettingRequest.h */; };
		429E60E218BEE1A5003563D6 /* BRSettingRequest.m in Sources */ = {isa = PBXBuildFile; fileRef = 429E60BA18BEE1A5003563D6 /* BRSettingRequest.m */; };
		429E60E318BEE1A5003563D6 /* BRSettingResponse.h in Headers */ = {isa = PBXBuildFile; fileRef = 429E60BB18BEE1A5003563D6 /* BRSettingResponse.h */; };
		429E60E418BEE1A5003563D6 /* BRSettingResponse.m in Sources */ = {isa = PBXBuildFile; fileRef = 429E60BC18BEE1A5003563D6 /* BRSettingResponse.m */; };
		429E60E518BEE1A5003563D6 /* BRSubscribeToServiceCommand.h in Headers */ = {isa = PBXBuildFile; fileRef = 429E60BD18BEE1A5003563D6 /* BRSubscribeToServiceCommand.h */; };
		429E60E618BEE1A5003563D6 /* BRSubscribeToServiceCommand.m in Sources */ = {isa = PBXBuildFile; fileRef = 429E60BE18BEE1A5003563D6 /* BRSubscribeToServiceCommand.m */; };
		429E60E718BEE1A5003563D6 /* BRSubscribeToSignalStrengthCommand.h in Headers */ = {isa = PBXBuildFile; fileRef = 429E60BF18BEE1A5003563D6 /* BRSubscribeToSignalStrengthCommand.h */; };
		429E60E818BEE1A5003563D6 /* BRSubscribeToSignalStrengthCommand.m in Sources */ = {isa = PBXBuildFile; fileRef = 429E60C018BEE1A5003563D6 /* BRSubscribeToSignalStrengthCommand.m */; };
		429E60E918BEE1A5003563D6 /* BRTapsEvent.h in Headers */ = {isa = PBXBuildFile; fileRef = 429E60C118BEE1A5003563D6 /* BRTapsEvent.h */; };
		429E60EA18BEE1A5003563D6 /* BRTapsEvent.m in Sources */ = {isa = PBXBuildFile; fileRef = 429E60C218BEE1A5003563D6 /* BRTapsEvent.m */; };
		429E60EB18BEE1A5003563D6 /* BRWearingStateEvent.h in Headers */ = {isa = PBXBuildFile; fileRef = 429E60C318BEE1A5003563D6 /* BRWearingStateEvent.h */; };
		429E60EC18BEE1A5003563D6 /* BRWearingStateEvent.m in Sources */ = {isa = PBXBuildFile; fileRef = 429E60C418BEE1A5003563D6 /* BRWearingStateEvent.m */; };
		42F1C96D18C5AAB500A75592 /* BRSignalStrengthSettingResponse.h in Headers */ = {isa = PBXBuildFile; fileRef = 42F1C96B18C5AAB500A75592 /* BRSignalStrengthSettingResponse.h */; };
		42F1C96E18C5AAB500A75592 /* BRSignalStrengthSettingResponse.m in Sources */ = {isa = PBXBuildFile; fileRef = 42F1C96C18C5AAB500A75592 /* BRSignalStrengthSettingResponse.m */; };
		42F1C97118C5B57700A75592 /* BRDeviceInfoSettingRequest.h in Headers */ = {isa = PBXBuildFile; fileRef = 42F1C96F18C5B57700A75592 /* BRDeviceInfoSettingRequest.h */; };
		42F1C97218C5B57700A75592 /* BRDeviceInfoSettingRequest.m in Sources */ = {isa = PBXBuildFile; fileRef = 42F1C97018C5B57700A75592 /* BRDeviceInfoSettingRequest.m */; };
		42F1C97518C5B72100A75592 /* BRDeviceInfoSettingResponse.h in Headers */ = {isa = PBXBuildFile; fileRef = 42F1C97318C5B72100A75592 /* BRDeviceInfoSettingResponse.h */; };
		42F1C97618C5B72100A75592 /* BRDeviceInfoSettingResponse.m in Sources */ = {isa = PBXBuildFile; fileRef = 42F1C97418C5B72100A75592 /* BRDeviceInfoSettingResponse.m */; };
		42F1C97918C5BC5C00A75592 /* BRTapsSettingResponse.h in Headers */ = {isa = PBXBuildFile; fileRef = 42F1C97718C5BC5C00A75592 /* BRTapsSettingResponse.h */; };
		42F1C97A18C5BC5C00A75592 /* BRTapsSettingResponse.m in Sources */ = {isa = PBXBuildFile; fileRef = 42F1C97818C5BC5C00A75592 /* BRTapsSettingResponse.m */; };
		42F1C97D18C5BC6800A75592 /* BRFreeFallSettingResponse.h in Headers */ = {isa = PBXBuildFile; fileRef = 42F1C97B18C5BC6800A75592 /* BRFreeFallSettingResponse.h */; };
		42F1C97E18C5BC6800A75592 /* BRFreeFallSettingResponse.m in Sources */ = {isa = PBXBuildFile; fileRef = 42F1C97C18C5BC6800A75592 /* BRFreeFallSettingResponse.m */; };
		42F1C98118C5BC6F00A75592 /* BRPedometerSettingResponse.h in Headers */ = {isa = PBXBuildFile; fileRef = 42F1C97F18C5BC6F00A75592 /* BRPedometerSettingResponse.h */; };
		42F1C98218C5BC6F00A75592 /* BRPedometerSettingResponse.m in Sources */ = {isa = PBXBuildFile; fileRef = 42F1C98018C5BC6F00A75592 /* BRPedometerSettingResponse.m */; };
		42F1C98518C5BC7F00A75592 /* BRGyroscopeCalStatusSettingResponse.h in Headers */ = {isa = PBXBuildFile; fileRef = 42F1C98318C5BC7F00A75592 /* BRGyroscopeCalStatusSettingResponse.h */; };
		42F1C98618C5BC7F00A75592 /* BRGyroscopeCalStatusSettingResponse.m in Sources */ = {isa = PBXBuildFile; fileRef = 42F1C98418C5BC7F00A75592 /* BRGyroscopeCalStatusSettingResponse.m */; };
		42F1C98918C5BC9000A75592 /* BRMagnetometerCalStatusSettingResponse.h in Headers */ = {isa = PBXBuildFile; fileRef = 42F1C98718C5BC9000A75592 /* BRMagnetometerCalStatusSettingResponse.h */; };
		42F1C98A18C5BC9000A75592 /* BRMagnetometerCalStatusSettingResponse.m in Sources */ = {isa = PBXBuildFile; fileRef = 42F1C98818C5BC9000A75592 /* BRMagnetometerCalStatusSettingResponse.m */; };
		42F1C98B18C7021800A75592 /* MainMenu.xib in Resources */ = {isa = PBXBuildFile; fileRef = 429E5FC218BEC005003563D6 /* MainMenu.xib */; };
		42F2316518CBF96800E08B93 /* BRDeviceNotReadyException.h in Headers */ = {isa = PBXBuildFile; fileRef = 42F2316318CBF96800E08B93 /* BRDeviceNotReadyException.h */; };
		42F2316618CBF96800E08B93 /* BRDeviceNotReadyException.m in Sources */ = {isa = PBXBuildFile; fileRef = 42F2316418CBF96800E08B93 /* BRDeviceNotReadyException.m */; };
		42F2316918CBF97C00E08B93 /* BRException.h in Headers */ = {isa = PBXBuildFile; fileRef = 42F2316718CBF97C00E08B93 /* BRException.h */; };
		42F2316A18CBF97C00E08B93 /* BRException.m in Sources */ = {isa = PBXBuildFile; fileRef = 42F2316818CBF97C00E08B93 /* BRException.m */; };
		42F2316D18CBFE2D00E08B93 /* BRIllegalValueException.h in Headers */ = {isa = PBXBuildFile; fileRef = 42F2316B18CBFE2D00E08B93 /* BRIllegalValueException.h */; };
		42F2316E18CBFE2D00E08B93 /* BRIllegalValueException.m in Sources */ = {isa = PBXBuildFile; fileRef = 42F2316C18CBFE2D00E08B93 /* BRIllegalValueException.m */; };
		42F2317118CBFF0300E08B93 /* BRServiceSubscriptionChangedEvent.h in Headers */ = {isa = PBXBuildFile; fileRef = 42F2316F18CBFF0300E08B93 /* BRServiceSubscriptionChangedEvent.h */; };
		42F2317218CBFF0300E08B93 /* BRServiceSubscriptionChangedEvent.m in Sources */ = {isa = PBXBuildFile; fileRef = 42F2317018CBFF0300E08B93 /* BRServiceSubscriptionChangedEvent.m */; };
		42F2317518CC011100E08B93 /* BRDeviceConnectedEvent.h in Headers */ = {isa = PBXBuildFile; fileRef = 42F2317318CC011100E08B93 /* BRDeviceConnectedEvent.h */; };
		42F2317618CC011100E08B93 /* BRDeviceConnectedEvent.m in Sources */ = {isa = PBXBuildFile; fileRef = 42F2317418CC011100E08B93 /* BRDeviceConnectedEvent.m */; };
		42F2317918CC029300E08B93 /* BRMetadata.h in Headers */ = {isa = PBXBuildFile; fileRef = 42F2317718CC029300E08B93 /* BRMetadata.h */; };
		42F2317A18CC029300E08B93 /* BRMetadata.m in Sources */ = {isa = PBXBuildFile; fileRef = 42F2317818CC029300E08B93 /* BRMetadata.m */; };
		42F2317D18CC030200E08B93 /* BRDeviceDisconnectedEvent.h in Headers */ = {isa = PBXBuildFile; fileRef = 42F2317B18CC030200E08B93 /* BRDeviceDisconnectedEvent.h */; };
		42F2317E18CC030200E08B93 /* BRDeviceDisconnectedEvent.m in Sources */ = {isa = PBXBuildFile; fileRef = 42F2317C18CC030200E08B93 /* BRDeviceDisconnectedEvent.m */; };
/* End PBXBuildFile section */

/* Begin PBXFileReference section */
		422A5B4118CEAB4C007E7564 /* BRHostVersionNegotiateCommand.h */ = {isa = PBXFileReference; fileEncoding = 4; lastKnownFileType = sourcecode.c.h; path = BRHostVersionNegotiateCommand.h; sourceTree = "<group>"; };
		422A5B4218CEAB4C007E7564 /* BRHostVersionNegotiateCommand.m */ = {isa = PBXFileReference; fileEncoding = 4; lastKnownFileType = sourcecode.c.objc; path = BRHostVersionNegotiateCommand.m; sourceTree = "<group>"; };
		422A5B4718CED8B1007E7564 /* NSArray+PrettyPrint.h */ = {isa = PBXFileReference; fileEncoding = 4; lastKnownFileType = sourcecode.c.h; path = "NSArray+PrettyPrint.h"; sourceTree = "<group>"; };
		422A5B4818CED8B1007E7564 /* NSArray+PrettyPrint.m */ = {isa = PBXFileReference; fileEncoding = 4; lastKnownFileType = sourcecode.c.objc; path = "NSArray+PrettyPrint.m"; sourceTree = "<group>"; };
		427B968018CFE37E00CB6A9E /* BRCalibratePedometerServiceCommand.h */ = {isa = PBXFileReference; fileEncoding = 4; lastKnownFileType = sourcecode.c.h; path = BRCalibratePedometerServiceCommand.h; sourceTree = "<group>"; };
		427B968118CFE37E00CB6A9E /* BRCalibratePedometerServiceCommand.m */ = {isa = PBXFileReference; fileEncoding = 4; lastKnownFileType = sourcecode.c.objc; path = BRCalibratePedometerServiceCommand.m; sourceTree = "<group>"; };
		427B968418CFE92300CB6A9E /* BRServiceCalibrationSettingRequest.h */ = {isa = PBXFileReference; fileEncoding = 4; lastKnownFileType = sourcecode.c.h; path = BRServiceCalibrationSettingRequest.h; sourceTree = "<group>"; };
		427B968518CFE92300CB6A9E /* BRServiceCalibrationSettingRequest.m */ = {isa = PBXFileReference; fileEncoding = 4; lastKnownFileType = sourcecode.c.objc; path = BRServiceCalibrationSettingRequest.m; sourceTree = "<group>"; };
		429E5F3218BEBE7C003563D6 /* PLTDevice.framework */ = {isa = PBXFileReference; explicitFileType = wrapper.framework; includeInIndex = 0; path = PLTDevice.framework; sourceTree = BUILT_PRODUCTS_DIR; };
		429E5F3518BEBE7C003563D6 /* Cocoa.framework */ = {isa = PBXFileReference; lastKnownFileType = wrapper.framework; name = Cocoa.framework; path = System/Library/Frameworks/Cocoa.framework; sourceTree = SDKROOT; };
		429E5F3818BEBE7C003563D6 /* Foundation.framework */ = {isa = PBXFileReference; lastKnownFileType = wrapper.framework; name = Foundation.framework; path = System/Library/Frameworks/Foundation.framework; sourceTree = SDKROOT; };
		429E5F3918BEBE7C003563D6 /* CoreData.framework */ = {isa = PBXFileReference; lastKnownFileType = wrapper.framework; name = CoreData.framework; path = System/Library/Frameworks/CoreData.framework; sourceTree = SDKROOT; };
		429E5F3A18BEBE7C003563D6 /* AppKit.framework */ = {isa = PBXFileReference; lastKnownFileType = wrapper.framework; name = AppKit.framework; path = System/Library/Frameworks/AppKit.framework; sourceTree = SDKROOT; };
		429E5F3D18BEBE7C003563D6 /* PLTDevice-Info.plist */ = {isa = PBXFileReference; lastKnownFileType = text.plist.xml; path = "PLTDevice-Info.plist"; sourceTree = "<group>"; };
		429E5F3F18BEBE7C003563D6 /* en */ = {isa = PBXFileReference; lastKnownFileType = text.plist.strings; name = en; path = en.lproj/InfoPlist.strings; sourceTree = "<group>"; };
		429E5F4118BEBE7C003563D6 /* PLTDevice-Prefix.pch */ = {isa = PBXFileReference; lastKnownFileType = sourcecode.c.h; path = "PLTDevice-Prefix.pch"; sourceTree = "<group>"; };
		429E5F4A18BEBE7C003563D6 /* XCTest.framework */ = {isa = PBXFileReference; lastKnownFileType = wrapper.framework; name = XCTest.framework; path = Library/Frameworks/XCTest.framework; sourceTree = DEVELOPER_DIR; };
		429E5F8018BEBEB9003563D6 /* NSData+HexStrings.h */ = {isa = PBXFileReference; fileEncoding = 4; lastKnownFileType = sourcecode.c.h; path = "NSData+HexStrings.h"; sourceTree = "<group>"; };
		429E5F8118BEBEB9003563D6 /* NSData+HexStrings.m */ = {isa = PBXFileReference; fileEncoding = 4; lastKnownFileType = sourcecode.c.objc; path = "NSData+HexStrings.m"; sourceTree = "<group>"; };
		429E5FB118BEC004003563D6 /* PLTDeviceTest.app */ = {isa = PBXFileReference; explicitFileType = wrapper.application; includeInIndex = 0; path = PLTDeviceTest.app; sourceTree = BUILT_PRODUCTS_DIR; };
		429E5FB518BEC005003563D6 /* PLTDeviceTest-Info.plist */ = {isa = PBXFileReference; lastKnownFileType = text.plist.xml; path = "PLTDeviceTest-Info.plist"; sourceTree = "<group>"; };
		429E5FB718BEC005003563D6 /* en */ = {isa = PBXFileReference; lastKnownFileType = text.plist.strings; name = en; path = en.lproj/InfoPlist.strings; sourceTree = "<group>"; };
		429E5FB918BEC005003563D6 /* main.m */ = {isa = PBXFileReference; lastKnownFileType = sourcecode.c.objc; path = main.m; sourceTree = "<group>"; };
		429E5FBB18BEC005003563D6 /* PLTDeviceTest-Prefix.pch */ = {isa = PBXFileReference; lastKnownFileType = sourcecode.c.h; path = "PLTDeviceTest-Prefix.pch"; sourceTree = "<group>"; };
		429E5FBD18BEC005003563D6 /* en */ = {isa = PBXFileReference; lastKnownFileType = text.rtf; name = en; path = en.lproj/Credits.rtf; sourceTree = "<group>"; };
		429E5FBF18BEC005003563D6 /* AppDelegate.h */ = {isa = PBXFileReference; lastKnownFileType = sourcecode.c.h; path = AppDelegate.h; sourceTree = "<group>"; };
		429E5FC018BEC005003563D6 /* AppDelegate.m */ = {isa = PBXFileReference; lastKnownFileType = sourcecode.c.objc; path = AppDelegate.m; sourceTree = "<group>"; };
		429E5FC318BEC005003563D6 /* Base */ = {isa = PBXFileReference; lastKnownFileType = file.xib; name = Base; path = Base.lproj/MainMenu.xib; sourceTree = "<group>"; };
		429E5FC518BEC005003563D6 /* Images.xcassets */ = {isa = PBXFileReference; lastKnownFileType = folder.assetcatalog; path = Images.xcassets; sourceTree = "<group>"; };
		429E5FE218BEC0AD003563D6 /* MainWindowController.h */ = {isa = PBXFileReference; fileEncoding = 4; lastKnownFileType = sourcecode.c.h; path = MainWindowController.h; sourceTree = "<group>"; };
		429E5FE318BEC0AD003563D6 /* MainWindowController.m */ = {isa = PBXFileReference; fileEncoding = 4; lastKnownFileType = sourcecode.c.objc; path = MainWindowController.m; sourceTree = "<group>"; };
		429E5FE418BEC0AD003563D6 /* MainWindow.xib */ = {isa = PBXFileReference; fileEncoding = 4; lastKnownFileType = file.xib; path = MainWindow.xib; sourceTree = "<group>"; };
		429E5FE718BEC1F3003563D6 /* IOBluetooth.framework */ = {isa = PBXFileReference; lastKnownFileType = wrapper.framework; name = IOBluetooth.framework; path = System/Library/Frameworks/IOBluetooth.framework; sourceTree = SDKROOT; };
		429E5FEE18BEC510003563D6 /* BRDeviceTest.app */ = {isa = PBXFileReference; explicitFileType = wrapper.application; includeInIndex = 0; path = BRDeviceTest.app; sourceTree = BUILT_PRODUCTS_DIR; };
		429E5FF218BEC510003563D6 /* BRDeviceTest-Info.plist */ = {isa = PBXFileReference; lastKnownFileType = text.plist.xml; path = "BRDeviceTest-Info.plist"; sourceTree = "<group>"; };
		429E5FF418BEC510003563D6 /* en */ = {isa = PBXFileReference; lastKnownFileType = text.plist.strings; name = en; path = en.lproj/InfoPlist.strings; sourceTree = "<group>"; };
		429E5FF618BEC510003563D6 /* main.m */ = {isa = PBXFileReference; lastKnownFileType = sourcecode.c.objc; path = main.m; sourceTree = "<group>"; };
		429E5FF818BEC510003563D6 /* BRDeviceTest-Prefix.pch */ = {isa = PBXFileReference; lastKnownFileType = sourcecode.c.h; path = "BRDeviceTest-Prefix.pch"; sourceTree = "<group>"; };
		429E5FFA18BEC510003563D6 /* en */ = {isa = PBXFileReference; lastKnownFileType = text.rtf; name = en; path = en.lproj/Credits.rtf; sourceTree = "<group>"; };
		429E5FFC18BEC510003563D6 /* AppDelegate.h */ = {isa = PBXFileReference; lastKnownFileType = sourcecode.c.h; path = AppDelegate.h; sourceTree = "<group>"; };
		429E5FFD18BEC510003563D6 /* AppDelegate.m */ = {isa = PBXFileReference; lastKnownFileType = sourcecode.c.objc; path = AppDelegate.m; sourceTree = "<group>"; };
		429E600018BEC510003563D6 /* Base */ = {isa = PBXFileReference; lastKnownFileType = file.xib; name = Base; path = Base.lproj/MainMenu.xib; sourceTree = "<group>"; };
		429E600218BEC510003563D6 /* Images.xcassets */ = {isa = PBXFileReference; lastKnownFileType = folder.assetcatalog; path = Images.xcassets; sourceTree = "<group>"; };
		429E602D18BEC5A4003563D6 /* MainWindow.xib */ = {isa = PBXFileReference; fileEncoding = 4; lastKnownFileType = file.xib; path = MainWindow.xib; sourceTree = "<group>"; };
		429E602E18BEC5A4003563D6 /* MainWindowController.h */ = {isa = PBXFileReference; fileEncoding = 4; lastKnownFileType = sourcecode.c.h; path = MainWindowController.h; sourceTree = "<group>"; };
		429E602F18BEC5A4003563D6 /* MainWindowController.m */ = {isa = PBXFileReference; fileEncoding = 4; lastKnownFileType = sourcecode.c.objc; path = MainWindowController.m; sourceTree = "<group>"; };
		429E604618BEE06F003563D6 /* PLTCalibration.h */ = {isa = PBXFileReference; fileEncoding = 4; lastKnownFileType = sourcecode.c.h; path = PLTCalibration.h; sourceTree = "<group>"; };
		429E604718BEE06F003563D6 /* PLTCalibration.m */ = {isa = PBXFileReference; fileEncoding = 4; lastKnownFileType = sourcecode.c.objc; path = PLTCalibration.m; sourceTree = "<group>"; };
		429E604818BEE06F003563D6 /* PLTConfiguration.h */ = {isa = PBXFileReference; fileEncoding = 4; lastKnownFileType = sourcecode.c.h; path = PLTConfiguration.h; sourceTree = "<group>"; };
		429E604918BEE06F003563D6 /* PLTConfiguration.m */ = {isa = PBXFileReference; fileEncoding = 4; lastKnownFileType = sourcecode.c.objc; path = PLTConfiguration.m; sourceTree = "<group>"; };
		429E604C18BEE06F003563D6 /* PLTDevice_Internal.h */ = {isa = PBXFileReference; fileEncoding = 4; lastKnownFileType = sourcecode.c.h; path = PLTDevice_Internal.h; sourceTree = "<group>"; };
		429E604D18BEE06F003563D6 /* PLTDevice.h */ = {isa = PBXFileReference; fileEncoding = 4; lastKnownFileType = sourcecode.c.h; path = PLTDevice.h; sourceTree = "<group>"; };
		429E604F18BEE06F003563D6 /* PLTDeviceWatcher.h */ = {isa = PBXFileReference; fileEncoding = 4; lastKnownFileType = sourcecode.c.h; path = PLTDeviceWatcher.h; sourceTree = "<group>"; };
		429E605018BEE06F003563D6 /* PLTDeviceWatcher.m */ = {isa = PBXFileReference; fileEncoding = 4; lastKnownFileType = sourcecode.c.objc; path = PLTDeviceWatcher.m; sourceTree = "<group>"; };
		429E605118BEE06F003563D6 /* PLTFreeFallInfo_Internal.h */ = {isa = PBXFileReference; fileEncoding = 4; lastKnownFileType = sourcecode.c.h; path = PLTFreeFallInfo_Internal.h; sourceTree = "<group>"; };
		429E605218BEE06F003563D6 /* PLTFreeFallInfo.h */ = {isa = PBXFileReference; fileEncoding = 4; lastKnownFileType = sourcecode.c.h; path = PLTFreeFallInfo.h; sourceTree = "<group>"; };
		429E605318BEE06F003563D6 /* PLTFreeFallInfo.m */ = {isa = PBXFileReference; fileEncoding = 4; lastKnownFileType = sourcecode.c.objc; path = PLTFreeFallInfo.m; sourceTree = "<group>"; };
		429E605418BEE06F003563D6 /* PLTGyroscopeCalibrationInfo_Internal.h */ = {isa = PBXFileReference; fileEncoding = 4; lastKnownFileType = sourcecode.c.h; path = PLTGyroscopeCalibrationInfo_Internal.h; sourceTree = "<group>"; };
		429E605518BEE06F003563D6 /* PLTGyroscopeCalibrationInfo.h */ = {isa = PBXFileReference; fileEncoding = 4; lastKnownFileType = sourcecode.c.h; path = PLTGyroscopeCalibrationInfo.h; sourceTree = "<group>"; };
		429E605618BEE06F003563D6 /* PLTGyroscopeCalibrationInfo.m */ = {isa = PBXFileReference; fileEncoding = 4; lastKnownFileType = sourcecode.c.objc; path = PLTGyroscopeCalibrationInfo.m; sourceTree = "<group>"; };
		429E605718BEE06F003563D6 /* PLTInfo_Internal.h */ = {isa = PBXFileReference; fileEncoding = 4; lastKnownFileType = sourcecode.c.h; path = PLTInfo_Internal.h; sourceTree = "<group>"; };
		429E605818BEE06F003563D6 /* PLTInfo.h */ = {isa = PBXFileReference; fileEncoding = 4; lastKnownFileType = sourcecode.c.h; path = PLTInfo.h; sourceTree = "<group>"; };
		429E605918BEE06F003563D6 /* PLTInfo.m */ = {isa = PBXFileReference; fileEncoding = 4; lastKnownFileType = sourcecode.c.objc; path = PLTInfo.m; sourceTree = "<group>"; };
		429E605A18BEE06F003563D6 /* PLTMagnetometerCalibrationInfo_Internal.h */ = {isa = PBXFileReference; fileEncoding = 4; lastKnownFileType = sourcecode.c.h; path = PLTMagnetometerCalibrationInfo_Internal.h; sourceTree = "<group>"; };
		429E605B18BEE06F003563D6 /* PLTMagnetometerCalibrationInfo.h */ = {isa = PBXFileReference; fileEncoding = 4; lastKnownFileType = sourcecode.c.h; path = PLTMagnetometerCalibrationInfo.h; sourceTree = "<group>"; };
		429E605C18BEE06F003563D6 /* PLTMagnetometerCalibrationInfo.m */ = {isa = PBXFileReference; fileEncoding = 4; lastKnownFileType = sourcecode.c.objc; path = PLTMagnetometerCalibrationInfo.m; sourceTree = "<group>"; };
		429E605D18BEE06F003563D6 /* PLTOrientationTrackingCalibration.h */ = {isa = PBXFileReference; fileEncoding = 4; lastKnownFileType = sourcecode.c.h; path = PLTOrientationTrackingCalibration.h; sourceTree = "<group>"; };
		429E605E18BEE06F003563D6 /* PLTOrientationTrackingCalibration.m */ = {isa = PBXFileReference; fileEncoding = 4; lastKnownFileType = sourcecode.c.objc; path = PLTOrientationTrackingCalibration.m; sourceTree = "<group>"; };
		429E605F18BEE06F003563D6 /* PLTOrientationTrackingInfo_Internal.h */ = {isa = PBXFileReference; fileEncoding = 4; lastKnownFileType = sourcecode.c.h; path = PLTOrientationTrackingInfo_Internal.h; sourceTree = "<group>"; };
		429E606018BEE06F003563D6 /* PLTOrientationTrackingInfo.h */ = {isa = PBXFileReference; fileEncoding = 4; lastKnownFileType = sourcecode.c.h; path = PLTOrientationTrackingInfo.h; sourceTree = "<group>"; };
		429E606118BEE06F003563D6 /* PLTOrientationTrackingInfo.m */ = {isa = PBXFileReference; fileEncoding = 4; lastKnownFileType = sourcecode.c.objc; path = PLTOrientationTrackingInfo.m; sourceTree = "<group>"; };
		429E606218BEE06F003563D6 /* PLTPedometerInfo_Internal.h */ = {isa = PBXFileReference; fileEncoding = 4; lastKnownFileType = sourcecode.c.h; path = PLTPedometerInfo_Internal.h; sourceTree = "<group>"; };
		429E606318BEE06F003563D6 /* PLTPedometerInfo.h */ = {isa = PBXFileReference; fileEncoding = 4; lastKnownFileType = sourcecode.c.h; path = PLTPedometerInfo.h; sourceTree = "<group>"; };
		429E606418BEE06F003563D6 /* PLTPedometerInfo.m */ = {isa = PBXFileReference; fileEncoding = 4; lastKnownFileType = sourcecode.c.objc; path = PLTPedometerInfo.m; sourceTree = "<group>"; };
		429E606518BEE06F003563D6 /* PLTProximityInfo_Internal.h */ = {isa = PBXFileReference; fileEncoding = 4; lastKnownFileType = sourcecode.c.h; path = PLTProximityInfo_Internal.h; sourceTree = "<group>"; };
		429E606618BEE06F003563D6 /* PLTProximityInfo.h */ = {isa = PBXFileReference; fileEncoding = 4; lastKnownFileType = sourcecode.c.h; path = PLTProximityInfo.h; sourceTree = "<group>"; };
		429E606718BEE06F003563D6 /* PLTProximityInfo.m */ = {isa = PBXFileReference; fileEncoding = 4; lastKnownFileType = sourcecode.c.objc; path = PLTProximityInfo.m; sourceTree = "<group>"; };
		429E606818BEE06F003563D6 /* PLTTapsInfo_Internal.h */ = {isa = PBXFileReference; fileEncoding = 4; lastKnownFileType = sourcecode.c.h; path = PLTTapsInfo_Internal.h; sourceTree = "<group>"; };
		429E606918BEE06F003563D6 /* PLTTapsInfo.h */ = {isa = PBXFileReference; fileEncoding = 4; lastKnownFileType = sourcecode.c.h; path = PLTTapsInfo.h; sourceTree = "<group>"; };
		429E606A18BEE06F003563D6 /* PLTTapsInfo.m */ = {isa = PBXFileReference; fileEncoding = 4; lastKnownFileType = sourcecode.c.objc; path = PLTTapsInfo.m; sourceTree = "<group>"; };
		429E606B18BEE06F003563D6 /* PLTWearingStateInfo_Internal.h */ = {isa = PBXFileReference; fileEncoding = 4; lastKnownFileType = sourcecode.c.h; path = PLTWearingStateInfo_Internal.h; sourceTree = "<group>"; };
		429E606C18BEE06F003563D6 /* PLTWearingStateInfo.h */ = {isa = PBXFileReference; fileEncoding = 4; lastKnownFileType = sourcecode.c.h; path = PLTWearingStateInfo.h; sourceTree = "<group>"; };
		429E606D18BEE06F003563D6 /* PLTWearingStateInfo.m */ = {isa = PBXFileReference; fileEncoding = 4; lastKnownFileType = sourcecode.c.objc; path = PLTWearingStateInfo.m; sourceTree = "<group>"; };
		429E609818BEE0F7003563D6 /* PLTDevice.h */ = {isa = PBXFileReference; fileEncoding = 4; lastKnownFileType = sourcecode.c.h; path = PLTDevice.h; sourceTree = "<group>"; };
		429E609918BEE0F7003563D6 /* PLTDevice.m */ = {isa = PBXFileReference; fileEncoding = 4; lastKnownFileType = sourcecode.c.objc; path = PLTDevice.m; sourceTree = "<group>"; };
		429E609D18BEE1A5003563D6 /* BRDevice.h */ = {isa = PBXFileReference; fileEncoding = 4; lastKnownFileType = sourcecode.c.h; path = BRDevice.h; sourceTree = "<group>"; };
		429E609E18BEE1A5003563D6 /* BRDevice.m */ = {isa = PBXFileReference; fileEncoding = 4; lastKnownFileType = sourcecode.c.objc; path = BRDevice.m; sourceTree = "<group>"; };
		429E609F18BEE1A5003563D6 /* BREvent.h */ = {isa = PBXFileReference; fileEncoding = 4; lastKnownFileType = sourcecode.c.h; path = BREvent.h; sourceTree = "<group>"; };
		429E60A018BEE1A5003563D6 /* BREvent.m */ = {isa = PBXFileReference; fileEncoding = 4; lastKnownFileType = sourcecode.c.objc; path = BREvent.m; sourceTree = "<group>"; };
		429E60A118BEE1A5003563D6 /* BRFreeFallEvent.h */ = {isa = PBXFileReference; fileEncoding = 4; lastKnownFileType = sourcecode.c.h; path = BRFreeFallEvent.h; sourceTree = "<group>"; };
		429E60A218BEE1A5003563D6 /* BRFreeFallEvent.m */ = {isa = PBXFileReference; fileEncoding = 4; lastKnownFileType = sourcecode.c.objc; path = BRFreeFallEvent.m; sourceTree = "<group>"; };
		429E60A318BEE1A5003563D6 /* BRGyroscopeCalStatusEvent.h */ = {isa = PBXFileReference; fileEncoding = 4; lastKnownFileType = sourcecode.c.h; path = BRGyroscopeCalStatusEvent.h; sourceTree = "<group>"; };
		429E60A418BEE1A5003563D6 /* BRGyroscopeCalStatusEvent.m */ = {isa = PBXFileReference; fileEncoding = 4; lastKnownFileType = sourcecode.c.objc; path = BRGyroscopeCalStatusEvent.m; sourceTree = "<group>"; };
		429E60A518BEE1A5003563D6 /* BRMagnetometerCalStatusEvent.h */ = {isa = PBXFileReference; fileEncoding = 4; lastKnownFileType = sourcecode.c.h; path = BRMagnetometerCalStatusEvent.h; sourceTree = "<group>"; };
		429E60A618BEE1A5003563D6 /* BRMagnetometerCalStatusEvent.m */ = {isa = PBXFileReference; fileEncoding = 4; lastKnownFileType = sourcecode.c.objc; path = BRMagnetometerCalStatusEvent.m; sourceTree = "<group>"; };
		429E60A718BEE1A5003563D6 /* BRMessage.h */ = {isa = PBXFileReference; fileEncoding = 4; lastKnownFileType = sourcecode.c.h; path = BRMessage.h; sourceTree = "<group>"; };
		429E60A818BEE1A5003563D6 /* BRMessage.m */ = {isa = PBXFileReference; fileEncoding = 4; lastKnownFileType = sourcecode.c.objc; path = BRMessage.m; sourceTree = "<group>"; };
		429E60A918BEE1A5003563D6 /* BROrientationTrackingEvent.h */ = {isa = PBXFileReference; fileEncoding = 4; lastKnownFileType = sourcecode.c.h; path = BROrientationTrackingEvent.h; sourceTree = "<group>"; };
		429E60AA18BEE1A5003563D6 /* BROrientationTrackingEvent.m */ = {isa = PBXFileReference; fileEncoding = 4; lastKnownFileType = sourcecode.c.objc; path = BROrientationTrackingEvent.m; sourceTree = "<group>"; };
		429E60AB18BEE1A5003563D6 /* BROrientationTrackingSettingResponse.h */ = {isa = PBXFileReference; fileEncoding = 4; lastKnownFileType = sourcecode.c.h; path = BROrientationTrackingSettingResponse.h; sourceTree = "<group>"; };
		429E60AC18BEE1A5003563D6 /* BROrientationTrackingSettingResponse.m */ = {isa = PBXFileReference; fileEncoding = 4; lastKnownFileType = sourcecode.c.objc; path = BROrientationTrackingSettingResponse.m; sourceTree = "<group>"; };
		429E60AD18BEE1A5003563D6 /* BRPedometerEvent.h */ = {isa = PBXFileReference; fileEncoding = 4; lastKnownFileType = sourcecode.c.h; path = BRPedometerEvent.h; sourceTree = "<group>"; };
		429E60AE18BEE1A5003563D6 /* BRPedometerEvent.m */ = {isa = PBXFileReference; fileEncoding = 4; lastKnownFileType = sourcecode.c.objc; path = BRPedometerEvent.m; sourceTree = "<group>"; };
		429E60AF18BEE1A5003563D6 /* BRSignalStrengthEvent.h */ = {isa = PBXFileReference; fileEncoding = 4; lastKnownFileType = sourcecode.c.h; path = BRSignalStrengthEvent.h; sourceTree = "<group>"; };
		429E60B018BEE1A5003563D6 /* BRSignalStrengthEvent.m */ = {isa = PBXFileReference; fileEncoding = 4; lastKnownFileType = sourcecode.c.objc; path = BRSignalStrengthEvent.m; sourceTree = "<group>"; };
		429E60B118BEE1A5003563D6 /* BRServiceDataSettingRequest.h */ = {isa = PBXFileReference; fileEncoding = 4; lastKnownFileType = sourcecode.c.h; path = BRServiceDataSettingRequest.h; sourceTree = "<group>"; };
		429E60B218BEE1A5003563D6 /* BRServiceDataSettingRequest.m */ = {isa = PBXFileReference; fileEncoding = 4; lastKnownFileType = sourcecode.c.objc; path = BRServiceDataSettingRequest.m; sourceTree = "<group>"; };
		429E60B318BEE1A5003563D6 /* BRSignalStrengthSettingRequest.h */ = {isa = PBXFileReference; fileEncoding = 4; lastKnownFileType = sourcecode.c.h; path = BRSignalStrengthSettingRequest.h; sourceTree = "<group>"; };
		429E60B418BEE1A5003563D6 /* BRSignalStrengthSettingRequest.m */ = {isa = PBXFileReference; fileEncoding = 4; lastKnownFileType = sourcecode.c.objc; path = BRSignalStrengthSettingRequest.m; sourceTree = "<group>"; };
		429E60B518BEE1A5003563D6 /* BRWearingStateSettingRequest.h */ = {isa = PBXFileReference; fileEncoding = 4; lastKnownFileType = sourcecode.c.h; path = BRWearingStateSettingRequest.h; sourceTree = "<group>"; };
		429E60B618BEE1A5003563D6 /* BRWearingStateSettingRequest.m */ = {isa = PBXFileReference; fileEncoding = 4; lastKnownFileType = sourcecode.c.objc; path = BRWearingStateSettingRequest.m; sourceTree = "<group>"; };
		429E60B718BEE1A5003563D6 /* BRWearingStateSettingResponse.h */ = {isa = PBXFileReference; fileEncoding = 4; lastKnownFileType = sourcecode.c.h; path = BRWearingStateSettingResponse.h; sourceTree = "<group>"; };
		429E60B818BEE1A5003563D6 /* BRWearingStateSettingResponse.m */ = {isa = PBXFileReference; fileEncoding = 4; lastKnownFileType = sourcecode.c.objc; path = BRWearingStateSettingResponse.m; sourceTree = "<group>"; };
		429E60B918BEE1A5003563D6 /* BRSettingRequest.h */ = {isa = PBXFileReference; fileEncoding = 4; lastKnownFileType = sourcecode.c.h; path = BRSettingRequest.h; sourceTree = "<group>"; };
		429E60BA18BEE1A5003563D6 /* BRSettingRequest.m */ = {isa = PBXFileReference; fileEncoding = 4; lastKnownFileType = sourcecode.c.objc; path = BRSettingRequest.m; sourceTree = "<group>"; };
		429E60BB18BEE1A5003563D6 /* BRSettingResponse.h */ = {isa = PBXFileReference; fileEncoding = 4; lastKnownFileType = sourcecode.c.h; path = BRSettingResponse.h; sourceTree = "<group>"; };
		429E60BC18BEE1A5003563D6 /* BRSettingResponse.m */ = {isa = PBXFileReference; fileEncoding = 4; lastKnownFileType = sourcecode.c.objc; path = BRSettingResponse.m; sourceTree = "<group>"; };
		429E60BD18BEE1A5003563D6 /* BRSubscribeToServiceCommand.h */ = {isa = PBXFileReference; fileEncoding = 4; lastKnownFileType = sourcecode.c.h; path = BRSubscribeToServiceCommand.h; sourceTree = "<group>"; };
		429E60BE18BEE1A5003563D6 /* BRSubscribeToServiceCommand.m */ = {isa = PBXFileReference; fileEncoding = 4; lastKnownFileType = sourcecode.c.objc; path = BRSubscribeToServiceCommand.m; sourceTree = "<group>"; };
		429E60BF18BEE1A5003563D6 /* BRSubscribeToSignalStrengthCommand.h */ = {isa = PBXFileReference; fileEncoding = 4; lastKnownFileType = sourcecode.c.h; path = BRSubscribeToSignalStrengthCommand.h; sourceTree = "<group>"; };
		429E60C018BEE1A5003563D6 /* BRSubscribeToSignalStrengthCommand.m */ = {isa = PBXFileReference; fileEncoding = 4; lastKnownFileType = sourcecode.c.objc; path = BRSubscribeToSignalStrengthCommand.m; sourceTree = "<group>"; };
		429E60C118BEE1A5003563D6 /* BRTapsEvent.h */ = {isa = PBXFileReference; fileEncoding = 4; lastKnownFileType = sourcecode.c.h; path = BRTapsEvent.h; sourceTree = "<group>"; };
		429E60C218BEE1A5003563D6 /* BRTapsEvent.m */ = {isa = PBXFileReference; fileEncoding = 4; lastKnownFileType = sourcecode.c.objc; path = BRTapsEvent.m; sourceTree = "<group>"; };
		429E60C318BEE1A5003563D6 /* BRWearingStateEvent.h */ = {isa = PBXFileReference; fileEncoding = 4; lastKnownFileType = sourcecode.c.h; path = BRWearingStateEvent.h; sourceTree = "<group>"; };
		429E60C418BEE1A5003563D6 /* BRWearingStateEvent.m */ = {isa = PBXFileReference; fileEncoding = 4; lastKnownFileType = sourcecode.c.objc; path = BRWearingStateEvent.m; sourceTree = "<group>"; };
		42F1C96B18C5AAB500A75592 /* BRSignalStrengthSettingResponse.h */ = {isa = PBXFileReference; fileEncoding = 4; lastKnownFileType = sourcecode.c.h; path = BRSignalStrengthSettingResponse.h; sourceTree = "<group>"; };
		42F1C96C18C5AAB500A75592 /* BRSignalStrengthSettingResponse.m */ = {isa = PBXFileReference; fileEncoding = 4; lastKnownFileType = sourcecode.c.objc; path = BRSignalStrengthSettingResponse.m; sourceTree = "<group>"; };
		42F1C96F18C5B57700A75592 /* BRDeviceInfoSettingRequest.h */ = {isa = PBXFileReference; fileEncoding = 4; lastKnownFileType = sourcecode.c.h; path = BRDeviceInfoSettingRequest.h; sourceTree = "<group>"; };
		42F1C97018C5B57700A75592 /* BRDeviceInfoSettingRequest.m */ = {isa = PBXFileReference; fileEncoding = 4; lastKnownFileType = sourcecode.c.objc; path = BRDeviceInfoSettingRequest.m; sourceTree = "<group>"; };
		42F1C97318C5B72100A75592 /* BRDeviceInfoSettingResponse.h */ = {isa = PBXFileReference; fileEncoding = 4; lastKnownFileType = sourcecode.c.h; path = BRDeviceInfoSettingResponse.h; sourceTree = "<group>"; };
		42F1C97418C5B72100A75592 /* BRDeviceInfoSettingResponse.m */ = {isa = PBXFileReference; fileEncoding = 4; lastKnownFileType = sourcecode.c.objc; path = BRDeviceInfoSettingResponse.m; sourceTree = "<group>"; };
		42F1C97718C5BC5C00A75592 /* BRTapsSettingResponse.h */ = {isa = PBXFileReference; fileEncoding = 4; lastKnownFileType = sourcecode.c.h; path = BRTapsSettingResponse.h; sourceTree = "<group>"; };
		42F1C97818C5BC5C00A75592 /* BRTapsSettingResponse.m */ = {isa = PBXFileReference; fileEncoding = 4; lastKnownFileType = sourcecode.c.objc; path = BRTapsSettingResponse.m; sourceTree = "<group>"; };
		42F1C97B18C5BC6800A75592 /* BRFreeFallSettingResponse.h */ = {isa = PBXFileReference; fileEncoding = 4; lastKnownFileType = sourcecode.c.h; path = BRFreeFallSettingResponse.h; sourceTree = "<group>"; };
		42F1C97C18C5BC6800A75592 /* BRFreeFallSettingResponse.m */ = {isa = PBXFileReference; fileEncoding = 4; lastKnownFileType = sourcecode.c.objc; path = BRFreeFallSettingResponse.m; sourceTree = "<group>"; };
		42F1C97F18C5BC6F00A75592 /* BRPedometerSettingResponse.h */ = {isa = PBXFileReference; fileEncoding = 4; lastKnownFileType = sourcecode.c.h; path = BRPedometerSettingResponse.h; sourceTree = "<group>"; };
		42F1C98018C5BC6F00A75592 /* BRPedometerSettingResponse.m */ = {isa = PBXFileReference; fileEncoding = 4; lastKnownFileType = sourcecode.c.objc; path = BRPedometerSettingResponse.m; sourceTree = "<group>"; };
		42F1C98318C5BC7F00A75592 /* BRGyroscopeCalStatusSettingResponse.h */ = {isa = PBXFileReference; fileEncoding = 4; lastKnownFileType = sourcecode.c.h; path = BRGyroscopeCalStatusSettingResponse.h; sourceTree = "<group>"; };
		42F1C98418C5BC7F00A75592 /* BRGyroscopeCalStatusSettingResponse.m */ = {isa = PBXFileReference; fileEncoding = 4; lastKnownFileType = sourcecode.c.objc; path = BRGyroscopeCalStatusSettingResponse.m; sourceTree = "<group>"; };
		42F1C98718C5BC9000A75592 /* BRMagnetometerCalStatusSettingResponse.h */ = {isa = PBXFileReference; fileEncoding = 4; lastKnownFileType = sourcecode.c.h; path = BRMagnetometerCalStatusSettingResponse.h; sourceTree = "<group>"; };
		42F1C98818C5BC9000A75592 /* BRMagnetometerCalStatusSettingResponse.m */ = {isa = PBXFileReference; fileEncoding = 4; lastKnownFileType = sourcecode.c.objc; path = BRMagnetometerCalStatusSettingResponse.m; sourceTree = "<group>"; };
		42F2316318CBF96800E08B93 /* BRDeviceNotReadyException.h */ = {isa = PBXFileReference; fileEncoding = 4; lastKnownFileType = sourcecode.c.h; path = BRDeviceNotReadyException.h; sourceTree = "<group>"; };
		42F2316418CBF96800E08B93 /* BRDeviceNotReadyException.m */ = {isa = PBXFileReference; fileEncoding = 4; lastKnownFileType = sourcecode.c.objc; path = BRDeviceNotReadyException.m; sourceTree = "<group>"; };
		42F2316718CBF97C00E08B93 /* BRException.h */ = {isa = PBXFileReference; fileEncoding = 4; lastKnownFileType = sourcecode.c.h; path = BRException.h; sourceTree = "<group>"; };
		42F2316818CBF97C00E08B93 /* BRException.m */ = {isa = PBXFileReference; fileEncoding = 4; lastKnownFileType = sourcecode.c.objc; path = BRException.m; sourceTree = "<group>"; };
		42F2316B18CBFE2D00E08B93 /* BRIllegalValueException.h */ = {isa = PBXFileReference; fileEncoding = 4; lastKnownFileType = sourcecode.c.h; path = BRIllegalValueException.h; sourceTree = "<group>"; };
		42F2316C18CBFE2D00E08B93 /* BRIllegalValueException.m */ = {isa = PBXFileReference; fileEncoding = 4; lastKnownFileType = sourcecode.c.objc; path = BRIllegalValueException.m; sourceTree = "<group>"; };
		42F2316F18CBFF0300E08B93 /* BRServiceSubscriptionChangedEvent.h */ = {isa = PBXFileReference; fileEncoding = 4; lastKnownFileType = sourcecode.c.h; path = BRServiceSubscriptionChangedEvent.h; sourceTree = "<group>"; };
		42F2317018CBFF0300E08B93 /* BRServiceSubscriptionChangedEvent.m */ = {isa = PBXFileReference; fileEncoding = 4; lastKnownFileType = sourcecode.c.objc; path = BRServiceSubscriptionChangedEvent.m; sourceTree = "<group>"; };
		42F2317318CC011100E08B93 /* BRDeviceConnectedEvent.h */ = {isa = PBXFileReference; fileEncoding = 4; lastKnownFileType = sourcecode.c.h; path = BRDeviceConnectedEvent.h; sourceTree = "<group>"; };
		42F2317418CC011100E08B93 /* BRDeviceConnectedEvent.m */ = {isa = PBXFileReference; fileEncoding = 4; lastKnownFileType = sourcecode.c.objc; path = BRDeviceConnectedEvent.m; sourceTree = "<group>"; };
		42F2317718CC029300E08B93 /* BRMetadata.h */ = {isa = PBXFileReference; fileEncoding = 4; lastKnownFileType = sourcecode.c.h; path = BRMetadata.h; sourceTree = "<group>"; };
		42F2317818CC029300E08B93 /* BRMetadata.m */ = {isa = PBXFileReference; fileEncoding = 4; lastKnownFileType = sourcecode.c.objc; path = BRMetadata.m; sourceTree = "<group>"; };
		42F2317B18CC030200E08B93 /* BRDeviceDisconnectedEvent.h */ = {isa = PBXFileReference; fileEncoding = 4; lastKnownFileType = sourcecode.c.h; path = BRDeviceDisconnectedEvent.h; sourceTree = "<group>"; };
		42F2317C18CC030200E08B93 /* BRDeviceDisconnectedEvent.m */ = {isa = PBXFileReference; fileEncoding = 4; lastKnownFileType = sourcecode.c.objc; path = BRDeviceDisconnectedEvent.m; sourceTree = "<group>"; };
/* End PBXFileReference section */

/* Begin PBXFrameworksBuildPhase section */
		429E5F2E18BEBE7C003563D6 /* Frameworks */ = {
			isa = PBXFrameworksBuildPhase;
			buildActionMask = 2147483647;
			files = (
				429E5FE818BEC1F3003563D6 /* IOBluetooth.framework in Frameworks */,
				429E5F3618BEBE7C003563D6 /* Cocoa.framework in Frameworks */,
			);
			runOnlyForDeploymentPostprocessing = 0;
		};
		429E5FAE18BEC004003563D6 /* Frameworks */ = {
			isa = PBXFrameworksBuildPhase;
			buildActionMask = 2147483647;
			files = (
				429E5FE918BEC1F8003563D6 /* IOBluetooth.framework in Frameworks */,
				429E5FB218BEC004003563D6 /* Cocoa.framework in Frameworks */,
				429E5FDE18BEC021003563D6 /* PLTDevice.framework in Frameworks */,
			);
			runOnlyForDeploymentPostprocessing = 0;
		};
		429E5FEB18BEC510003563D6 /* Frameworks */ = {
			isa = PBXFrameworksBuildPhase;
			buildActionMask = 2147483647;
			files = (
				429E5FEF18BEC510003563D6 /* Cocoa.framework in Frameworks */,
				429E603618BEC628003563D6 /* PLTDevice.framework in Frameworks */,
			);
			runOnlyForDeploymentPostprocessing = 0;
		};
/* End PBXFrameworksBuildPhase section */

/* Begin PBXGroup section */
		429E5F2818BEBE7C003563D6 = {
			isa = PBXGroup;
			children = (
				429E5F3B18BEBE7C003563D6 /* PLTDevice */,
				429E5FF018BEC510003563D6 /* BRDeviceTest */,
				429E5FB318BEC005003563D6 /* PLTDeviceTest */,
				429E5F3418BEBE7C003563D6 /* Frameworks */,
				429E5F3318BEBE7C003563D6 /* Products */,
			);
			sourceTree = "<group>";
		};
		429E5F3318BEBE7C003563D6 /* Products */ = {
			isa = PBXGroup;
			children = (
				429E5F3218BEBE7C003563D6 /* PLTDevice.framework */,
				429E5FB118BEC004003563D6 /* PLTDeviceTest.app */,
				429E5FEE18BEC510003563D6 /* BRDeviceTest.app */,
			);
			name = Products;
			sourceTree = "<group>";
		};
		429E5F3418BEBE7C003563D6 /* Frameworks */ = {
			isa = PBXGroup;
			children = (
				429E5FE718BEC1F3003563D6 /* IOBluetooth.framework */,
				429E5F3518BEBE7C003563D6 /* Cocoa.framework */,
				429E5F4A18BEBE7C003563D6 /* XCTest.framework */,
				429E5F3718BEBE7C003563D6 /* Other Frameworks */,
			);
			name = Frameworks;
			sourceTree = "<group>";
		};
		429E5F3718BEBE7C003563D6 /* Other Frameworks */ = {
			isa = PBXGroup;
			children = (
				429E5F3818BEBE7C003563D6 /* Foundation.framework */,
				429E5F3918BEBE7C003563D6 /* CoreData.framework */,
				429E5F3A18BEBE7C003563D6 /* AppKit.framework */,
			);
			name = "Other Frameworks";
			sourceTree = "<group>";
		};
		429E5F3B18BEBE7C003563D6 /* PLTDevice */ = {
			isa = PBXGroup;
			children = (
				429E604C18BEE06F003563D6 /* PLTDevice_Internal.h */,
				429E609818BEE0F7003563D6 /* PLTDevice.h */,
				429E609918BEE0F7003563D6 /* PLTDevice.m */,
				429E604F18BEE06F003563D6 /* PLTDeviceWatcher.h */,
				429E605018BEE06F003563D6 /* PLTDeviceWatcher.m */,
				429E609618BEE0B4003563D6 /* Configuration */,
				429E609718BEE0C7003563D6 /* Calibration */,
				429E609C18BEE0FF003563D6 /* Info */,
				429E60ED18BEE1AB003563D6 /* BRDevice */,
				429E5FAC18BEBFC7003563D6 /* Categories */,
				429E5F3C18BEBE7C003563D6 /* Supporting Files */,
			);
			path = PLTDevice;
			sourceTree = "<group>";
		};
		429E5F3C18BEBE7C003563D6 /* Supporting Files */ = {
			isa = PBXGroup;
			children = (
				429E5F3D18BEBE7C003563D6 /* PLTDevice-Info.plist */,
				429E5F3E18BEBE7C003563D6 /* InfoPlist.strings */,
				429E5F4118BEBE7C003563D6 /* PLTDevice-Prefix.pch */,
			);
			name = "Supporting Files";
			sourceTree = "<group>";
		};
		429E5FAC18BEBFC7003563D6 /* Categories */ = {
			isa = PBXGroup;
			children = (
				429E5F8018BEBEB9003563D6 /* NSData+HexStrings.h */,
				429E5F8118BEBEB9003563D6 /* NSData+HexStrings.m */,
				422A5B4718CED8B1007E7564 /* NSArray+PrettyPrint.h */,
				422A5B4818CED8B1007E7564 /* NSArray+PrettyPrint.m */,
			);
			name = Categories;
			sourceTree = "<group>";
		};
		429E5FB318BEC005003563D6 /* PLTDeviceTest */ = {
			isa = PBXGroup;
			children = (
				429E5FBF18BEC005003563D6 /* AppDelegate.h */,
				429E5FC018BEC005003563D6 /* AppDelegate.m */,
				429E5FC218BEC005003563D6 /* MainMenu.xib */,
				429E5FE218BEC0AD003563D6 /* MainWindowController.h */,
				429E5FE318BEC0AD003563D6 /* MainWindowController.m */,
				429E5FE418BEC0AD003563D6 /* MainWindow.xib */,
				429E5FC518BEC005003563D6 /* Images.xcassets */,
				429E5FB418BEC005003563D6 /* Supporting Files */,
			);
			path = PLTDeviceTest;
			sourceTree = "<group>";
		};
		429E5FB418BEC005003563D6 /* Supporting Files */ = {
			isa = PBXGroup;
			children = (
				429E5FB518BEC005003563D6 /* PLTDeviceTest-Info.plist */,
				429E5FB618BEC005003563D6 /* InfoPlist.strings */,
				429E5FB918BEC005003563D6 /* main.m */,
				429E5FBB18BEC005003563D6 /* PLTDeviceTest-Prefix.pch */,
				429E5FBC18BEC005003563D6 /* Credits.rtf */,
			);
			name = "Supporting Files";
			sourceTree = "<group>";
		};
		429E5FF018BEC510003563D6 /* BRDeviceTest */ = {
			isa = PBXGroup;
			children = (
				429E5FFC18BEC510003563D6 /* AppDelegate.h */,
				429E5FFD18BEC510003563D6 /* AppDelegate.m */,
				429E5FFF18BEC510003563D6 /* MainMenu.xib */,
				429E602E18BEC5A4003563D6 /* MainWindowController.h */,
				429E602F18BEC5A4003563D6 /* MainWindowController.m */,
				429E602D18BEC5A4003563D6 /* MainWindow.xib */,
				429E600218BEC510003563D6 /* Images.xcassets */,
				429E5FF118BEC510003563D6 /* Supporting Files */,
			);
			path = BRDeviceTest;
			sourceTree = "<group>";
		};
		429E5FF118BEC510003563D6 /* Supporting Files */ = {
			isa = PBXGroup;
			children = (
				429E5FF218BEC510003563D6 /* BRDeviceTest-Info.plist */,
				429E5FF318BEC510003563D6 /* InfoPlist.strings */,
				429E5FF618BEC510003563D6 /* main.m */,
				429E5FF818BEC510003563D6 /* BRDeviceTest-Prefix.pch */,
				429E5FF918BEC510003563D6 /* Credits.rtf */,
			);
			name = "Supporting Files";
			sourceTree = "<group>";
		};
		429E609618BEE0B4003563D6 /* Configuration */ = {
			isa = PBXGroup;
			children = (
				429E604818BEE06F003563D6 /* PLTConfiguration.h */,
				429E604918BEE06F003563D6 /* PLTConfiguration.m */,
			);
			name = Configuration;
			sourceTree = "<group>";
		};
		429E609718BEE0C7003563D6 /* Calibration */ = {
			isa = PBXGroup;
			children = (
				429E604618BEE06F003563D6 /* PLTCalibration.h */,
				429E604718BEE06F003563D6 /* PLTCalibration.m */,
				429E605D18BEE06F003563D6 /* PLTOrientationTrackingCalibration.h */,
				429E605E18BEE06F003563D6 /* PLTOrientationTrackingCalibration.m */,
			);
			name = Calibration;
			sourceTree = "<group>";
		};
		429E609C18BEE0FF003563D6 /* Info */ = {
			isa = PBXGroup;
			children = (
				429E605718BEE06F003563D6 /* PLTInfo_Internal.h */,
				429E605818BEE06F003563D6 /* PLTInfo.h */,
				429E605918BEE06F003563D6 /* PLTInfo.m */,
				429E606518BEE06F003563D6 /* PLTProximityInfo_Internal.h */,
				429E606618BEE06F003563D6 /* PLTProximityInfo.h */,
				429E606718BEE06F003563D6 /* PLTProximityInfo.m */,
				429E606B18BEE06F003563D6 /* PLTWearingStateInfo_Internal.h */,
				429E606C18BEE06F003563D6 /* PLTWearingStateInfo.h */,
				429E606D18BEE06F003563D6 /* PLTWearingStateInfo.m */,
				429E605F18BEE06F003563D6 /* PLTOrientationTrackingInfo_Internal.h */,
				429E606018BEE06F003563D6 /* PLTOrientationTrackingInfo.h */,
				429E606118BEE06F003563D6 /* PLTOrientationTrackingInfo.m */,
				429E606818BEE06F003563D6 /* PLTTapsInfo_Internal.h */,
				429E606918BEE06F003563D6 /* PLTTapsInfo.h */,
				429E606A18BEE06F003563D6 /* PLTTapsInfo.m */,
				429E605118BEE06F003563D6 /* PLTFreeFallInfo_Internal.h */,
				429E605218BEE06F003563D6 /* PLTFreeFallInfo.h */,
				429E605318BEE06F003563D6 /* PLTFreeFallInfo.m */,
				429E606218BEE06F003563D6 /* PLTPedometerInfo_Internal.h */,
				429E606318BEE06F003563D6 /* PLTPedometerInfo.h */,
				429E606418BEE06F003563D6 /* PLTPedometerInfo.m */,
				429E605A18BEE06F003563D6 /* PLTMagnetometerCalibrationInfo_Internal.h */,
				429E605B18BEE06F003563D6 /* PLTMagnetometerCalibrationInfo.h */,
				429E605C18BEE06F003563D6 /* PLTMagnetometerCalibrationInfo.m */,
				429E605418BEE06F003563D6 /* PLTGyroscopeCalibrationInfo_Internal.h */,
				429E605518BEE06F003563D6 /* PLTGyroscopeCalibrationInfo.h */,
				429E605618BEE06F003563D6 /* PLTGyroscopeCalibrationInfo.m */,
			);
			name = Info;
			sourceTree = "<group>";
		};
		429E60ED18BEE1AB003563D6 /* BRDevice */ = {
			isa = PBXGroup;
			children = (
				429E609D18BEE1A5003563D6 /* BRDevice.h */,
				429E609E18BEE1A5003563D6 /* BRDevice.m */,
				429E60A718BEE1A5003563D6 /* BRMessage.h */,
				429E60A818BEE1A5003563D6 /* BRMessage.m */,
				42F2317718CC029300E08B93 /* BRMetadata.h */,
				42F2317818CC029300E08B93 /* BRMetadata.m */,
				429E60F018BEE1E5003563D6 /* Commands */,
				429E60EF18BEE1DC003563D6 /* Settings */,
				429E60EE18BEE1CB003563D6 /* Events */,
				42F2315E18CBF8D700E08B93 /* Exceptions */,
			);
			name = BRDevice;
			sourceTree = "<group>";
		};
		429E60EE18BEE1CB003563D6 /* Events */ = {
			isa = PBXGroup;
			children = (
				429E609F18BEE1A5003563D6 /* BREvent.h */,
				429E60A018BEE1A5003563D6 /* BREvent.m */,
				429E60C318BEE1A5003563D6 /* BRWearingStateEvent.h */,
				429E60C418BEE1A5003563D6 /* BRWearingStateEvent.m */,
				429E60AF18BEE1A5003563D6 /* BRSignalStrengthEvent.h */,
				429E60B018BEE1A5003563D6 /* BRSignalStrengthEvent.m */,
				429E60A918BEE1A5003563D6 /* BROrientationTrackingEvent.h */,
				429E60AA18BEE1A5003563D6 /* BROrientationTrackingEvent.m */,
				429E60C118BEE1A5003563D6 /* BRTapsEvent.h */,
				429E60C218BEE1A5003563D6 /* BRTapsEvent.m */,
				429E60A118BEE1A5003563D6 /* BRFreeFallEvent.h */,
				429E60A218BEE1A5003563D6 /* BRFreeFallEvent.m */,
				429E60AD18BEE1A5003563D6 /* BRPedometerEvent.h */,
				429E60AE18BEE1A5003563D6 /* BRPedometerEvent.m */,
				429E60A318BEE1A5003563D6 /* BRGyroscopeCalStatusEvent.h */,
				429E60A418BEE1A5003563D6 /* BRGyroscopeCalStatusEvent.m */,
				429E60A518BEE1A5003563D6 /* BRMagnetometerCalStatusEvent.h */,
				429E60A618BEE1A5003563D6 /* BRMagnetometerCalStatusEvent.m */,
				42F2316F18CBFF0300E08B93 /* BRServiceSubscriptionChangedEvent.h */,
				42F2317018CBFF0300E08B93 /* BRServiceSubscriptionChangedEvent.m */,
				42F2317318CC011100E08B93 /* BRDeviceConnectedEvent.h */,
				42F2317418CC011100E08B93 /* BRDeviceConnectedEvent.m */,
				42F2317B18CC030200E08B93 /* BRDeviceDisconnectedEvent.h */,
				42F2317C18CC030200E08B93 /* BRDeviceDisconnectedEvent.m */,
			);
			name = Events;
			sourceTree = "<group>";
		};
		429E60EF18BEE1DC003563D6 /* Settings */ = {
			isa = PBXGroup;
			children = (
				429E60F118BEE210003563D6 /* Request */,
				429E60F218BEE21C003563D6 /* Response */,
			);
			name = Settings;
			sourceTree = "<group>";
		};
		429E60F018BEE1E5003563D6 /* Commands */ = {
			isa = PBXGroup;
			children = (
				422A5B4118CEAB4C007E7564 /* BRHostVersionNegotiateCommand.h */,
				422A5B4218CEAB4C007E7564 /* BRHostVersionNegotiateCommand.m */,
				429E60BD18BEE1A5003563D6 /* BRSubscribeToServiceCommand.h */,
				429E60BE18BEE1A5003563D6 /* BRSubscribeToServiceCommand.m */,
				429E60BF18BEE1A5003563D6 /* BRSubscribeToSignalStrengthCommand.h */,
				429E60C018BEE1A5003563D6 /* BRSubscribeToSignalStrengthCommand.m */,
				427B968018CFE37E00CB6A9E /* BRCalibratePedometerServiceCommand.h */,
				427B968118CFE37E00CB6A9E /* BRCalibratePedometerServiceCommand.m */,
			);
			name = Commands;
			sourceTree = "<group>";
		};
		429E60F118BEE210003563D6 /* Request */ = {
			isa = PBXGroup;
			children = (
				429E60B918BEE1A5003563D6 /* BRSettingRequest.h */,
				429E60BA18BEE1A5003563D6 /* BRSettingRequest.m */,
				42F1C96F18C5B57700A75592 /* BRDeviceInfoSettingRequest.h */,
				42F1C97018C5B57700A75592 /* BRDeviceInfoSettingRequest.m */,
				429E60B518BEE1A5003563D6 /* BRWearingStateSettingRequest.h */,
				429E60B618BEE1A5003563D6 /* BRWearingStateSettingRequest.m */,
				429E60B318BEE1A5003563D6 /* BRSignalStrengthSettingRequest.h */,
				429E60B418BEE1A5003563D6 /* BRSignalStrengthSettingRequest.m */,
				429E60B118BEE1A5003563D6 /* BRServiceDataSettingRequest.h */,
				429E60B218BEE1A5003563D6 /* BRServiceDataSettingRequest.m */,
				427B968418CFE92300CB6A9E /* BRServiceCalibrationSettingRequest.h */,
				427B968518CFE92300CB6A9E /* BRServiceCalibrationSettingRequest.m */,
			);
			name = Request;
			sourceTree = "<group>";
		};
		429E60F218BEE21C003563D6 /* Response */ = {
			isa = PBXGroup;
			children = (
				429E60BB18BEE1A5003563D6 /* BRSettingResponse.h */,
				429E60BC18BEE1A5003563D6 /* BRSettingResponse.m */,
				42F1C97318C5B72100A75592 /* BRDeviceInfoSettingResponse.h */,
				42F1C97418C5B72100A75592 /* BRDeviceInfoSettingResponse.m */,
				429E60B718BEE1A5003563D6 /* BRWearingStateSettingResponse.h */,
				429E60B818BEE1A5003563D6 /* BRWearingStateSettingResponse.m */,
				42F1C96B18C5AAB500A75592 /* BRSignalStrengthSettingResponse.h */,
				42F1C96C18C5AAB500A75592 /* BRSignalStrengthSettingResponse.m */,
				429E60AB18BEE1A5003563D6 /* BROrientationTrackingSettingResponse.h */,
				429E60AC18BEE1A5003563D6 /* BROrientationTrackingSettingResponse.m */,
				42F1C97718C5BC5C00A75592 /* BRTapsSettingResponse.h */,
				42F1C97818C5BC5C00A75592 /* BRTapsSettingResponse.m */,
				42F1C97B18C5BC6800A75592 /* BRFreeFallSettingResponse.h */,
				42F1C97C18C5BC6800A75592 /* BRFreeFallSettingResponse.m */,
				42F1C97F18C5BC6F00A75592 /* BRPedometerSettingResponse.h */,
				42F1C98018C5BC6F00A75592 /* BRPedometerSettingResponse.m */,
				42F1C98318C5BC7F00A75592 /* BRGyroscopeCalStatusSettingResponse.h */,
				42F1C98418C5BC7F00A75592 /* BRGyroscopeCalStatusSettingResponse.m */,
				42F1C98718C5BC9000A75592 /* BRMagnetometerCalStatusSettingResponse.h */,
				42F1C98818C5BC9000A75592 /* BRMagnetometerCalStatusSettingResponse.m */,
			);
			name = Response;
			sourceTree = "<group>";
		};
		42F2315E18CBF8D700E08B93 /* Exceptions */ = {
			isa = PBXGroup;
			children = (
				42F2316718CBF97C00E08B93 /* BRException.h */,
				42F2316818CBF97C00E08B93 /* BRException.m */,
				42F2316318CBF96800E08B93 /* BRDeviceNotReadyException.h */,
				42F2316418CBF96800E08B93 /* BRDeviceNotReadyException.m */,
				42F2316B18CBFE2D00E08B93 /* BRIllegalValueException.h */,
				42F2316C18CBFE2D00E08B93 /* BRIllegalValueException.m */,
			);
			name = Exceptions;
			sourceTree = "<group>";
		};
/* End PBXGroup section */

/* Begin PBXHeadersBuildPhase section */
		429E5F2F18BEBE7C003563D6 /* Headers */ = {
			isa = PBXHeadersBuildPhase;
			buildActionMask = 2147483647;
			files = (
				429E608A18BEE06F003563D6 /* PLTPedometerInfo_Internal.h in Headers */,
				429E60E918BEE1A5003563D6 /* BRTapsEvent.h in Headers */,
				429E607F18BEE06F003563D6 /* PLTInfo_Internal.h in Headers */,
				42F1C97518C5B72100A75592 /* BRDeviceInfoSettingResponse.h in Headers */,
				429E60D518BEE1A5003563D6 /* BRPedometerEvent.h in Headers */,
				42F2317D18CC030200E08B93 /* BRDeviceDisconnectedEvent.h in Headers */,
				429E60DD18BEE1A5003563D6 /* BRWearingStateSettingRequest.h in Headers */,
				429E608318BEE06F003563D6 /* PLTMagnetometerCalibrationInfo.h in Headers */,
				429E609018BEE06F003563D6 /* PLTTapsInfo_Internal.h in Headers */,
				429E60E318BEE1A5003563D6 /* BRSettingResponse.h in Headers */,
				422A5B4318CEAB4C007E7564 /* BRHostVersionNegotiateCommand.h in Headers */,
				422A5B4918CED8B1007E7564 /* NSArray+PrettyPrint.h in Headers */,
				429E608018BEE06F003563D6 /* PLTInfo.h in Headers */,
				429E607718BEE06F003563D6 /* PLTDeviceWatcher.h in Headers */,
				429E609318BEE06F003563D6 /* PLTWearingStateInfo_Internal.h in Headers */,
				429E608218BEE06F003563D6 /* PLTMagnetometerCalibrationInfo_Internal.h in Headers */,
				429E607418BEE06F003563D6 /* PLTDevice_Internal.h in Headers */,
				429E608518BEE06F003563D6 /* PLTOrientationTrackingCalibration.h in Headers */,
				42F2316D18CBFE2D00E08B93 /* BRIllegalValueException.h in Headers */,
				429E607A18BEE06F003563D6 /* PLTFreeFallInfo.h in Headers */,
				42F1C98118C5BC6F00A75592 /* BRPedometerSettingResponse.h in Headers */,
				429E608718BEE06F003563D6 /* PLTOrientationTrackingInfo_Internal.h in Headers */,
				429E60C518BEE1A5003563D6 /* BRDevice.h in Headers */,
				429E607918BEE06F003563D6 /* PLTFreeFallInfo_Internal.h in Headers */,
				429E608818BEE06F003563D6 /* PLTOrientationTrackingInfo.h in Headers */,
				429E609118BEE06F003563D6 /* PLTTapsInfo.h in Headers */,
				429E607018BEE06F003563D6 /* PLTConfiguration.h in Headers */,
				429E60C918BEE1A5003563D6 /* BRFreeFallEvent.h in Headers */,
				42F2317518CC011100E08B93 /* BRDeviceConnectedEvent.h in Headers */,
				429E60C718BEE1A5003563D6 /* BREvent.h in Headers */,
				429E607C18BEE06F003563D6 /* PLTGyroscopeCalibrationInfo_Internal.h in Headers */,
				429E608E18BEE06F003563D6 /* PLTProximityInfo.h in Headers */,
				429E608B18BEE06F003563D6 /* PLTPedometerInfo.h in Headers */,
				429E60D718BEE1A5003563D6 /* BRSignalStrengthEvent.h in Headers */,
				429E609A18BEE0F7003563D6 /* PLTDevice.h in Headers */,
				42F2317118CBFF0300E08B93 /* BRServiceSubscriptionChangedEvent.h in Headers */,
				429E60D918BEE1A5003563D6 /* BRServiceDataSettingRequest.h in Headers */,
				42F1C97918C5BC5C00A75592 /* BRTapsSettingResponse.h in Headers */,
				42F2317918CC029300E08B93 /* BRMetadata.h in Headers */,
				429E60EB18BEE1A5003563D6 /* BRWearingStateEvent.h in Headers */,
				429E60CD18BEE1A5003563D6 /* BRMagnetometerCalStatusEvent.h in Headers */,
				429E60DB18BEE1A5003563D6 /* BRSignalStrengthSettingRequest.h in Headers */,
				427B968218CFE37E00CB6A9E /* BRCalibratePedometerServiceCommand.h in Headers */,
				429E5FA218BEBEB9003563D6 /* NSData+HexStrings.h in Headers */,
				429E609418BEE06F003563D6 /* PLTWearingStateInfo.h in Headers */,
				427B968618CFE92300CB6A9E /* BRServiceCalibrationSettingRequest.h in Headers */,
				42F1C98918C5BC9000A75592 /* BRMagnetometerCalStatusSettingResponse.h in Headers */,
				429E60DF18BEE1A5003563D6 /* BRWearingStateSettingResponse.h in Headers */,
				429E60D318BEE1A5003563D6 /* BROrientationTrackingSettingResponse.h in Headers */,
				429E60CF18BEE1A5003563D6 /* BRMessage.h in Headers */,
				42F1C98518C5BC7F00A75592 /* BRGyroscopeCalStatusSettingResponse.h in Headers */,
				429E608D18BEE06F003563D6 /* PLTProximityInfo_Internal.h in Headers */,
				429E60E518BEE1A5003563D6 /* BRSubscribeToServiceCommand.h in Headers */,
				429E607518BEE06F003563D6 /* PLTDevice.h in Headers */,
				429E607D18BEE06F003563D6 /* PLTGyroscopeCalibrationInfo.h in Headers */,
				42F1C97D18C5BC6800A75592 /* BRFreeFallSettingResponse.h in Headers */,
				42F1C97118C5B57700A75592 /* BRDeviceInfoSettingRequest.h in Headers */,
				429E60E718BEE1A5003563D6 /* BRSubscribeToSignalStrengthCommand.h in Headers */,
				42F1C96D18C5AAB500A75592 /* BRSignalStrengthSettingResponse.h in Headers */,
				429E60CB18BEE1A5003563D6 /* BRGyroscopeCalStatusEvent.h in Headers */,
				429E606E18BEE06F003563D6 /* PLTCalibration.h in Headers */,
				429E60D118BEE1A5003563D6 /* BROrientationTrackingEvent.h in Headers */,
				42F2316518CBF96800E08B93 /* BRDeviceNotReadyException.h in Headers */,
				42F2316918CBF97C00E08B93 /* BRException.h in Headers */,
				429E60E118BEE1A5003563D6 /* BRSettingRequest.h in Headers */,
			);
			runOnlyForDeploymentPostprocessing = 0;
		};
/* End PBXHeadersBuildPhase section */

/* Begin PBXNativeTarget section */
		429E5F3118BEBE7C003563D6 /* PLTDevice */ = {
			isa = PBXNativeTarget;
			buildConfigurationList = 429E5F5A18BEBE7C003563D6 /* Build configuration list for PBXNativeTarget "PLTDevice" */;
			buildPhases = (
				429E5F2D18BEBE7C003563D6 /* Sources */,
				429E5F2E18BEBE7C003563D6 /* Frameworks */,
				429E5F2F18BEBE7C003563D6 /* Headers */,
				429E5F3018BEBE7C003563D6 /* Resources */,
			);
			buildRules = (
			);
			dependencies = (
			);
			name = PLTDevice;
			productName = PLTDevice;
			productReference = 429E5F3218BEBE7C003563D6 /* PLTDevice.framework */;
			productType = "com.apple.product-type.framework";
		};
		429E5FB018BEC004003563D6 /* PLTDeviceTest */ = {
			isa = PBXNativeTarget;
			buildConfigurationList = 429E5FD818BEC005003563D6 /* Build configuration list for PBXNativeTarget "PLTDeviceTest" */;
			buildPhases = (
				429E5FAD18BEC004003563D6 /* Sources */,
				429E5FAE18BEC004003563D6 /* Frameworks */,
				429E5FAF18BEC004003563D6 /* Resources */,
			);
			buildRules = (
			);
			dependencies = (
			);
			name = PLTDeviceTest;
			productName = PLTDeviceTest;
			productReference = 429E5FB118BEC004003563D6 /* PLTDeviceTest.app */;
			productType = "com.apple.product-type.application";
		};
		429E5FED18BEC510003563D6 /* BRDeviceTest */ = {
			isa = PBXNativeTarget;
			buildConfigurationList = 429E601518BEC511003563D6 /* Build configuration list for PBXNativeTarget "BRDeviceTest" */;
			buildPhases = (
				429E5FEA18BEC510003563D6 /* Sources */,
				429E5FEB18BEC510003563D6 /* Frameworks */,
				429E5FEC18BEC510003563D6 /* Resources */,
			);
			buildRules = (
			);
			dependencies = (
			);
			name = BRDeviceTest;
			productName = BRDeviceTest;
			productReference = 429E5FEE18BEC510003563D6 /* BRDeviceTest.app */;
			productType = "com.apple.product-type.application";
		};
/* End PBXNativeTarget section */

/* Begin PBXProject section */
		429E5F2918BEBE7C003563D6 /* Project object */ = {
			isa = PBXProject;
			attributes = {
				LastUpgradeCheck = 0500;
				ORGANIZATIONNAME = Plantronics;
			};
			buildConfigurationList = 429E5F2C18BEBE7C003563D6 /* Build configuration list for PBXProject "PLTDevice" */;
			compatibilityVersion = "Xcode 3.2";
			developmentRegion = English;
			hasScannedForEncodings = 0;
			knownRegions = (
				en,
				Base,
			);
			mainGroup = 429E5F2818BEBE7C003563D6;
			productRefGroup = 429E5F3318BEBE7C003563D6 /* Products */;
			projectDirPath = "";
			projectRoot = "";
			targets = (
				429E5F3118BEBE7C003563D6 /* PLTDevice */,
				429E5FED18BEC510003563D6 /* BRDeviceTest */,
				429E5FB018BEC004003563D6 /* PLTDeviceTest */,
			);
		};
/* End PBXProject section */

/* Begin PBXResourcesBuildPhase section */
		429E5F3018BEBE7C003563D6 /* Resources */ = {
			isa = PBXResourcesBuildPhase;
			buildActionMask = 2147483647;
			files = (
				429E5F4018BEBE7C003563D6 /* InfoPlist.strings in Resources */,
			);
			runOnlyForDeploymentPostprocessing = 0;
		};
		429E5FAF18BEC004003563D6 /* Resources */ = {
			isa = PBXResourcesBuildPhase;
			buildActionMask = 2147483647;
			files = (
				429E5FB818BEC005003563D6 /* InfoPlist.strings in Resources */,
				429E5FC618BEC005003563D6 /* Images.xcassets in Resources */,
				429E5FBE18BEC005003563D6 /* Credits.rtf in Resources */,
				42F1C98B18C7021800A75592 /* MainMenu.xib in Resources */,
				429E5FE618BEC0AD003563D6 /* MainWindow.xib in Resources */,
			);
			runOnlyForDeploymentPostprocessing = 0;
		};
		429E5FEC18BEC510003563D6 /* Resources */ = {
			isa = PBXResourcesBuildPhase;
			buildActionMask = 2147483647;
			files = (
				429E5FF518BEC510003563D6 /* InfoPlist.strings in Resources */,
				429E600318BEC510003563D6 /* Images.xcassets in Resources */,
				429E5FFB18BEC510003563D6 /* Credits.rtf in Resources */,
				429E603318BEC616003563D6 /* MainMenu.xib in Resources */,
				429E603418BEC61A003563D6 /* MainWindow.xib in Resources */,
			);
			runOnlyForDeploymentPostprocessing = 0;
		};
/* End PBXResourcesBuildPhase section */

/* Begin PBXSourcesBuildPhase section */
		429E5F2D18BEBE7C003563D6 /* Sources */ = {
			isa = PBXSourcesBuildPhase;
			buildActionMask = 2147483647;
			files = (
				429E60EC18BEE1A5003563D6 /* BRWearingStateEvent.m in Sources */,
				429E609218BEE06F003563D6 /* PLTTapsInfo.m in Sources */,
				429E60D418BEE1A5003563D6 /* BROrientationTrackingSettingResponse.m in Sources */,
				429E60CA18BEE1A5003563D6 /* BRFreeFallEvent.m in Sources */,
				429E60CE18BEE1A5003563D6 /* BRMagnetometerCalStatusEvent.m in Sources */,
				42F1C97A18C5BC5C00A75592 /* BRTapsSettingResponse.m in Sources */,
				429E60D018BEE1A5003563D6 /* BRMessage.m in Sources */,
				429E60E618BEE1A5003563D6 /* BRSubscribeToServiceCommand.m in Sources */,
				429E60E818BEE1A5003563D6 /* BRSubscribeToSignalStrengthCommand.m in Sources */,
				429E608F18BEE06F003563D6 /* PLTProximityInfo.m in Sources */,
				429E60CC18BEE1A5003563D6 /* BRGyroscopeCalStatusEvent.m in Sources */,
				429E60D618BEE1A5003563D6 /* BRPedometerEvent.m in Sources */,
				42F1C98618C5BC7F00A75592 /* BRGyroscopeCalStatusSettingResponse.m in Sources */,
				42F2317A18CC029300E08B93 /* BRMetadata.m in Sources */,
				429E608C18BEE06F003563D6 /* PLTPedometerInfo.m in Sources */,
				429E609518BEE06F003563D6 /* PLTWearingStateInfo.m in Sources */,
				42F1C96E18C5AAB500A75592 /* BRSignalStrengthSettingResponse.m in Sources */,
				429E60C618BEE1A5003563D6 /* BRDevice.m in Sources */,
				429E608918BEE06F003563D6 /* PLTOrientationTrackingInfo.m in Sources */,
				429E607B18BEE06F003563D6 /* PLTFreeFallInfo.m in Sources */,
				42F1C97218C5B57700A75592 /* BRDeviceInfoSettingRequest.m in Sources */,
				42F2317218CBFF0300E08B93 /* BRServiceSubscriptionChangedEvent.m in Sources */,
				429E60DA18BEE1A5003563D6 /* BRServiceDataSettingRequest.m in Sources */,
				429E609B18BEE0F7003563D6 /* PLTDevice.m in Sources */,
				429E60E418BEE1A5003563D6 /* BRSettingResponse.m in Sources */,
				42F2317E18CC030200E08B93 /* BRDeviceDisconnectedEvent.m in Sources */,
				429E607118BEE06F003563D6 /* PLTConfiguration.m in Sources */,
				429E60D218BEE1A5003563D6 /* BROrientationTrackingEvent.m in Sources */,
				429E607E18BEE06F003563D6 /* PLTGyroscopeCalibrationInfo.m in Sources */,
				429E60EA18BEE1A5003563D6 /* BRTapsEvent.m in Sources */,
				42F2317618CC011100E08B93 /* BRDeviceConnectedEvent.m in Sources */,
				429E60DC18BEE1A5003563D6 /* BRSignalStrengthSettingRequest.m in Sources */,
				42F2316E18CBFE2D00E08B93 /* BRIllegalValueException.m in Sources */,
				42F1C98A18C5BC9000A75592 /* BRMagnetometerCalStatusSettingResponse.m in Sources */,
				429E5FA318BEBEB9003563D6 /* NSData+HexStrings.m in Sources */,
				429E607818BEE06F003563D6 /* PLTDeviceWatcher.m in Sources */,
				429E608418BEE06F003563D6 /* PLTMagnetometerCalibrationInfo.m in Sources */,
				429E60E218BEE1A5003563D6 /* BRSettingRequest.m in Sources */,
				429E606F18BEE06F003563D6 /* PLTCalibration.m in Sources */,
				427B968718CFE92300CB6A9E /* BRServiceCalibrationSettingRequest.m in Sources */,
				42F1C97E18C5BC6800A75592 /* BRFreeFallSettingResponse.m in Sources */,
				422A5B4A18CED8B1007E7564 /* NSArray+PrettyPrint.m in Sources */,
				427B968318CFE37E00CB6A9E /* BRCalibratePedometerServiceCommand.m in Sources */,
				42F2316618CBF96800E08B93 /* BRDeviceNotReadyException.m in Sources */,
				429E608618BEE06F003563D6 /* PLTOrientationTrackingCalibration.m in Sources */,
				42F1C98218C5BC6F00A75592 /* BRPedometerSettingResponse.m in Sources */,
				429E60DE18BEE1A5003563D6 /* BRWearingStateSettingRequest.m in Sources */,
				429E60E018BEE1A5003563D6 /* BRWearingStateSettingResponse.m in Sources */,
				429E60C818BEE1A5003563D6 /* BREvent.m in Sources */,
				422A5B4418CEAB4C007E7564 /* BRHostVersionNegotiateCommand.m in Sources */,
				42F1C97618C5B72100A75592 /* BRDeviceInfoSettingResponse.m in Sources */,
				429E60D818BEE1A5003563D6 /* BRSignalStrengthEvent.m in Sources */,
				429E608118BEE06F003563D6 /* PLTInfo.m in Sources */,
				42F2316A18CBF97C00E08B93 /* BRException.m in Sources */,
			);
			runOnlyForDeploymentPostprocessing = 0;
		};
		429E5FAD18BEC004003563D6 /* Sources */ = {
			isa = PBXSourcesBuildPhase;
			buildActionMask = 2147483647;
			files = (
				429E5FE518BEC0AD003563D6 /* MainWindowController.m in Sources */,
				429E5FC118BEC005003563D6 /* AppDelegate.m in Sources */,
				429E5FBA18BEC005003563D6 /* main.m in Sources */,
			);
			runOnlyForDeploymentPostprocessing = 0;
		};
		429E5FEA18BEC510003563D6 /* Sources */ = {
			isa = PBXSourcesBuildPhase;
			buildActionMask = 2147483647;
			files = (
				429E5FFE18BEC510003563D6 /* AppDelegate.m in Sources */,
				429E5FF718BEC510003563D6 /* main.m in Sources */,
				429E603718BEC6CE003563D6 /* MainWindowController.m in Sources */,
			);
			runOnlyForDeploymentPostprocessing = 0;
		};
/* End PBXSourcesBuildPhase section */

/* Begin PBXVariantGroup section */
		429E5F3E18BEBE7C003563D6 /* InfoPlist.strings */ = {
			isa = PBXVariantGroup;
			children = (
				429E5F3F18BEBE7C003563D6 /* en */,
			);
			name = InfoPlist.strings;
			sourceTree = "<group>";
		};
		429E5FB618BEC005003563D6 /* InfoPlist.strings */ = {
			isa = PBXVariantGroup;
			children = (
				429E5FB718BEC005003563D6 /* en */,
			);
			name = InfoPlist.strings;
			sourceTree = "<group>";
		};
		429E5FBC18BEC005003563D6 /* Credits.rtf */ = {
			isa = PBXVariantGroup;
			children = (
				429E5FBD18BEC005003563D6 /* en */,
			);
			name = Credits.rtf;
			sourceTree = "<group>";
		};
		429E5FC218BEC005003563D6 /* MainMenu.xib */ = {
			isa = PBXVariantGroup;
			children = (
				429E5FC318BEC005003563D6 /* Base */,
			);
			name = MainMenu.xib;
			sourceTree = "<group>";
		};
		429E5FF318BEC510003563D6 /* InfoPlist.strings */ = {
			isa = PBXVariantGroup;
			children = (
				429E5FF418BEC510003563D6 /* en */,
			);
			name = InfoPlist.strings;
			sourceTree = "<group>";
		};
		429E5FF918BEC510003563D6 /* Credits.rtf */ = {
			isa = PBXVariantGroup;
			children = (
				429E5FFA18BEC510003563D6 /* en */,
			);
			name = Credits.rtf;
			sourceTree = "<group>";
		};
		429E5FFF18BEC510003563D6 /* MainMenu.xib */ = {
			isa = PBXVariantGroup;
			children = (
				429E600018BEC510003563D6 /* Base */,
			);
			name = MainMenu.xib;
			sourceTree = "<group>";
		};
/* End PBXVariantGroup section */

/* Begin XCBuildConfiguration section */
		429E5F5818BEBE7C003563D6 /* Debug */ = {
			isa = XCBuildConfiguration;
			buildSettings = {
				ALWAYS_SEARCH_USER_PATHS = NO;
				CLANG_CXX_LANGUAGE_STANDARD = "gnu++0x";
				CLANG_CXX_LIBRARY = "libc++";
				CLANG_ENABLE_OBJC_ARC = YES;
				CLANG_WARN_BOOL_CONVERSION = YES;
				CLANG_WARN_CONSTANT_CONVERSION = YES;
				CLANG_WARN_DIRECT_OBJC_ISA_USAGE = YES_ERROR;
				CLANG_WARN_EMPTY_BODY = YES;
				CLANG_WARN_ENUM_CONVERSION = YES;
				CLANG_WARN_INT_CONVERSION = YES;
				CLANG_WARN_OBJC_ROOT_CLASS = YES_ERROR;
				CLANG_WARN__DUPLICATE_METHOD_MATCH = YES;
				COPY_PHASE_STRIP = NO;
				GCC_C_LANGUAGE_STANDARD = gnu99;
				GCC_DYNAMIC_NO_PIC = NO;
				GCC_ENABLE_OBJC_EXCEPTIONS = YES;
				GCC_OPTIMIZATION_LEVEL = 0;
				GCC_PREPROCESSOR_DEFINITIONS = (
					"DEBUG=1",
					"$(inherited)",
				);
				GCC_SYMBOLS_PRIVATE_EXTERN = NO;
				GCC_WARN_64_TO_32_BIT_CONVERSION = YES;
				GCC_WARN_ABOUT_RETURN_TYPE = YES_ERROR;
				GCC_WARN_UNDECLARED_SELECTOR = YES;
				GCC_WARN_UNINITIALIZED_AUTOS = YES;
				GCC_WARN_UNUSED_FUNCTION = YES;
				GCC_WARN_UNUSED_VARIABLE = YES;
				MACOSX_DEPLOYMENT_TARGET = 10.6;
				ONLY_ACTIVE_ARCH = YES;
				SDKROOT = macosx;
			};
			name = Debug;
		};
		429E5F5918BEBE7C003563D6 /* Release */ = {
			isa = XCBuildConfiguration;
			buildSettings = {
				ALWAYS_SEARCH_USER_PATHS = NO;
				CLANG_CXX_LANGUAGE_STANDARD = "gnu++0x";
				CLANG_CXX_LIBRARY = "libc++";
				CLANG_ENABLE_OBJC_ARC = YES;
				CLANG_WARN_BOOL_CONVERSION = YES;
				CLANG_WARN_CONSTANT_CONVERSION = YES;
				CLANG_WARN_DIRECT_OBJC_ISA_USAGE = YES_ERROR;
				CLANG_WARN_EMPTY_BODY = YES;
				CLANG_WARN_ENUM_CONVERSION = YES;
				CLANG_WARN_INT_CONVERSION = YES;
				CLANG_WARN_OBJC_ROOT_CLASS = YES_ERROR;
				CLANG_WARN__DUPLICATE_METHOD_MATCH = YES;
				COPY_PHASE_STRIP = YES;
				DEBUG_INFORMATION_FORMAT = "dwarf-with-dsym";
				ENABLE_NS_ASSERTIONS = NO;
				GCC_C_LANGUAGE_STANDARD = gnu99;
				GCC_ENABLE_OBJC_EXCEPTIONS = YES;
				GCC_WARN_64_TO_32_BIT_CONVERSION = YES;
				GCC_WARN_ABOUT_RETURN_TYPE = YES_ERROR;
				GCC_WARN_UNDECLARED_SELECTOR = YES;
				GCC_WARN_UNINITIALIZED_AUTOS = YES;
				GCC_WARN_UNUSED_FUNCTION = YES;
				GCC_WARN_UNUSED_VARIABLE = YES;
				MACOSX_DEPLOYMENT_TARGET = 10.6;
				SDKROOT = macosx;
			};
			name = Release;
		};
		429E5F5B18BEBE7C003563D6 /* Debug */ = {
			isa = XCBuildConfiguration;
			buildSettings = {
				COMBINE_HIDPI_IMAGES = YES;
				DYLIB_COMPATIBILITY_VERSION = 1;
				DYLIB_CURRENT_VERSION = 1;
				FRAMEWORK_VERSION = A;
				GCC_PRECOMPILE_PREFIX_HEADER = YES;
				GCC_PREFIX_HEADER = "PLTDevice/PLTDevice-Prefix.pch";
				INFOPLIST_FILE = "PLTDevice/PLTDevice-Info.plist";
				PRODUCT_NAME = "$(TARGET_NAME)";
				WRAPPER_EXTENSION = framework;
			};
			name = Debug;
		};
		429E5F5C18BEBE7C003563D6 /* Release */ = {
			isa = XCBuildConfiguration;
			buildSettings = {
				COMBINE_HIDPI_IMAGES = YES;
				DYLIB_COMPATIBILITY_VERSION = 1;
				DYLIB_CURRENT_VERSION = 1;
				FRAMEWORK_VERSION = A;
				GCC_PRECOMPILE_PREFIX_HEADER = YES;
				GCC_PREFIX_HEADER = "PLTDevice/PLTDevice-Prefix.pch";
				INFOPLIST_FILE = "PLTDevice/PLTDevice-Info.plist";
				PRODUCT_NAME = "$(TARGET_NAME)";
				WRAPPER_EXTENSION = framework;
			};
			name = Release;
		};
		429E5FD918BEC005003563D6 /* Debug */ = {
			isa = XCBuildConfiguration;
			buildSettings = {
				ASSETCATALOG_COMPILER_APPICON_NAME = AppIcon;
				COMBINE_HIDPI_IMAGES = YES;
				GCC_PRECOMPILE_PREFIX_HEADER = YES;
				GCC_PREFIX_HEADER = "PLTDeviceTest/PLTDeviceTest-Prefix.pch";
				GCC_PREPROCESSOR_DEFINITIONS = (
					"DEBUG=1",
					"$(inherited)",
				);
				INFOPLIST_FILE = "PLTDeviceTest/PLTDeviceTest-Info.plist";
				MACOSX_DEPLOYMENT_TARGET = 10.9;
				PRODUCT_NAME = "$(TARGET_NAME)";
				WRAPPER_EXTENSION = app;
			};
			name = Debug;
		};
		429E5FDA18BEC005003563D6 /* Release */ = {
			isa = XCBuildConfiguration;
			buildSettings = {
				ASSETCATALOG_COMPILER_APPICON_NAME = AppIcon;
				COMBINE_HIDPI_IMAGES = YES;
				GCC_PRECOMPILE_PREFIX_HEADER = YES;
				GCC_PREFIX_HEADER = "PLTDeviceTest/PLTDeviceTest-Prefix.pch";
				INFOPLIST_FILE = "PLTDeviceTest/PLTDeviceTest-Info.plist";
				MACOSX_DEPLOYMENT_TARGET = 10.9;
				PRODUCT_NAME = "$(TARGET_NAME)";
				WRAPPER_EXTENSION = app;
			};
			name = Release;
		};
		429E601618BEC511003563D6 /* Debug */ = {
			isa = XCBuildConfiguration;
			buildSettings = {
				ASSETCATALOG_COMPILER_APPICON_NAME = AppIcon;
				COMBINE_HIDPI_IMAGES = YES;
				GCC_PRECOMPILE_PREFIX_HEADER = YES;
				GCC_PREFIX_HEADER = "BRDeviceTest/BRDeviceTest-Prefix.pch";
				GCC_PREPROCESSOR_DEFINITIONS = (
					"DEBUG=1",
					"$(inherited)",
				);
				INFOPLIST_FILE = "BRDeviceTest/BRDeviceTest-Info.plist";
				MACOSX_DEPLOYMENT_TARGET = 10.9;
				PRODUCT_NAME = "$(TARGET_NAME)";
				WRAPPER_EXTENSION = app;
			};
			name = Debug;
		};
		429E601718BEC511003563D6 /* Release */ = {
			isa = XCBuildConfiguration;
			buildSettings = {
				ASSETCATALOG_COMPILER_APPICON_NAME = AppIcon;
				COMBINE_HIDPI_IMAGES = YES;
				GCC_PRECOMPILE_PREFIX_HEADER = YES;
				GCC_PREFIX_HEADER = "BRDeviceTest/BRDeviceTest-Prefix.pch";
				INFOPLIST_FILE = "BRDeviceTest/BRDeviceTest-Info.plist";
				MACOSX_DEPLOYMENT_TARGET = 10.9;
				PRODUCT_NAME = "$(TARGET_NAME)";
				WRAPPER_EXTENSION = app;
			};
			name = Release;
		};
/* End XCBuildConfiguration section */

/* Begin XCConfigurationList section */
		429E5F2C18BEBE7C003563D6 /* Build configuration list for PBXProject "PLTDevice" */ = {
			isa = XCConfigurationList;
			buildConfigurations = (
				429E5F5818BEBE7C003563D6 /* Debug */,
				429E5F5918BEBE7C003563D6 /* Release */,
			);
			defaultConfigurationIsVisible = 0;
			defaultConfigurationName = Release;
		};
		429E5F5A18BEBE7C003563D6 /* Build configuration list for PBXNativeTarget "PLTDevice" */ = {
			isa = XCConfigurationList;
			buildConfigurations = (
				429E5F5B18BEBE7C003563D6 /* Debug */,
				429E5F5C18BEBE7C003563D6 /* Release */,
			);
			defaultConfigurationIsVisible = 0;
			defaultConfigurationName = Release;
		};
		429E5FD818BEC005003563D6 /* Build configuration list for PBXNativeTarget "PLTDeviceTest" */ = {
			isa = XCConfigurationList;
			buildConfigurations = (
				429E5FD918BEC005003563D6 /* Debug */,
				429E5FDA18BEC005003563D6 /* Release */,
			);
			defaultConfigurationIsVisible = 0;
			defaultConfigurationName = Release;
		};
		429E601518BEC511003563D6 /* Build configuration list for PBXNativeTarget "BRDeviceTest" */ = {
			isa = XCConfigurationList;
			buildConfigurations = (
				429E601618BEC511003563D6 /* Debug */,
				429E601718BEC511003563D6 /* Release */,
			);
			defaultConfigurationIsVisible = 0;
			defaultConfigurationName = Release;
		};
/* End XCConfigurationList section */
	};
	rootObject = 429E5F2918BEBE7C003563D6 /* Project object */;
}
