// !$*UTF8*$!
{
	archiveVersion = 1;
	classes = {
	};
	objectVersion = 46;
	objects = {

/* Begin PBXBuildFile section */
		42C94CD11A9E56F300CA56B4 /* main.m in Sources */ = {isa = PBXBuildFile; fileRef = 42C94CD01A9E56F300CA56B4 /* main.m */; };
		42C94CD41A9E56F300CA56B4 /* AppDelegate.m in Sources */ = {isa = PBXBuildFile; fileRef = 42C94CD31A9E56F300CA56B4 /* AppDelegate.m */; };
		42C94CD71A9E56F300CA56B4 /* ViewController.m in Sources */ = {isa = PBXBuildFile; fileRef = 42C94CD61A9E56F300CA56B4 /* ViewController.m */; };
		42C94CDA1A9E56F300CA56B4 /* Main.storyboard in Resources */ = {isa = PBXBuildFile; fileRef = 42C94CD81A9E56F300CA56B4 /* Main.storyboard */; };
		42C94CDC1A9E56F300CA56B4 /* Images.xcassets in Resources */ = {isa = PBXBuildFile; fileRef = 42C94CDB1A9E56F300CA56B4 /* Images.xcassets */; };
		42C94D121A9E574100CA56B4 /* PLTDevice_iOS.framework in Frameworks */ = {isa = PBXBuildFile; fileRef = 42C94CF51A9E574100CA56B4 /* PLTDevice_iOS.framework */; };
		42C94D141A9E574400CA56B4 /* PLTDevice_iOS.framework in Embed Frameworks */ = {isa = PBXBuildFile; fileRef = 42C94CF51A9E574100CA56B4 /* PLTDevice_iOS.framework */; settings = {ATTRIBUTES = (CodeSignOnCopy, RemoveHeadersOnCopy, ); }; };
/* End PBXBuildFile section */

/* Begin PBXCopyFilesBuildPhase section */
		42C94D151A9E574400CA56B4 /* Embed Frameworks */ = {
			isa = PBXCopyFilesBuildPhase;
			buildActionMask = 2147483647;
			dstPath = "";
			dstSubfolderSpec = 10;
			files = (
				42C94D141A9E574400CA56B4 /* PLTDevice_iOS.framework in Embed Frameworks */,
			);
			name = "Embed Frameworks";
			runOnlyForDeploymentPostprocessing = 0;
		};
/* End PBXCopyFilesBuildPhase section */

/* Begin PBXFileReference section */
		42C94CCB1A9E56F300CA56B4 /* WCServiceSubscribe.app */ = {isa = PBXFileReference; explicitFileType = wrapper.application; includeInIndex = 0; path = WCServiceSubscribe.app; sourceTree = BUILT_PRODUCTS_DIR; };
		42C94CCF1A9E56F300CA56B4 /* Info.plist */ = {isa = PBXFileReference; lastKnownFileType = text.plist.xml; path = Info.plist; sourceTree = "<group>"; };
		42C94CD01A9E56F300CA56B4 /* main.m */ = {isa = PBXFileReference; lastKnownFileType = sourcecode.c.objc; path = main.m; sourceTree = "<group>"; };
		42C94CD21A9E56F300CA56B4 /* AppDelegate.h */ = {isa = PBXFileReference; lastKnownFileType = sourcecode.c.h; path = AppDelegate.h; sourceTree = "<group>"; };
		42C94CD31A9E56F300CA56B4 /* AppDelegate.m */ = {isa = PBXFileReference; lastKnownFileType = sourcecode.c.objc; path = AppDelegate.m; sourceTree = "<group>"; };
		42C94CD51A9E56F300CA56B4 /* ViewController.h */ = {isa = PBXFileReference; lastKnownFileType = sourcecode.c.h; path = ViewController.h; sourceTree = "<group>"; };
		42C94CD61A9E56F300CA56B4 /* ViewController.m */ = {isa = PBXFileReference; lastKnownFileType = sourcecode.c.objc; path = ViewController.m; sourceTree = "<group>"; };
		42C94CD91A9E56F300CA56B4 /* Base */ = {isa = PBXFileReference; lastKnownFileType = file.storyboard; name = Base; path = Base.lproj/Main.storyboard; sourceTree = "<group>"; };
		42C94CDB1A9E56F300CA56B4 /* Images.xcassets */ = {isa = PBXFileReference; lastKnownFileType = folder.assetcatalog; path = Images.xcassets; sourceTree = "<group>"; };
		42C94CF51A9E574100CA56B4 /* PLTDevice_iOS.framework */ = {isa = PBXFileReference; lastKnownFileType = wrapper.framework; path = PLTDevice_iOS.framework; sourceTree = "<group>"; };
		42C94CF71A9E574100CA56B4 /* BRCloseSessionMessage.h */ = {isa = PBXFileReference; fileEncoding = 4; lastKnownFileType = sourcecode.c.h; path = BRCloseSessionMessage.h; sourceTree = "<group>"; };
		42C94CF81A9E574100CA56B4 /* BRCommand.h */ = {isa = PBXFileReference; fileEncoding = 4; lastKnownFileType = sourcecode.c.h; path = BRCommand.h; sourceTree = "<group>"; };
		42C94CF91A9E574100CA56B4 /* BRConfigureSignalStrengthEventsCommand.h */ = {isa = PBXFileReference; fileEncoding = 4; lastKnownFileType = sourcecode.c.h; path = BRConfigureSignalStrengthEventsCommand.h; sourceTree = "<group>"; };
		42C94CFA1A9E574100CA56B4 /* BRDevice.h */ = {isa = PBXFileReference; fileEncoding = 4; lastKnownFileType = sourcecode.c.h; path = BRDevice.h; sourceTree = "<group>"; };
		42C94CFB1A9E574100CA56B4 /* BRDevice_Private.h */ = {isa = PBXFileReference; fileEncoding = 4; lastKnownFileType = sourcecode.c.h; path = BRDevice_Private.h; sourceTree = "<group>"; };
		42C94CFC1A9E574100CA56B4 /* BRDeviceProtocolVersionMessage.h */ = {isa = PBXFileReference; fileEncoding = 4; lastKnownFileType = sourcecode.c.h; path = BRDeviceProtocolVersionMessage.h; sourceTree = "<group>"; };
		42C94CFD1A9E574100CA56B4 /* BRDeviceUtilities.h */ = {isa = PBXFileReference; fileEncoding = 4; lastKnownFileType = sourcecode.c.h; path = BRDeviceUtilities.h; sourceTree = "<group>"; };
		42C94CFE1A9E574100CA56B4 /* BREvent.h */ = {isa = PBXFileReference; fileEncoding = 4; lastKnownFileType = sourcecode.c.h; path = BREvent.h; sourceTree = "<group>"; };
		42C94CFF1A9E574100CA56B4 /* BRException.h */ = {isa = PBXFileReference; fileEncoding = 4; lastKnownFileType = sourcecode.c.h; path = BRException.h; sourceTree = "<group>"; };
		42C94D001A9E574100CA56B4 /* BRHostVersionNegotiateMessage.h */ = {isa = PBXFileReference; fileEncoding = 4; lastKnownFileType = sourcecode.c.h; path = BRHostVersionNegotiateMessage.h; sourceTree = "<group>"; };
		42C94D011A9E574100CA56B4 /* BRIncomingMessage.h */ = {isa = PBXFileReference; fileEncoding = 4; lastKnownFileType = sourcecode.c.h; path = BRIncomingMessage.h; sourceTree = "<group>"; };
		42C94D021A9E574100CA56B4 /* BRIncomingMessage_Private.h */ = {isa = PBXFileReference; fileEncoding = 4; lastKnownFileType = sourcecode.c.h; path = BRIncomingMessage_Private.h; sourceTree = "<group>"; };
		42C94D031A9E574100CA56B4 /* BRMessage.h */ = {isa = PBXFileReference; fileEncoding = 4; lastKnownFileType = sourcecode.c.h; path = BRMessage.h; sourceTree = "<group>"; };
		42C94D041A9E574100CA56B4 /* BRMessage_Private.h */ = {isa = PBXFileReference; fileEncoding = 4; lastKnownFileType = sourcecode.c.h; path = BRMessage_Private.h; sourceTree = "<group>"; };
		42C94D051A9E574100CA56B4 /* BRMetadataMessage.h */ = {isa = PBXFileReference; fileEncoding = 4; lastKnownFileType = sourcecode.c.h; path = BRMetadataMessage.h; sourceTree = "<group>"; };
		42C94D061A9E574100CA56B4 /* BROutgoingMessage.h */ = {isa = PBXFileReference; fileEncoding = 4; lastKnownFileType = sourcecode.c.h; path = BROutgoingMessage.h; sourceTree = "<group>"; };
		42C94D071A9E574100CA56B4 /* BROutgoingMessage_Private.h */ = {isa = PBXFileReference; fileEncoding = 4; lastKnownFileType = sourcecode.c.h; path = BROutgoingMessage_Private.h; sourceTree = "<group>"; };
		42C94D081A9E574100CA56B4 /* BRQueryServicesDataSettingRequest.h */ = {isa = PBXFileReference; fileEncoding = 4; lastKnownFileType = sourcecode.c.h; path = BRQueryServicesDataSettingRequest.h; sourceTree = "<group>"; };
		42C94D091A9E574100CA56B4 /* BRQueryServicesDataSettingResult.h */ = {isa = PBXFileReference; fileEncoding = 4; lastKnownFileType = sourcecode.c.h; path = BRQueryServicesDataSettingResult.h; sourceTree = "<group>"; };
		42C94D0A1A9E574100CA56B4 /* BRRawMessage.h */ = {isa = PBXFileReference; fileEncoding = 4; lastKnownFileType = sourcecode.c.h; path = BRRawMessage.h; sourceTree = "<group>"; };
		42C94D0B1A9E574100CA56B4 /* BRRemoteDevice.h */ = {isa = PBXFileReference; fileEncoding = 4; lastKnownFileType = sourcecode.c.h; path = BRRemoteDevice.h; sourceTree = "<group>"; };
		42C94D0C1A9E574100CA56B4 /* BRRemoteDevice_Private.h */ = {isa = PBXFileReference; fileEncoding = 4; lastKnownFileType = sourcecode.c.h; path = BRRemoteDevice_Private.h; sourceTree = "<group>"; };
		42C94D0D1A9E574100CA56B4 /* BRSettingRequest.h */ = {isa = PBXFileReference; fileEncoding = 4; lastKnownFileType = sourcecode.c.h; path = BRSettingRequest.h; sourceTree = "<group>"; };
		42C94D0E1A9E574100CA56B4 /* BRSettingResult.h */ = {isa = PBXFileReference; fileEncoding = 4; lastKnownFileType = sourcecode.c.h; path = BRSettingResult.h; sourceTree = "<group>"; };
		42C94D0F1A9E574100CA56B4 /* BRSubscribedServiceDataEvent.h */ = {isa = PBXFileReference; fileEncoding = 4; lastKnownFileType = sourcecode.c.h; path = BRSubscribedServiceDataEvent.h; sourceTree = "<group>"; };
		42C94D101A9E574100CA56B4 /* BRSubscribeToServicesCommand.h */ = {isa = PBXFileReference; fileEncoding = 4; lastKnownFileType = sourcecode.c.h; path = BRSubscribeToServicesCommand.h; sourceTree = "<group>"; };
		42C94D111A9E574100CA56B4 /* PLTDevice_Internal.h */ = {isa = PBXFileReference; fileEncoding = 4; lastKnownFileType = sourcecode.c.h; path = PLTDevice_Internal.h; sourceTree = "<group>"; };
/* End PBXFileReference section */

/* Begin PBXFrameworksBuildPhase section */
		42C94CC81A9E56F300CA56B4 /* Frameworks */ = {
			isa = PBXFrameworksBuildPhase;
			buildActionMask = 2147483647;
			files = (
				42C94D121A9E574100CA56B4 /* PLTDevice_iOS.framework in Frameworks */,
			);
			runOnlyForDeploymentPostprocessing = 0;
		};
/* End PBXFrameworksBuildPhase section */

/* Begin PBXGroup section */
		42C94CC21A9E56F300CA56B4 = {
			isa = PBXGroup;
			children = (
				42C94CCD1A9E56F300CA56B4 /* WCServiceSubscribe */,
				42C94CCC1A9E56F300CA56B4 /* Products */,
			);
			sourceTree = "<group>";
		};
		42C94CCC1A9E56F300CA56B4 /* Products */ = {
			isa = PBXGroup;
			children = (
				42C94CCB1A9E56F300CA56B4 /* WCServiceSubscribe.app */,
			);
			name = Products;
			sourceTree = "<group>";
		};
		42C94CCD1A9E56F300CA56B4 /* WCServiceSubscribe */ = {
			isa = PBXGroup;
			children = (
				42C94CD21A9E56F300CA56B4 /* AppDelegate.h */,
				42C94CD31A9E56F300CA56B4 /* AppDelegate.m */,
				42C94CD51A9E56F300CA56B4 /* ViewController.h */,
				42C94CD61A9E56F300CA56B4 /* ViewController.m */,
				42C94CD81A9E56F300CA56B4 /* Main.storyboard */,
				42C94CDB1A9E56F300CA56B4 /* Images.xcassets */,
				42C94CF41A9E574100CA56B4 /* Frameworks */,
				42C94CCE1A9E56F300CA56B4 /* Supporting Files */,
			);
			path = WCServiceSubscribe;
			sourceTree = "<group>";
		};
		42C94CCE1A9E56F300CA56B4 /* Supporting Files */ = {
			isa = PBXGroup;
			children = (
				42C94CCF1A9E56F300CA56B4 /* Info.plist */,
				42C94CD01A9E56F300CA56B4 /* main.m */,
			);
			name = "Supporting Files";
			sourceTree = "<group>";
		};
		42C94CF41A9E574100CA56B4 /* Frameworks */ = {
			isa = PBXGroup;
			children = (
				42C94CF51A9E574100CA56B4 /* PLTDevice_iOS.framework */,
				42C94CF61A9E574100CA56B4 /* Private Headers */,
			);
			path = Frameworks;
			sourceTree = "<group>";
		};
		42C94CF61A9E574100CA56B4 /* Private Headers */ = {
			isa = PBXGroup;
			children = (
				42C94CF71A9E574100CA56B4 /* BRCloseSessionMessage.h */,
				42C94CF81A9E574100CA56B4 /* BRCommand.h */,
				42C94CF91A9E574100CA56B4 /* BRConfigureSignalStrengthEventsCommand.h */,
				42C94CFA1A9E574100CA56B4 /* BRDevice.h */,
				42C94CFB1A9E574100CA56B4 /* BRDevice_Private.h */,
				42C94CFC1A9E574100CA56B4 /* BRDeviceProtocolVersionMessage.h */,
				42C94CFD1A9E574100CA56B4 /* BRDeviceUtilities.h */,
				42C94CFE1A9E574100CA56B4 /* BREvent.h */,
				42C94CFF1A9E574100CA56B4 /* BRException.h */,
				42C94D001A9E574100CA56B4 /* BRHostVersionNegotiateMessage.h */,
				42C94D011A9E574100CA56B4 /* BRIncomingMessage.h */,
				42C94D021A9E574100CA56B4 /* BRIncomingMessage_Private.h */,
				42C94D031A9E574100CA56B4 /* BRMessage.h */,
				42C94D041A9E574100CA56B4 /* BRMessage_Private.h */,
				42C94D051A9E574100CA56B4 /* BRMetadataMessage.h */,
				42C94D061A9E574100CA56B4 /* BROutgoingMessage.h */,
				42C94D071A9E574100CA56B4 /* BROutgoingMessage_Private.h */,
				42C94D081A9E574100CA56B4 /* BRQueryServicesDataSettingRequest.h */,
				42C94D091A9E574100CA56B4 /* BRQueryServicesDataSettingResult.h */,
				42C94D0A1A9E574100CA56B4 /* BRRawMessage.h */,
				42C94D0B1A9E574100CA56B4 /* BRRemoteDevice.h */,
				42C94D0C1A9E574100CA56B4 /* BRRemoteDevice_Private.h */,
				42C94D0D1A9E574100CA56B4 /* BRSettingRequest.h */,
				42C94D0E1A9E574100CA56B4 /* BRSettingResult.h */,
				42C94D0F1A9E574100CA56B4 /* BRSubscribedServiceDataEvent.h */,
				42C94D101A9E574100CA56B4 /* BRSubscribeToServicesCommand.h */,
				42C94D111A9E574100CA56B4 /* PLTDevice_Internal.h */,
			);
			path = "Private Headers";
			sourceTree = "<group>";
		};
/* End PBXGroup section */

/* Begin PBXNativeTarget section */
		42C94CCA1A9E56F300CA56B4 /* WCServiceSubscribe */ = {
			isa = PBXNativeTarget;
			buildConfigurationList = 42C94CEE1A9E56F300CA56B4 /* Build configuration list for PBXNativeTarget "WCServiceSubscribe" */;
			buildPhases = (
				42C94CC71A9E56F300CA56B4 /* Sources */,
				42C94CC81A9E56F300CA56B4 /* Frameworks */,
				42C94CC91A9E56F300CA56B4 /* Resources */,
				42C94D151A9E574400CA56B4 /* Embed Frameworks */,
			);
			buildRules = (
			);
			dependencies = (
			);
			name = WCServiceSubscribe;
			productName = WCServiceSubscribe;
			productReference = 42C94CCB1A9E56F300CA56B4 /* WCServiceSubscribe.app */;
			productType = "com.apple.product-type.application";
		};
/* End PBXNativeTarget section */

/* Begin PBXProject section */
		42C94CC31A9E56F300CA56B4 /* Project object */ = {
			isa = PBXProject;
			attributes = {
				LastUpgradeCheck = 0630;
				ORGANIZATIONNAME = Plantronics;
				TargetAttributes = {
					42C94CCA1A9E56F300CA56B4 = {
						CreatedOnToolsVersion = 6.3;
						DevelopmentTeam = 85QAFWN98R;
					};
				};
			};
			buildConfigurationList = 42C94CC61A9E56F300CA56B4 /* Build configuration list for PBXProject "WCServiceSubscribe" */;
			compatibilityVersion = "Xcode 3.2";
			developmentRegion = English;
			hasScannedForEncodings = 0;
			knownRegions = (
				en,
				Base,
			);
			mainGroup = 42C94CC21A9E56F300CA56B4;
			productRefGroup = 42C94CCC1A9E56F300CA56B4 /* Products */;
			projectDirPath = "";
			projectRoot = "";
			targets = (
				42C94CCA1A9E56F300CA56B4 /* WCServiceSubscribe */,
			);
		};
/* End PBXProject section */

/* Begin PBXResourcesBuildPhase section */
		42C94CC91A9E56F300CA56B4 /* Resources */ = {
			isa = PBXResourcesBuildPhase;
			buildActionMask = 2147483647;
			files = (
				42C94CDA1A9E56F300CA56B4 /* Main.storyboard in Resources */,
				42C94CDC1A9E56F300CA56B4 /* Images.xcassets in Resources */,
			);
			runOnlyForDeploymentPostprocessing = 0;
		};
/* End PBXResourcesBuildPhase section */

/* Begin PBXSourcesBuildPhase section */
		42C94CC71A9E56F300CA56B4 /* Sources */ = {
			isa = PBXSourcesBuildPhase;
			buildActionMask = 2147483647;
			files = (
				42C94CD71A9E56F300CA56B4 /* ViewController.m in Sources */,
				42C94CD41A9E56F300CA56B4 /* AppDelegate.m in Sources */,
				42C94CD11A9E56F300CA56B4 /* main.m in Sources */,
			);
			runOnlyForDeploymentPostprocessing = 0;
		};
/* End PBXSourcesBuildPhase section */

/* Begin PBXVariantGroup section */
		42C94CD81A9E56F300CA56B4 /* Main.storyboard */ = {
			isa = PBXVariantGroup;
			children = (
				42C94CD91A9E56F300CA56B4 /* Base */,
			);
			name = Main.storyboard;
			sourceTree = "<group>";
		};
/* End PBXVariantGroup section */

/* Begin XCBuildConfiguration section */
		42C94CEC1A9E56F300CA56B4 /* Debug */ = {
			isa = XCBuildConfiguration;
			buildSettings = {
				ALWAYS_SEARCH_USER_PATHS = NO;
				CLANG_CXX_LANGUAGE_STANDARD = "gnu++0x";
				CLANG_CXX_LIBRARY = "libc++";
				CLANG_ENABLE_MODULES = YES;
				CLANG_ENABLE_OBJC_ARC = YES;
				CLANG_WARN_BOOL_CONVERSION = YES;
				CLANG_WARN_CONSTANT_CONVERSION = YES;
				CLANG_WARN_DIRECT_OBJC_ISA_USAGE = YES_ERROR;
				CLANG_WARN_EMPTY_BODY = YES;
				CLANG_WARN_ENUM_CONVERSION = YES;
				CLANG_WARN_INT_CONVERSION = YES;
				CLANG_WARN_OBJC_ROOT_CLASS = YES_ERROR;
				CLANG_WARN_UNREACHABLE_CODE = YES;
				CLANG_WARN__DUPLICATE_METHOD_MATCH = YES;
				"CODE_SIGN_IDENTITY[sdk=iphoneos*]" = "iPhone Developer";
				COPY_PHASE_STRIP = NO;
				DEBUG_INFORMATION_FORMAT = dwarf;
				ENABLE_STRICT_OBJC_MSGSEND = YES;
				GCC_C_LANGUAGE_STANDARD = gnu99;
				GCC_DYNAMIC_NO_PIC = NO;
				GCC_OPTIMIZATION_LEVEL = 0;
				GCC_PREPROCESSOR_DEFINITIONS = (
					"DEBUG=1",
					"$(inherited)",
				);
				GCC_SYMBOLS_PRIVATE_EXTERN = NO;
				GCC_WARN_64_TO_32_BIT_CONVERSION = YES;
				GCC_WARN_ABOUT_RETURN_TYPE = YES_ERROR;
				GCC_WARN_UNDECLARED_SELECTOR = YES;
				GCC_WARN_UNINITIALIZED_AUTOS = YES_AGGRESSIVE;
				GCC_WARN_UNUSED_FUNCTION = YES;
				GCC_WARN_UNUSED_VARIABLE = YES;
				IPHONEOS_DEPLOYMENT_TARGET = 8.3;
				MTL_ENABLE_DEBUG_INFO = YES;
				ONLY_ACTIVE_ARCH = YES;
				SDKROOT = iphoneos;
				TARGETED_DEVICE_FAMILY = 2;
			};
			name = Debug;
		};
		42C94CED1A9E56F300CA56B4 /* Release */ = {
			isa = XCBuildConfiguration;
			buildSettings = {
				ALWAYS_SEARCH_USER_PATHS = NO;
				CLANG_CXX_LANGUAGE_STANDARD = "gnu++0x";
				CLANG_CXX_LIBRARY = "libc++";
				CLANG_ENABLE_MODULES = YES;
				CLANG_ENABLE_OBJC_ARC = YES;
				CLANG_WARN_BOOL_CONVERSION = YES;
				CLANG_WARN_CONSTANT_CONVERSION = YES;
				CLANG_WARN_DIRECT_OBJC_ISA_USAGE = YES_ERROR;
				CLANG_WARN_EMPTY_BODY = YES;
				CLANG_WARN_ENUM_CONVERSION = YES;
				CLANG_WARN_INT_CONVERSION = YES;
				CLANG_WARN_OBJC_ROOT_CLASS = YES_ERROR;
				CLANG_WARN_UNREACHABLE_CODE = YES;
				CLANG_WARN__DUPLICATE_METHOD_MATCH = YES;
				"CODE_SIGN_IDENTITY[sdk=iphoneos*]" = "iPhone Developer";
				COPY_PHASE_STRIP = NO;
				DEBUG_INFORMATION_FORMAT = "dwarf-with-dsym";
				ENABLE_NS_ASSERTIONS = NO;
				ENABLE_STRICT_OBJC_MSGSEND = YES;
				GCC_C_LANGUAGE_STANDARD = gnu99;
				GCC_WARN_64_TO_32_BIT_CONVERSION = YES;
				GCC_WARN_ABOUT_RETURN_TYPE = YES_ERROR;
				GCC_WARN_UNDECLARED_SELECTOR = YES;
				GCC_WARN_UNINITIALIZED_AUTOS = YES_AGGRESSIVE;
				GCC_WARN_UNUSED_FUNCTION = YES;
				GCC_WARN_UNUSED_VARIABLE = YES;
				IPHONEOS_DEPLOYMENT_TARGET = 8.3;
				MTL_ENABLE_DEBUG_INFO = NO;
				SDKROOT = iphoneos;
				TARGETED_DEVICE_FAMILY = 2;
				VALIDATE_PRODUCT = YES;
			};
			name = Release;
		};
		42C94CEF1A9E56F300CA56B4 /* Debug */ = {
			isa = XCBuildConfiguration;
			buildSettings = {
				ASSETCATALOG_COMPILER_APPICON_NAME = AppIcon;
				CODE_SIGN_IDENTITY = "iPhone Developer";
				"CODE_SIGN_IDENTITY[sdk=iphoneos*]" = "iPhone Developer";
				FRAMEWORK_SEARCH_PATHS = (
					"$(inherited)",
					"$(PROJECT_DIR)/WCServiceSubscribe/Frameworks",
				);
				INFOPLIST_FILE = WCServiceSubscribe/Info.plist;
				IPHONEOS_DEPLOYMENT_TARGET = 7.0;
				LD_RUNPATH_SEARCH_PATHS = "$(inherited) @executable_path/Frameworks";
				OTHER_CFLAGS = "-DTARGET_IOS";
				OTHER_LDFLAGS = "-ObjC";
				PRODUCT_NAME = "$(TARGET_NAME)";
				PROVISIONING_PROFILE = "";
			};
			name = Debug;
		};
		42C94CF01A9E56F300CA56B4 /* Release */ = {
			isa = XCBuildConfiguration;
			buildSettings = {
				ASSETCATALOG_COMPILER_APPICON_NAME = AppIcon;
				CODE_SIGN_IDENTITY = "iPhone Developer: Morgan Davis (85F374C5L2)";
				"CODE_SIGN_IDENTITY[sdk=iphoneos*]" = "iPhone Developer: Morgan Davis (85F374C5L2)";
				FRAMEWORK_SEARCH_PATHS = (
					"$(inherited)",
					"$(PROJECT_DIR)/WCServiceSubscribe/Frameworks",
				);
				INFOPLIST_FILE = WCServiceSubscribe/Info.plist;
				IPHONEOS_DEPLOYMENT_TARGET = 7.0;
				LD_RUNPATH_SEARCH_PATHS = "$(inherited) @executable_path/Frameworks";
				OTHER_CFLAGS = "-DTARGET_IOS";
				OTHER_LDFLAGS = "-ObjC";
				PRODUCT_NAME = "$(TARGET_NAME)";
				PROVISIONING_PROFILE = "1e4f4334-f1dc-430c-8e9b-620641be9e65";
			};
			name = Release;
		};
/* End XCBuildConfiguration section */

/* Begin XCConfigurationList section */
		42C94CC61A9E56F300CA56B4 /* Build configuration list for PBXProject "WCServiceSubscribe" */ = {
			isa = XCConfigurationList;
			buildConfigurations = (
				42C94CEC1A9E56F300CA56B4 /* Debug */,
				42C94CED1A9E56F300CA56B4 /* Release */,
			);
			defaultConfigurationIsVisible = 0;
			defaultConfigurationName = Release;
		};
		42C94CEE1A9E56F300CA56B4 /* Build configuration list for PBXNativeTarget "WCServiceSubscribe" */ = {
			isa = XCConfigurationList;
			buildConfigurations = (
				42C94CEF1A9E56F300CA56B4 /* Debug */,
				42C94CF01A9E56F300CA56B4 /* Release */,
			);
			defaultConfigurationIsVisible = 0;
		};
/* End XCConfigurationList section */
	};
	rootObject = 42C94CC31A9E56F300CA56B4 /* Project object */;
}
