// !$*UTF8*$!
{
	archiveVersion = 1;
	classes = {
	};
	objectVersion = 46;
	objects = {

/* Begin PBXBuildFile section */
		00F93BF5104573EE00022230 /* ExternalAccessory.framework in Frameworks */ = {isa = PBXBuildFile; fileRef = 00F93BF4104573EE00022230 /* ExternalAccessory.framework */; };
		1D3623260D0F684500981E51 /* AppDelegate.m in Sources */ = {isa = PBXBuildFile; fileRef = 1D3623250D0F684500981E51 /* AppDelegate.m */; };
		1D60589B0D05DD56006BFB54 /* main.m in Sources */ = {isa = PBXBuildFile; fileRef = 29B97316FDCFA39411CA2CEA /* main.m */; };
		1D60589F0D05DD5A006BFB54 /* Foundation.framework in Frameworks */ = {isa = PBXBuildFile; fileRef = 1D30AB110D05D00D00671497 /* Foundation.framework */; };
		1DF5F4E00D08C38300B7A737 /* UIKit.framework in Frameworks */ = {isa = PBXBuildFile; fileRef = 1DF5F4DF0D08C38300B7A737 /* UIKit.framework */; };
		288765A50DF7441C002DB57D /* CoreGraphics.framework in Frameworks */ = {isa = PBXBuildFile; fileRef = 288765A40DF7441C002DB57D /* CoreGraphics.framework */; };
		2899E5220DE3E06400AC0155 /* SettingsViewController_old.xib in Resources */ = {isa = PBXBuildFile; fileRef = 2899E5210DE3E06400AC0155 /* SettingsViewController_old.xib */; };
		28D7ACF80DDB3853001CB0EB /* SettingsViewController_old.m in Sources */ = {isa = PBXBuildFile; fileRef = 28D7ACF70DDB3853001CB0EB /* SettingsViewController_old.m */; };
		42082D541702A8070057F63B /* LocationMonitor.m in Sources */ = {isa = PBXBuildFile; fileRef = 42A2363317022F6800329EC1 /* LocationMonitor.m */; };
		42082D641703C8E80057F63B /* PLTHeadsetManager.m in Sources */ = {isa = PBXBuildFile; fileRef = 42082D631703C8E80057F63B /* PLTHeadsetManager.m */; };
		42082D661703F7170057F63B /* SensorsViewController_iPad.xib in Resources */ = {isa = PBXBuildFile; fileRef = 42082D651703F7170057F63B /* SensorsViewController_iPad.xib */; };
		42082D6A1703FB800057F63B /* SelectionListViewController.m in Sources */ = {isa = PBXBuildFile; fileRef = 42082D681703FB800057F63B /* SelectionListViewController.m */; };
		42082D6B1703FB800057F63B /* SelectionListViewController.xib in Resources */ = {isa = PBXBuildFile; fileRef = 42082D691703FB800057F63B /* SelectionListViewController.xib */; };
		4217B0E116FBF726005FDA9C /* plt_logo_nav@2x.png in Resources */ = {isa = PBXBuildFile; fileRef = 4217B0E016FBF726005FDA9C /* plt_logo_nav@2x.png */; };
		4217B0E716FBFFD1005FDA9C /* NSData+Base64.m in Sources */ = {isa = PBXBuildFile; fileRef = 4217B0E616FBFFD1005FDA9C /* NSData+Base64.m */; };
		4217B0EB16FC0DBC005FDA9C /* diode_icon@2x.png in Resources */ = {isa = PBXBuildFile; fileRef = 4217B0E816FC0DBC005FDA9C /* diode_icon@2x.png */; };
		4217B0EC16FC0DBC005FDA9C /* head_icon@2x.png in Resources */ = {isa = PBXBuildFile; fileRef = 4217B0E916FC0DBC005FDA9C /* head_icon@2x.png */; };
		4217B0ED16FC0DBC005FDA9C /* house_icon@2x.png in Resources */ = {isa = PBXBuildFile; fileRef = 4217B0EA16FC0DBC005FDA9C /* house_icon@2x.png */; };
		4217B12E16FCE1D0005FDA9C /* plt_logo_nav_2@2x.png in Resources */ = {isa = PBXBuildFile; fileRef = 4217B12D16FCE1D0005FDA9C /* plt_logo_nav_2@2x.png */; };
		4217B13216FCEAFA005FDA9C /* UIDevice+ScreenSize.m in Sources */ = {isa = PBXBuildFile; fileRef = 4217B13116FCEAFA005FDA9C /* UIDevice+ScreenSize.m */; };
		422F40A01651AC3800735AB5 /* iToast.m in Sources */ = {isa = PBXBuildFile; fileRef = 422F409F1651AC3800735AB5 /* iToast.m */; };
		422F75BB16FBA121000DF717 /* StreetViewViewController.m in Sources */ = {isa = PBXBuildFile; fileRef = 422F75B916FBA121000DF717 /* StreetViewViewController.m */; };
		422F75BC16FBA121000DF717 /* StreetViewViewController.xib in Resources */ = {isa = PBXBuildFile; fileRef = 422F75BA16FBA121000DF717 /* StreetViewViewController.xib */; };
		426FAB95170E7B0A0054D216 /* Default-Landscape@2x~ipad.png in Resources */ = {isa = PBXBuildFile; fileRef = 426FAB94170E7B0A0054D216 /* Default-Landscape@2x~ipad.png */; };
		4272370D17062EDA00101B91 /* signal_icon@2x.png in Resources */ = {isa = PBXBuildFile; fileRef = 4272370C17062EDA00101B91 /* signal_icon@2x.png */; };
		4272371217064DCC00101B91 /* LocationOverrideViewController.m in Sources */ = {isa = PBXBuildFile; fileRef = 4272371017064DCC00101B91 /* LocationOverrideViewController.m */; };
		4272371317064DCC00101B91 /* LocationOverrideViewController.xib in Resources */ = {isa = PBXBuildFile; fileRef = 4272371117064DCC00101B91 /* LocationOverrideViewController.xib */; };
		42749926170D0B6C00C8DD37 /* auth_status_icon@2x.png in Resources */ = {isa = PBXBuildFile; fileRef = 42749923170D0B6C00C8DD37 /* auth_status_icon@2x.png */; };
		42749927170D0B6C00C8DD37 /* hs_status_icon@2x.png in Resources */ = {isa = PBXBuildFile; fileRef = 42749924170D0B6C00C8DD37 /* hs_status_icon@2x.png */; };
		42749928170D0B6C00C8DD37 /* reg_status_icon@2x.png in Resources */ = {isa = PBXBuildFile; fileRef = 42749925170D0B6C00C8DD37 /* reg_status_icon@2x.png */; };
		4274992C170D0BB900C8DD37 /* StatusWatcher.m in Sources */ = {isa = PBXBuildFile; fileRef = 4274992B170D0BB900C8DD37 /* StatusWatcher.m */; };
		427622B2171C76E400940355 /* NSProcessInfo+Debugging.m in Sources */ = {isa = PBXBuildFile; fileRef = 427622B1171C76E400940355 /* NSProcessInfo+Debugging.m */; };
		4282215A16FBB53000B637A4 /* 50_yrs_icon_114@2x.png in Resources */ = {isa = PBXBuildFile; fileRef = 4282215816FBB53000B637A4 /* 50_yrs_icon_114@2x.png */; };
		4282215B16FBB53000B637A4 /* 50_yrs_icon_144@2x.png in Resources */ = {isa = PBXBuildFile; fileRef = 4282215916FBB53000B637A4 /* 50_yrs_icon_144@2x.png */; };
		428221EA16FBBA3900B637A4 /* AFHTTPClient.m in Sources */ = {isa = PBXBuildFile; fileRef = 428221D816FBBA3900B637A4 /* AFHTTPClient.m */; };
		428221EB16FBBA3900B637A4 /* AFHTTPRequestOperation.m in Sources */ = {isa = PBXBuildFile; fileRef = 428221DA16FBBA3900B637A4 /* AFHTTPRequestOperation.m */; };
		428221EC16FBBA3900B637A4 /* AFImageRequestOperation.m in Sources */ = {isa = PBXBuildFile; fileRef = 428221DC16FBBA3900B637A4 /* AFImageRequestOperation.m */; };
		428221ED16FBBA3900B637A4 /* AFJSONRequestOperation.m in Sources */ = {isa = PBXBuildFile; fileRef = 428221DE16FBBA3900B637A4 /* AFJSONRequestOperation.m */; };
		428221EE16FBBA3900B637A4 /* AFNetworkActivityIndicatorManager.m in Sources */ = {isa = PBXBuildFile; fileRef = 428221E016FBBA3900B637A4 /* AFNetworkActivityIndicatorManager.m */; };
		428221EF16FBBA3900B637A4 /* AFPropertyListRequestOperation.m in Sources */ = {isa = PBXBuildFile; fileRef = 428221E316FBBA3900B637A4 /* AFPropertyListRequestOperation.m */; };
		428221F016FBBA3900B637A4 /* AFURLConnectionOperation.m in Sources */ = {isa = PBXBuildFile; fileRef = 428221E516FBBA3900B637A4 /* AFURLConnectionOperation.m */; };
		428221F116FBBA3900B637A4 /* AFXMLRequestOperation.m in Sources */ = {isa = PBXBuildFile; fileRef = 428221E716FBBA3900B637A4 /* AFXMLRequestOperation.m */; };
		428221F216FBBA3900B637A4 /* UIImageView+AFNetworking.m in Sources */ = {isa = PBXBuildFile; fileRef = 428221E916FBBA3900B637A4 /* UIImageView+AFNetworking.m */; };
		429959251714E97600C2A724 /* ServerLogViewController.m in Sources */ = {isa = PBXBuildFile; fileRef = 429959231714E97600C2A724 /* ServerLogViewController.m */; };
		429959261714E97600C2A724 /* ServerLogViewController.xib in Resources */ = {isa = PBXBuildFile; fileRef = 429959241714E97600C2A724 /* ServerLogViewController.xib */; };
		42995D411796392100B19FEF /* HTCalibrationTriggersViewController.m in Sources */ = {isa = PBXBuildFile; fileRef = 42995D401796392100B19FEF /* HTCalibrationTriggersViewController.m */; };
		42995D431796394C00B19FEF /* HTCalibrationTriggersViewController.xib in Resources */ = {isa = PBXBuildFile; fileRef = 42995D421796394C00B19FEF /* HTCalibrationTriggersViewController.xib */; };
		42A2362B17012CCC00329EC1 /* NSURLRequest+GETParams.m in Sources */ = {isa = PBXBuildFile; fileRef = 42A2362A17012CCC00329EC1 /* NSURLRequest+GETParams.m */; };
		42A2363A1702658200329EC1 /* cogBarButton@2x.png in Resources */ = {isa = PBXBuildFile; fileRef = 42A236391702658200329EC1 /* cogBarButton@2x.png */; };
		42A236431702688C00329EC1 /* SettingsViewController.m in Sources */ = {isa = PBXBuildFile; fileRef = 42A236411702688C00329EC1 /* SettingsViewController.m */; };
		42A236441702688C00329EC1 /* SettingsViewController.xib in Resources */ = {isa = PBXBuildFile; fileRef = 42A236421702688C00329EC1 /* SettingsViewController.xib */; };
		42A2364817028F0A00329EC1 /* SwitchTableViewCell.m in Sources */ = {isa = PBXBuildFile; fileRef = 42A2364717028F0A00329EC1 /* SwitchTableViewCell.m */; };
		42B4AD9117068069001F9CDB /* AddLocationViewController.m in Sources */ = {isa = PBXBuildFile; fileRef = 42B4AD8F17068069001F9CDB /* AddLocationViewController.m */; };
		42B4AD9217068069001F9CDB /* AddLocationViewController.xib in Resources */ = {isa = PBXBuildFile; fileRef = 42B4AD9017068069001F9CDB /* AddLocationViewController.xib */; };
		42B4ADA2170A6B71001F9CDB /* Default-568h@2x.png in Resources */ = {isa = PBXBuildFile; fileRef = 42B4ADA1170A6B71001F9CDB /* Default-568h@2x.png */; };
		42B4ADA4170A6B8D001F9CDB /* Default-Portrait@2x~ipad.png in Resources */ = {isa = PBXBuildFile; fileRef = 42B4ADA3170A6B8D001F9CDB /* Default-Portrait@2x~ipad.png */; };
		42B4ADA5170A6D4F001F9CDB /* Default@2x.png in Resources */ = {isa = PBXBuildFile; fileRef = 42B4AD9F170A6B6C001F9CDB /* Default@2x.png */; };
		42B4ADA9170A8681001F9CDB /* ServerSettingsViewController.m in Sources */ = {isa = PBXBuildFile; fileRef = 42B4ADA7170A8681001F9CDB /* ServerSettingsViewController.m */; };
		42B4ADAA170A8681001F9CDB /* ServerSettingsViewController.xib in Resources */ = {isa = PBXBuildFile; fileRef = 42B4ADA8170A8681001F9CDB /* ServerSettingsViewController.xib */; };
		42B4ADAD170B4D40001F9CDB /* UITableView+Cells.m in Sources */ = {isa = PBXBuildFile; fileRef = 42B4ADAC170B4D40001F9CDB /* UITableView+Cells.m */; };
		42B4ADB5170B7F31001F9CDB /* ServerStatusViewController.m in Sources */ = {isa = PBXBuildFile; fileRef = 42B4ADB3170B7F31001F9CDB /* ServerStatusViewController.m */; };
		42B4ADB6170B7F31001F9CDB /* ServerStatusViewController.xib in Resources */ = {isa = PBXBuildFile; fileRef = 42B4ADB4170B7F31001F9CDB /* ServerStatusViewController.xib */; };
		42BC99E01700E84E00DF6FC7 /* buildings_icon@2x.png in Resources */ = {isa = PBXBuildFile; fileRef = 42BC99DF1700E84E00DF6FC7 /* buildings_icon@2x.png */; };
		42BC99E31700F5B000DF6FC7 /* buildings_icon_2@2x.png in Resources */ = {isa = PBXBuildFile; fileRef = 42BC99E21700F5B000DF6FC7 /* buildings_icon_2@2x.png */; };
		42BFCBFC16F3EDDB003057C1 /* SensorsViewController.m in Sources */ = {isa = PBXBuildFile; fileRef = 42BFCBFA16F3EDDB003057C1 /* SensorsViewController.m */; };
		42BFCBFD16F3EDDB003057C1 /* SensorsViewController.xib in Resources */ = {isa = PBXBuildFile; fileRef = 42BFCBFB16F3EDDB003057C1 /* SensorsViewController.xib */; };
		42C6DB321651BA8300739A62 /* h02diff.jpg in Resources */ = {isa = PBXBuildFile; fileRef = 42C6DB311651BA8300739A62 /* h02diff.jpg */; };
		42C6DB381651BD5300739A62 /* hair_resized.jpeg in Resources */ = {isa = PBXBuildFile; fileRef = 42C6DB371651BD5300739A62 /* hair_resized.jpeg */; };
		42C6DBE416532A4600739A62 /* hair_1024.png in Resources */ = {isa = PBXBuildFile; fileRef = 42C6DBD816532A4600739A62 /* hair_1024.png */; };
		42C6DBE516532A4600739A62 /* hair_1024_withalph.png in Resources */ = {isa = PBXBuildFile; fileRef = 42C6DBD916532A4600739A62 /* hair_1024_withalph.png */; };
		42C6DBE616532A4600739A62 /* hair_alph_1024.png in Resources */ = {isa = PBXBuildFile; fileRef = 42C6DBDA16532A4600739A62 /* hair_alph_1024.png */; };
		42C6DBE816532A4600739A62 /* Scarlet_eye_left.jpg in Resources */ = {isa = PBXBuildFile; fileRef = 42C6DBDC16532A4600739A62 /* Scarlet_eye_left.jpg */; };
		42C6DBE916532A4600739A62 /* Scarlet_eye_right.jpg in Resources */ = {isa = PBXBuildFile; fileRef = 42C6DBDF16532A4600739A62 /* Scarlet_eye_right.jpg */; };
		42C6DBEA16532A4600739A62 /* Scarlet2.jpg in Resources */ = {isa = PBXBuildFile; fileRef = 42C6DBE216532A4600739A62 /* Scarlet2.jpg */; };
		42C6DBF916532EF100739A62 /* PL3DViewController_iPad.xib in Resources */ = {isa = PBXBuildFile; fileRef = 42C6DBF816532EF100739A62 /* PL3DViewController_iPad.xib */; };
		42C9E62E164C815200E3CBB3 /* GLGravityView.m in Sources */ = {isa = PBXBuildFile; fileRef = 42C9E62D164C815200E3CBB3 /* GLGravityView.m */; };
		42C9E630164C867A00E3CBB3 /* PL3DViewController.xib in Resources */ = {isa = PBXBuildFile; fileRef = 42C9E62F164C867A00E3CBB3 /* PL3DViewController.xib */; };
		42D59B251713B30600E98394 /* SegmentedControlCell.m in Sources */ = {isa = PBXBuildFile; fileRef = 42D59B241713B30600E98394 /* SegmentedControlCell.m */; };
		42D6099F16FA380C00BAFDEF /* ConfigTempViewController.m in Sources */ = {isa = PBXBuildFile; fileRef = 42D6099D16FA380C00BAFDEF /* ConfigTempViewController.m */; };
		42D609A016FA380C00BAFDEF /* ConfigTempViewController.xib in Resources */ = {isa = PBXBuildFile; fileRef = 42D6099E16FA380C00BAFDEF /* ConfigTempViewController.xib */; };
		42EC7B5C1648779A00A782BD /* CC3Foundation.m in Sources */ = {isa = PBXBuildFile; fileRef = 42EC7B4D1648779A00A782BD /* CC3Foundation.m */; };
		42EC7B5D1648779A00A782BD /* CC3GLMatrix.m in Sources */ = {isa = PBXBuildFile; fileRef = 42EC7B4F1648779A00A782BD /* CC3GLMatrix.m */; };
		42EC7B5E1648779A00A782BD /* CC3Kazmath.c in Sources */ = {isa = PBXBuildFile; fileRef = 42EC7B501648779A00A782BD /* CC3Kazmath.c */; };
		42EC7B5F1648779A00A782BD /* CC3Math.m in Sources */ = {isa = PBXBuildFile; fileRef = 42EC7B541648779A00A782BD /* CC3Math.m */; };
		42EC7B611648779A00A782BD /* OpenGLView.m in Sources */ = {isa = PBXBuildFile; fileRef = 42EC7B581648779A00A782BD /* OpenGLView.m */; };
		42EC7B621648779A00A782BD /* SimpleFragment.glsl in Resources */ = {isa = PBXBuildFile; fileRef = 42EC7B591648779A00A782BD /* SimpleFragment.glsl */; };
		42EC7B631648779A00A782BD /* SimpleVertex.glsl in Resources */ = {isa = PBXBuildFile; fileRef = 42EC7B5A1648779A00A782BD /* SimpleVertex.glsl */; };
		42EC7B6E1648796E00A782BD /* PLT3DViewController.m in Sources */ = {isa = PBXBuildFile; fileRef = 42EC7B6C1648796E00A782BD /* PLT3DViewController.m */; };
		42EC7B7416487ADA00A782BD /* OpenGLES.framework in Frameworks */ = {isa = PBXBuildFile; fileRef = 42EC7B7316487ADA00A782BD /* OpenGLES.framework */; };
		42EC7B7616487B0200A782BD /* QuartzCore.framework in Frameworks */ = {isa = PBXBuildFile; fileRef = 42EC7B7516487B0200A782BD /* QuartzCore.framework */; };
		42FC09F0170F6F3B007238A6 /* 50_yrs_icon_144.png in Resources */ = {isa = PBXBuildFile; fileRef = 42FC09E6170F6F3B007238A6 /* 50_yrs_icon_144.png */; };
		42FC09F1170F6F3B007238A6 /* auth_status_icon_small.png in Resources */ = {isa = PBXBuildFile; fileRef = 42FC09E7170F6F3B007238A6 /* auth_status_icon_small.png */; };
		42FC09F2170F6F3B007238A6 /* buildings_icon.png in Resources */ = {isa = PBXBuildFile; fileRef = 42FC09E8170F6F3B007238A6 /* buildings_icon.png */; };
		42FC09F3170F6F3B007238A6 /* cogBarButton.png in Resources */ = {isa = PBXBuildFile; fileRef = 42FC09E9170F6F3B007238A6 /* cogBarButton.png */; };
		42FC09F4170F6F3B007238A6 /* Default-Landscape~ipad.png in Resources */ = {isa = PBXBuildFile; fileRef = 42FC09EA170F6F3B007238A6 /* Default-Landscape~ipad.png */; };
		42FC09F5170F6F3B007238A6 /* Default-Portrait~ipad.png in Resources */ = {isa = PBXBuildFile; fileRef = 42FC09EB170F6F3B007238A6 /* Default-Portrait~ipad.png */; };
		42FC09F7170F6F3B007238A6 /* plt_logo_nav.png in Resources */ = {isa = PBXBuildFile; fileRef = 42FC09ED170F6F3B007238A6 /* plt_logo_nav.png */; };
		42FC09F8170F6F3B007238A6 /* reg_status_icon_small.png in Resources */ = {isa = PBXBuildFile; fileRef = 42FC09EE170F6F3B007238A6 /* reg_status_icon_small.png */; };
		42FC09F9170F6F3B007238A6 /* signal_icon.png in Resources */ = {isa = PBXBuildFile; fileRef = 42FC09EF170F6F3B007238A6 /* signal_icon.png */; };
		42FC09FD170F7068007238A6 /* StreetViewViewController_iPad.xib in Resources */ = {isa = PBXBuildFile; fileRef = 42FC09FC170F7068007238A6 /* StreetViewViewController_iPad.xib */; };
		42FC09FF170F9C40007238A6 /* head_icon.png in Resources */ = {isa = PBXBuildFile; fileRef = 42FC09FE170F9C40007238A6 /* head_icon.png */; };
		42FC0A01170F9C61007238A6 /* hs_status_icon.png in Resources */ = {isa = PBXBuildFile; fileRef = 42FC0A00170F9C61007238A6 /* hs_status_icon.png */; };
		42FC0A03170F9E88007238A6 /* 50_yrs_icon_72.png in Resources */ = {isa = PBXBuildFile; fileRef = 42FC0A02170F9E88007238A6 /* 50_yrs_icon_72.png */; };
		42FC0A06170FB2C7007238A6 /* SettingsNavigationController.m in Sources */ = {isa = PBXBuildFile; fileRef = 42FC0A05170FB2C7007238A6 /* SettingsNavigationController.m */; };
		C300637015BF6B6800068870 /* PLTContextServer.m in Sources */ = {isa = PBXBuildFile; fileRef = C300636E15BF6B6800068870 /* PLTContextServer.m */; };
		C300637115BF6B6800068870 /* PLTContextServerMessage.m in Sources */ = {isa = PBXBuildFile; fileRef = C300636F15BF6B6800068870 /* PLTContextServerMessage.m */; };
		C300637D15BF6D3000068870 /* Security.framework in Frameworks */ = {isa = PBXBuildFile; fileRef = C300637C15BF6D3000068870 /* Security.framework */; };
		C300637F15BF6D4100068870 /* CoreLocation.framework in Frameworks */ = {isa = PBXBuildFile; fileRef = C300637E15BF6D4100068870 /* CoreLocation.framework */; };
		C300638115BF6D5C00068870 /* CFNetwork.framework in Frameworks */ = {isa = PBXBuildFile; fileRef = C300638015BF6D5C00068870 /* CFNetwork.framework */; };
		C300638615BF73E700068870 /* libicucore.dylib in Frameworks */ = {isa = PBXBuildFile; fileRef = C300638515BF73E600068870 /* libicucore.dylib */; };
		C300638C15C0C50800068870 /* base64.c in Sources */ = {isa = PBXBuildFile; fileRef = C300637615BF6CA200068870 /* base64.c */; };
		C300638D15C0C51500068870 /* NSData+SRB64Additions.m in Sources */ = {isa = PBXBuildFile; fileRef = C300637915BF6CA200068870 /* NSData+SRB64Additions.m */; };
		C300638E15C0C51800068870 /* SRWebSocket.m in Sources */ = {isa = PBXBuildFile; fileRef = C300637B15BF6CA200068870 /* SRWebSocket.m */; settings = {COMPILER_FLAGS = "-fno-objc-arc"; }; };
		C3E602BA15C5B4D70057ADD7 /* PLTAppSettings.plist in Resources */ = {isa = PBXBuildFile; fileRef = C3E602B915C5B4D70057ADD7 /* PLTAppSettings.plist */; };
		C3F97B681607CF7D00BC0B84 /* InfoViewController.m in Sources */ = {isa = PBXBuildFile; fileRef = C3F97B671607CF7D00BC0B84 /* InfoViewController.m */; };
		C3F97B6A1607CFDB00BC0B84 /* InfoView.xib in Resources */ = {isa = PBXBuildFile; fileRef = C3F97B691607CFDB00BC0B84 /* InfoView.xib */; };
/* End PBXBuildFile section */

/* Begin PBXFileReference section */
		00394BC513127BE900085280 /* CSR Wireless Sensor.app */ = {isa = PBXFileReference; explicitFileType = wrapper.application; includeInIndex = 0; path = "CSR Wireless Sensor.app"; sourceTree = BUILT_PRODUCTS_DIR; };
		00F93BF4104573EE00022230 /* ExternalAccessory.framework */ = {isa = PBXFileReference; lastKnownFileType = wrapper.framework; name = ExternalAccessory.framework; path = System/Library/Frameworks/ExternalAccessory.framework; sourceTree = SDKROOT; };
		1D30AB110D05D00D00671497 /* Foundation.framework */ = {isa = PBXFileReference; lastKnownFileType = wrapper.framework; name = Foundation.framework; path = System/Library/Frameworks/Foundation.framework; sourceTree = SDKROOT; };
		1D3623240D0F684500981E51 /* AppDelegate.h */ = {isa = PBXFileReference; fileEncoding = 4; lastKnownFileType = sourcecode.c.h; path = AppDelegate.h; sourceTree = "<group>"; };
		1D3623250D0F684500981E51 /* AppDelegate.m */ = {isa = PBXFileReference; fileEncoding = 4; lastKnownFileType = sourcecode.c.objc; path = AppDelegate.m; sourceTree = "<group>"; };
		1DF5F4DF0D08C38300B7A737 /* UIKit.framework */ = {isa = PBXFileReference; lastKnownFileType = wrapper.framework; name = UIKit.framework; path = System/Library/Frameworks/UIKit.framework; sourceTree = SDKROOT; };
		288765A40DF7441C002DB57D /* CoreGraphics.framework */ = {isa = PBXFileReference; lastKnownFileType = wrapper.framework; name = CoreGraphics.framework; path = System/Library/Frameworks/CoreGraphics.framework; sourceTree = SDKROOT; };
		2899E5210DE3E06400AC0155 /* SettingsViewController_old.xib */ = {isa = PBXFileReference; lastKnownFileType = file.xib; name = SettingsViewController_old.xib; path = ../SettingsViewController_old.xib; sourceTree = "<group>"; };
		28D7ACF60DDB3853001CB0EB /* SettingsViewController_old.h */ = {isa = PBXFileReference; fileEncoding = 4; lastKnownFileType = sourcecode.c.h; path = SettingsViewController_old.h; sourceTree = "<group>"; };
		28D7ACF70DDB3853001CB0EB /* SettingsViewController_old.m */ = {isa = PBXFileReference; fileEncoding = 4; lastKnownFileType = sourcecode.c.objc; path = SettingsViewController_old.m; sourceTree = "<group>"; };
		29B97316FDCFA39411CA2CEA /* main.m */ = {isa = PBXFileReference; fileEncoding = 4; lastKnownFileType = sourcecode.c.objc; path = main.m; sourceTree = "<group>"; };
		32CA4F630368D1EE00C91783 /* CSR_Wireless_Sensor_Prefix.pch */ = {isa = PBXFileReference; fileEncoding = 4; lastKnownFileType = sourcecode.c.h; path = CSR_Wireless_Sensor_Prefix.pch; sourceTree = "<group>"; };
		42082D621703C8E80057F63B /* PLTHeadsetManager.h */ = {isa = PBXFileReference; fileEncoding = 4; lastKnownFileType = sourcecode.c.h; path = PLTHeadsetManager.h; sourceTree = "<group>"; };
		42082D631703C8E80057F63B /* PLTHeadsetManager.m */ = {isa = PBXFileReference; fileEncoding = 4; lastKnownFileType = sourcecode.c.objc; path = PLTHeadsetManager.m; sourceTree = "<group>"; };
		42082D651703F7170057F63B /* SensorsViewController_iPad.xib */ = {isa = PBXFileReference; fileEncoding = 4; lastKnownFileType = file.xib; path = SensorsViewController_iPad.xib; sourceTree = "<group>"; };
		42082D671703FB800057F63B /* SelectionListViewController.h */ = {isa = PBXFileReference; fileEncoding = 4; lastKnownFileType = sourcecode.c.h; path = SelectionListViewController.h; sourceTree = "<group>"; };
		42082D681703FB800057F63B /* SelectionListViewController.m */ = {isa = PBXFileReference; fileEncoding = 4; lastKnownFileType = sourcecode.c.objc; path = SelectionListViewController.m; sourceTree = "<group>"; };
		42082D691703FB800057F63B /* SelectionListViewController.xib */ = {isa = PBXFileReference; fileEncoding = 4; lastKnownFileType = file.xib; path = SelectionListViewController.xib; sourceTree = "<group>"; };
		4217B0E016FBF726005FDA9C /* plt_logo_nav@2x.png */ = {isa = PBXFileReference; lastKnownFileType = image.png; path = "plt_logo_nav@2x.png"; sourceTree = "<group>"; };
		4217B0E516FBFFD1005FDA9C /* NSData+Base64.h */ = {isa = PBXFileReference; fileEncoding = 4; lastKnownFileType = sourcecode.c.h; path = "NSData+Base64.h"; sourceTree = "<group>"; };
		4217B0E616FBFFD1005FDA9C /* NSData+Base64.m */ = {isa = PBXFileReference; fileEncoding = 4; lastKnownFileType = sourcecode.c.objc; path = "NSData+Base64.m"; sourceTree = "<group>"; };
		4217B0E816FC0DBC005FDA9C /* diode_icon@2x.png */ = {isa = PBXFileReference; lastKnownFileType = image.png; name = "diode_icon@2x.png"; path = "Scarlett/diode_icon@2x.png"; sourceTree = "<group>"; };
		4217B0E916FC0DBC005FDA9C /* head_icon@2x.png */ = {isa = PBXFileReference; lastKnownFileType = image.png; name = "head_icon@2x.png"; path = "Scarlett/head_icon@2x.png"; sourceTree = "<group>"; };
		4217B0EA16FC0DBC005FDA9C /* house_icon@2x.png */ = {isa = PBXFileReference; lastKnownFileType = image.png; name = "house_icon@2x.png"; path = "Scarlett/house_icon@2x.png"; sourceTree = "<group>"; };
		4217B12D16FCE1D0005FDA9C /* plt_logo_nav_2@2x.png */ = {isa = PBXFileReference; lastKnownFileType = image.png; path = "plt_logo_nav_2@2x.png"; sourceTree = "<group>"; };
		4217B13016FCEAFA005FDA9C /* UIDevice+ScreenSize.h */ = {isa = PBXFileReference; fileEncoding = 4; lastKnownFileType = sourcecode.c.h; path = "UIDevice+ScreenSize.h"; sourceTree = "<group>"; };
		4217B13116FCEAFA005FDA9C /* UIDevice+ScreenSize.m */ = {isa = PBXFileReference; fileEncoding = 4; lastKnownFileType = sourcecode.c.objc; path = "UIDevice+ScreenSize.m"; sourceTree = "<group>"; };
		422F409E1651AC3800735AB5 /* iToast.h */ = {isa = PBXFileReference; fileEncoding = 4; lastKnownFileType = sourcecode.c.h; name = iToast.h; path = Classes/iToast.h; sourceTree = "<group>"; };
		422F409F1651AC3800735AB5 /* iToast.m */ = {isa = PBXFileReference; fileEncoding = 4; lastKnownFileType = sourcecode.c.objc; name = iToast.m; path = Classes/iToast.m; sourceTree = "<group>"; };
		422F75B816FBA121000DF717 /* StreetViewViewController.h */ = {isa = PBXFileReference; fileEncoding = 4; lastKnownFileType = sourcecode.c.h; path = StreetViewViewController.h; sourceTree = "<group>"; };
		422F75B916FBA121000DF717 /* StreetViewViewController.m */ = {isa = PBXFileReference; fileEncoding = 4; lastKnownFileType = sourcecode.c.objc; path = StreetViewViewController.m; sourceTree = "<group>"; };
		422F75BA16FBA121000DF717 /* StreetViewViewController.xib */ = {isa = PBXFileReference; fileEncoding = 4; lastKnownFileType = file.xib; path = StreetViewViewController.xib; sourceTree = "<group>"; };
		42335DC7171F8916009AE9D5 /* NSData+ShortDescription.h */ = {isa = PBXFileReference; fileEncoding = 4; lastKnownFileType = sourcecode.c.h; path = "NSData+ShortDescription.h"; sourceTree = "<group>"; };
		42335DC8171F8916009AE9D5 /* NSData+ShortDescription.m */ = {isa = PBXFileReference; fileEncoding = 4; lastKnownFileType = sourcecode.c.objc; path = "NSData+ShortDescription.m"; sourceTree = "<group>"; };
		42518A3F1641F2E1005C0E33 /* WebSocketTest1-Defines.h */ = {isa = PBXFileReference; lastKnownFileType = sourcecode.c.h; path = "WebSocketTest1-Defines.h"; sourceTree = "<group>"; };
		426FAB94170E7B0A0054D216 /* Default-Landscape@2x~ipad.png */ = {isa = PBXFileReference; lastKnownFileType = image.png; path = "Default-Landscape@2x~ipad.png"; sourceTree = "<group>"; };
		4272370C17062EDA00101B91 /* signal_icon@2x.png */ = {isa = PBXFileReference; lastKnownFileType = image.png; path = "signal_icon@2x.png"; sourceTree = "<group>"; };
		4272370F17064DCC00101B91 /* LocationOverrideViewController.h */ = {isa = PBXFileReference; fileEncoding = 4; lastKnownFileType = sourcecode.c.h; path = LocationOverrideViewController.h; sourceTree = "<group>"; };
		4272371017064DCC00101B91 /* LocationOverrideViewController.m */ = {isa = PBXFileReference; fileEncoding = 4; lastKnownFileType = sourcecode.c.objc; path = LocationOverrideViewController.m; sourceTree = "<group>"; };
		4272371117064DCC00101B91 /* LocationOverrideViewController.xib */ = {isa = PBXFileReference; fileEncoding = 4; lastKnownFileType = file.xib; path = LocationOverrideViewController.xib; sourceTree = "<group>"; };
		42749923170D0B6C00C8DD37 /* auth_status_icon@2x.png */ = {isa = PBXFileReference; lastKnownFileType = image.png; path = "auth_status_icon@2x.png"; sourceTree = "<group>"; };
		42749924170D0B6C00C8DD37 /* hs_status_icon@2x.png */ = {isa = PBXFileReference; lastKnownFileType = image.png; path = "hs_status_icon@2x.png"; sourceTree = "<group>"; };
		42749925170D0B6C00C8DD37 /* reg_status_icon@2x.png */ = {isa = PBXFileReference; lastKnownFileType = image.png; path = "reg_status_icon@2x.png"; sourceTree = "<group>"; };
		4274992A170D0BB900C8DD37 /* StatusWatcher.h */ = {isa = PBXFileReference; fileEncoding = 4; lastKnownFileType = sourcecode.c.h; path = StatusWatcher.h; sourceTree = "<group>"; };
		4274992B170D0BB900C8DD37 /* StatusWatcher.m */ = {isa = PBXFileReference; fileEncoding = 4; lastKnownFileType = sourcecode.c.objc; path = StatusWatcher.m; sourceTree = "<group>"; };
		427622B0171C76E400940355 /* NSProcessInfo+Debugging.h */ = {isa = PBXFileReference; fileEncoding = 4; lastKnownFileType = sourcecode.c.h; path = "NSProcessInfo+Debugging.h"; sourceTree = "<group>"; };
		427622B1171C76E400940355 /* NSProcessInfo+Debugging.m */ = {isa = PBXFileReference; fileEncoding = 4; lastKnownFileType = sourcecode.c.objc; path = "NSProcessInfo+Debugging.m"; sourceTree = "<group>"; };
		4282215816FBB53000B637A4 /* 50_yrs_icon_114@2x.png */ = {isa = PBXFileReference; lastKnownFileType = image.png; path = "50_yrs_icon_114@2x.png"; sourceTree = "<group>"; };
		4282215916FBB53000B637A4 /* 50_yrs_icon_144@2x.png */ = {isa = PBXFileReference; lastKnownFileType = image.png; path = "50_yrs_icon_144@2x.png"; sourceTree = "<group>"; };
		428221D716FBBA3900B637A4 /* AFHTTPClient.h */ = {isa = PBXFileReference; fileEncoding = 4; lastKnownFileType = sourcecode.c.h; path = AFHTTPClient.h; sourceTree = "<group>"; };
		428221D816FBBA3900B637A4 /* AFHTTPClient.m */ = {isa = PBXFileReference; fileEncoding = 4; lastKnownFileType = sourcecode.c.objc; path = AFHTTPClient.m; sourceTree = "<group>"; };
		428221D916FBBA3900B637A4 /* AFHTTPRequestOperation.h */ = {isa = PBXFileReference; fileEncoding = 4; lastKnownFileType = sourcecode.c.h; path = AFHTTPRequestOperation.h; sourceTree = "<group>"; };
		428221DA16FBBA3900B637A4 /* AFHTTPRequestOperation.m */ = {isa = PBXFileReference; fileEncoding = 4; lastKnownFileType = sourcecode.c.objc; path = AFHTTPRequestOperation.m; sourceTree = "<group>"; };
		428221DB16FBBA3900B637A4 /* AFImageRequestOperation.h */ = {isa = PBXFileReference; fileEncoding = 4; lastKnownFileType = sourcecode.c.h; path = AFImageRequestOperation.h; sourceTree = "<group>"; };
		428221DC16FBBA3900B637A4 /* AFImageRequestOperation.m */ = {isa = PBXFileReference; fileEncoding = 4; lastKnownFileType = sourcecode.c.objc; path = AFImageRequestOperation.m; sourceTree = "<group>"; };
		428221DD16FBBA3900B637A4 /* AFJSONRequestOperation.h */ = {isa = PBXFileReference; fileEncoding = 4; lastKnownFileType = sourcecode.c.h; path = AFJSONRequestOperation.h; sourceTree = "<group>"; };
		428221DE16FBBA3900B637A4 /* AFJSONRequestOperation.m */ = {isa = PBXFileReference; fileEncoding = 4; lastKnownFileType = sourcecode.c.objc; path = AFJSONRequestOperation.m; sourceTree = "<group>"; };
		428221DF16FBBA3900B637A4 /* AFNetworkActivityIndicatorManager.h */ = {isa = PBXFileReference; fileEncoding = 4; lastKnownFileType = sourcecode.c.h; path = AFNetworkActivityIndicatorManager.h; sourceTree = "<group>"; };
		428221E016FBBA3900B637A4 /* AFNetworkActivityIndicatorManager.m */ = {isa = PBXFileReference; fileEncoding = 4; lastKnownFileType = sourcecode.c.objc; path = AFNetworkActivityIndicatorManager.m; sourceTree = "<group>"; };
		428221E116FBBA3900B637A4 /* AFNetworking.h */ = {isa = PBXFileReference; fileEncoding = 4; lastKnownFileType = sourcecode.c.h; path = AFNetworking.h; sourceTree = "<group>"; };
		428221E216FBBA3900B637A4 /* AFPropertyListRequestOperation.h */ = {isa = PBXFileReference; fileEncoding = 4; lastKnownFileType = sourcecode.c.h; path = AFPropertyListRequestOperation.h; sourceTree = "<group>"; };
		428221E316FBBA3900B637A4 /* AFPropertyListRequestOperation.m */ = {isa = PBXFileReference; fileEncoding = 4; lastKnownFileType = sourcecode.c.objc; path = AFPropertyListRequestOperation.m; sourceTree = "<group>"; };
		428221E416FBBA3900B637A4 /* AFURLConnectionOperation.h */ = {isa = PBXFileReference; fileEncoding = 4; lastKnownFileType = sourcecode.c.h; path = AFURLConnectionOperation.h; sourceTree = "<group>"; };
		428221E516FBBA3900B637A4 /* AFURLConnectionOperation.m */ = {isa = PBXFileReference; fileEncoding = 4; lastKnownFileType = sourcecode.c.objc; path = AFURLConnectionOperation.m; sourceTree = "<group>"; };
		428221E616FBBA3900B637A4 /* AFXMLRequestOperation.h */ = {isa = PBXFileReference; fileEncoding = 4; lastKnownFileType = sourcecode.c.h; path = AFXMLRequestOperation.h; sourceTree = "<group>"; };
		428221E716FBBA3900B637A4 /* AFXMLRequestOperation.m */ = {isa = PBXFileReference; fileEncoding = 4; lastKnownFileType = sourcecode.c.objc; path = AFXMLRequestOperation.m; sourceTree = "<group>"; };
		428221E816FBBA3900B637A4 /* UIImageView+AFNetworking.h */ = {isa = PBXFileReference; fileEncoding = 4; lastKnownFileType = sourcecode.c.h; path = "UIImageView+AFNetworking.h"; sourceTree = "<group>"; };
		428221E916FBBA3900B637A4 /* UIImageView+AFNetworking.m */ = {isa = PBXFileReference; fileEncoding = 4; lastKnownFileType = sourcecode.c.objc; path = "UIImageView+AFNetworking.m"; sourceTree = "<group>"; };
		429959221714E97600C2A724 /* ServerLogViewController.h */ = {isa = PBXFileReference; fileEncoding = 4; lastKnownFileType = sourcecode.c.h; name = ServerLogViewController.h; path = ../ServerLogViewController.h; sourceTree = "<group>"; };
		429959231714E97600C2A724 /* ServerLogViewController.m */ = {isa = PBXFileReference; fileEncoding = 4; lastKnownFileType = sourcecode.c.objc; name = ServerLogViewController.m; path = ../ServerLogViewController.m; sourceTree = "<group>"; };
		429959241714E97600C2A724 /* ServerLogViewController.xib */ = {isa = PBXFileReference; fileEncoding = 4; lastKnownFileType = file.xib; name = ServerLogViewController.xib; path = ../ServerLogViewController.xib; sourceTree = "<group>"; };
		42995D3F1796392100B19FEF /* HTCalibrationTriggersViewController.h */ = {isa = PBXFileReference; fileEncoding = 4; lastKnownFileType = sourcecode.c.h; path = HTCalibrationTriggersViewController.h; sourceTree = "<group>"; };
		42995D401796392100B19FEF /* HTCalibrationTriggersViewController.m */ = {isa = PBXFileReference; fileEncoding = 4; lastKnownFileType = sourcecode.c.objc; path = HTCalibrationTriggersViewController.m; sourceTree = "<group>"; };
		42995D421796394C00B19FEF /* HTCalibrationTriggersViewController.xib */ = {isa = PBXFileReference; fileEncoding = 4; lastKnownFileType = file.xib; path = HTCalibrationTriggersViewController.xib; sourceTree = "<group>"; };
		42A2362917012CCC00329EC1 /* NSURLRequest+GETParams.h */ = {isa = PBXFileReference; fileEncoding = 4; lastKnownFileType = sourcecode.c.h; name = "NSURLRequest+GETParams.h"; path = "Classes/NSURLRequest+GETParams.h"; sourceTree = "<group>"; };
		42A2362A17012CCC00329EC1 /* NSURLRequest+GETParams.m */ = {isa = PBXFileReference; fileEncoding = 4; lastKnownFileType = sourcecode.c.objc; name = "NSURLRequest+GETParams.m"; path = "Classes/NSURLRequest+GETParams.m"; sourceTree = "<group>"; };
		42A2363217022F6800329EC1 /* LocationMonitor.h */ = {isa = PBXFileReference; lastKnownFileType = sourcecode.c.h; path = LocationMonitor.h; sourceTree = "<group>"; };
		42A2363317022F6800329EC1 /* LocationMonitor.m */ = {isa = PBXFileReference; lastKnownFileType = sourcecode.c.objc; path = LocationMonitor.m; sourceTree = "<group>"; };
		42A236391702658200329EC1 /* cogBarButton@2x.png */ = {isa = PBXFileReference; lastKnownFileType = image.png; path = "cogBarButton@2x.png"; sourceTree = "<group>"; };
		42A236401702688B00329EC1 /* SettingsViewController.h */ = {isa = PBXFileReference; fileEncoding = 4; lastKnownFileType = sourcecode.c.h; path = SettingsViewController.h; sourceTree = "<group>"; };
		42A236411702688C00329EC1 /* SettingsViewController.m */ = {isa = PBXFileReference; fileEncoding = 4; lastKnownFileType = sourcecode.c.objc; path = SettingsViewController.m; sourceTree = "<group>"; };
		42A236421702688C00329EC1 /* SettingsViewController.xib */ = {isa = PBXFileReference; fileEncoding = 4; lastKnownFileType = file.xib; path = SettingsViewController.xib; sourceTree = "<group>"; };
		42A2364617028F0A00329EC1 /* SwitchTableViewCell.h */ = {isa = PBXFileReference; fileEncoding = 4; lastKnownFileType = sourcecode.c.h; name = SwitchTableViewCell.h; path = Classes/SwitchTableViewCell.h; sourceTree = "<group>"; };
		42A2364717028F0A00329EC1 /* SwitchTableViewCell.m */ = {isa = PBXFileReference; fileEncoding = 4; lastKnownFileType = sourcecode.c.objc; name = SwitchTableViewCell.m; path = Classes/SwitchTableViewCell.m; sourceTree = "<group>"; };
		42B4AD8E17068069001F9CDB /* AddLocationViewController.h */ = {isa = PBXFileReference; fileEncoding = 4; lastKnownFileType = sourcecode.c.h; path = AddLocationViewController.h; sourceTree = "<group>"; };
		42B4AD8F17068069001F9CDB /* AddLocationViewController.m */ = {isa = PBXFileReference; fileEncoding = 4; lastKnownFileType = sourcecode.c.objc; path = AddLocationViewController.m; sourceTree = "<group>"; };
		42B4AD9017068069001F9CDB /* AddLocationViewController.xib */ = {isa = PBXFileReference; fileEncoding = 4; lastKnownFileType = file.xib; path = AddLocationViewController.xib; sourceTree = "<group>"; };
		42B4AD9F170A6B6C001F9CDB /* Default@2x.png */ = {isa = PBXFileReference; lastKnownFileType = image.png; path = "Default@2x.png"; sourceTree = "<group>"; };
		42B4ADA1170A6B71001F9CDB /* Default-568h@2x.png */ = {isa = PBXFileReference; lastKnownFileType = image.png; path = "Default-568h@2x.png"; sourceTree = "<group>"; };
		42B4ADA3170A6B8D001F9CDB /* Default-Portrait@2x~ipad.png */ = {isa = PBXFileReference; lastKnownFileType = image.png; path = "Default-Portrait@2x~ipad.png"; sourceTree = "<group>"; };
		42B4ADA6170A8681001F9CDB /* ServerSettingsViewController.h */ = {isa = PBXFileReference; fileEncoding = 4; lastKnownFileType = sourcecode.c.h; path = ServerSettingsViewController.h; sourceTree = "<group>"; };
		42B4ADA7170A8681001F9CDB /* ServerSettingsViewController.m */ = {isa = PBXFileReference; fileEncoding = 4; lastKnownFileType = sourcecode.c.objc; path = ServerSettingsViewController.m; sourceTree = "<group>"; };
		42B4ADA8170A8681001F9CDB /* ServerSettingsViewController.xib */ = {isa = PBXFileReference; fileEncoding = 4; lastKnownFileType = file.xib; path = ServerSettingsViewController.xib; sourceTree = "<group>"; };
		42B4ADAB170B4D40001F9CDB /* UITableView+Cells.h */ = {isa = PBXFileReference; fileEncoding = 4; lastKnownFileType = sourcecode.c.h; path = "UITableView+Cells.h"; sourceTree = "<group>"; };
		42B4ADAC170B4D40001F9CDB /* UITableView+Cells.m */ = {isa = PBXFileReference; fileEncoding = 4; lastKnownFileType = sourcecode.c.objc; path = "UITableView+Cells.m"; sourceTree = "<group>"; };
		42B4ADB2170B7F31001F9CDB /* ServerStatusViewController.h */ = {isa = PBXFileReference; fileEncoding = 4; lastKnownFileType = sourcecode.c.h; path = ServerStatusViewController.h; sourceTree = "<group>"; };
		42B4ADB3170B7F31001F9CDB /* ServerStatusViewController.m */ = {isa = PBXFileReference; fileEncoding = 4; lastKnownFileType = sourcecode.c.objc; path = ServerStatusViewController.m; sourceTree = "<group>"; };
		42B4ADB4170B7F31001F9CDB /* ServerStatusViewController.xib */ = {isa = PBXFileReference; fileEncoding = 4; lastKnownFileType = file.xib; path = ServerStatusViewController.xib; sourceTree = "<group>"; };
		42BC99DF1700E84E00DF6FC7 /* buildings_icon@2x.png */ = {isa = PBXFileReference; lastKnownFileType = image.png; path = "buildings_icon@2x.png"; sourceTree = "<group>"; };
		42BC99E21700F5B000DF6FC7 /* buildings_icon_2@2x.png */ = {isa = PBXFileReference; lastKnownFileType = image.png; path = "buildings_icon_2@2x.png"; sourceTree = "<group>"; };
		42BFCBF916F3EDDB003057C1 /* SensorsViewController.h */ = {isa = PBXFileReference; fileEncoding = 4; lastKnownFileType = sourcecode.c.h; path = SensorsViewController.h; sourceTree = "<group>"; };
		42BFCBFA16F3EDDB003057C1 /* SensorsViewController.m */ = {isa = PBXFileReference; fileEncoding = 4; lastKnownFileType = sourcecode.c.objc; path = SensorsViewController.m; sourceTree = "<group>"; };
		42BFCBFB16F3EDDB003057C1 /* SensorsViewController.xib */ = {isa = PBXFileReference; fileEncoding = 4; lastKnownFileType = file.xib; path = SensorsViewController.xib; sourceTree = "<group>"; };
		42C6DB311651BA8300739A62 /* h02diff.jpg */ = {isa = PBXFileReference; lastKnownFileType = image.jpeg; path = h02diff.jpg; sourceTree = "<group>"; };
		42C6DB341651BA9B00739A62 /* scarlet_hair.h */ = {isa = PBXFileReference; fileEncoding = 4; lastKnownFileType = sourcecode.c.h; path = scarlet_hair.h; sourceTree = "<group>"; };
		42C6DB371651BD5300739A62 /* hair_resized.jpeg */ = {isa = PBXFileReference; lastKnownFileType = image.jpeg; path = hair_resized.jpeg; sourceTree = "<group>"; };
		42C6DB391651BDB000739A62 /* scarlet2.h */ = {isa = PBXFileReference; fileEncoding = 4; lastKnownFileType = sourcecode.c.h; path = scarlet2.h; sourceTree = "<group>"; };
		42C6DBD716532A4600739A62 /* h02diff.jpg */ = {isa = PBXFileReference; lastKnownFileType = image.jpeg; path = h02diff.jpg; sourceTree = "<group>"; };
		42C6DBD816532A4600739A62 /* hair_1024.png */ = {isa = PBXFileReference; lastKnownFileType = image.png; path = hair_1024.png; sourceTree = "<group>"; };
		42C6DBD916532A4600739A62 /* hair_1024_withalph.png */ = {isa = PBXFileReference; lastKnownFileType = image.png; path = hair_1024_withalph.png; sourceTree = "<group>"; };
		42C6DBDA16532A4600739A62 /* hair_alph_1024.png */ = {isa = PBXFileReference; lastKnownFileType = image.png; path = hair_alph_1024.png; sourceTree = "<group>"; };
		42C6DBDB16532A4600739A62 /* hair_resized.jpeg */ = {isa = PBXFileReference; lastKnownFileType = image.jpeg; path = hair_resized.jpeg; sourceTree = "<group>"; };
		42C6DBDC16532A4600739A62 /* Scarlet_eye_left.jpg */ = {isa = PBXFileReference; lastKnownFileType = image.jpeg; path = Scarlet_eye_left.jpg; sourceTree = "<group>"; };
		42C6DBDD16532A4600739A62 /* scarlet_eye_leftt.h */ = {isa = PBXFileReference; fileEncoding = 4; lastKnownFileType = sourcecode.c.h; path = scarlet_eye_leftt.h; sourceTree = "<group>"; };
		42C6DBDE16532A4600739A62 /* scarlet_eye_right.h */ = {isa = PBXFileReference; fileEncoding = 4; lastKnownFileType = sourcecode.c.h; path = scarlet_eye_right.h; sourceTree = "<group>"; };
		42C6DBDF16532A4600739A62 /* Scarlet_eye_right.jpg */ = {isa = PBXFileReference; lastKnownFileType = image.jpeg; path = Scarlet_eye_right.jpg; sourceTree = "<group>"; };
		42C6DBE016532A4600739A62 /* scarlet_hair.h */ = {isa = PBXFileReference; fileEncoding = 4; lastKnownFileType = sourcecode.c.h; path = scarlet_hair.h; sourceTree = "<group>"; };
		42C6DBE116532A4600739A62 /* scarlet2.h */ = {isa = PBXFileReference; fileEncoding = 4; lastKnownFileType = sourcecode.c.h; path = scarlet2.h; sourceTree = "<group>"; };
		42C6DBE216532A4600739A62 /* Scarlet2.jpg */ = {isa = PBXFileReference; lastKnownFileType = image.jpeg; path = Scarlet2.jpg; sourceTree = "<group>"; };
		42C6DBF816532EF100739A62 /* PL3DViewController_iPad.xib */ = {isa = PBXFileReference; fileEncoding = 4; lastKnownFileType = file.xib; path = PL3DViewController_iPad.xib; sourceTree = "<group>"; };
		42C9E62B164C7E9100E3CBB3 /* scarlett_no_bowl.h */ = {isa = PBXFileReference; fileEncoding = 4; lastKnownFileType = sourcecode.c.h; name = scarlett_no_bowl.h; path = ../scarlett_no_bowl.h; sourceTree = "<group>"; };
		42C9E62C164C815200E3CBB3 /* GLGravityView.h */ = {isa = PBXFileReference; fileEncoding = 4; lastKnownFileType = sourcecode.c.h; name = GLGravityView.h; path = ../3D/GLGravityView.h; sourceTree = "<group>"; };
		42C9E62D164C815200E3CBB3 /* GLGravityView.m */ = {isa = PBXFileReference; fileEncoding = 4; lastKnownFileType = sourcecode.c.objc; name = GLGravityView.m; path = ../3D/GLGravityView.m; sourceTree = "<group>"; };
		42C9E62F164C867A00E3CBB3 /* PL3DViewController.xib */ = {isa = PBXFileReference; fileEncoding = 4; lastKnownFileType = file.xib; path = PL3DViewController.xib; sourceTree = "<group>"; };
		42D59B231713B30600E98394 /* SegmentedControlCell.h */ = {isa = PBXFileReference; fileEncoding = 4; lastKnownFileType = sourcecode.c.h; path = SegmentedControlCell.h; sourceTree = "<group>"; };
		42D59B241713B30600E98394 /* SegmentedControlCell.m */ = {isa = PBXFileReference; fileEncoding = 4; lastKnownFileType = sourcecode.c.objc; path = SegmentedControlCell.m; sourceTree = "<group>"; };
		42D6099C16FA380C00BAFDEF /* ConfigTempViewController.h */ = {isa = PBXFileReference; fileEncoding = 4; lastKnownFileType = sourcecode.c.h; path = ConfigTempViewController.h; sourceTree = "<group>"; };
		42D6099D16FA380C00BAFDEF /* ConfigTempViewController.m */ = {isa = PBXFileReference; fileEncoding = 4; lastKnownFileType = sourcecode.c.objc; path = ConfigTempViewController.m; sourceTree = "<group>"; };
		42D6099E16FA380C00BAFDEF /* ConfigTempViewController.xib */ = {isa = PBXFileReference; fileEncoding = 4; lastKnownFileType = file.xib; path = ConfigTempViewController.xib; sourceTree = "<group>"; };
		42EC7B4C1648779A00A782BD /* CC3Foundation.h */ = {isa = PBXFileReference; fileEncoding = 4; lastKnownFileType = sourcecode.c.h; path = CC3Foundation.h; sourceTree = "<group>"; };
		42EC7B4D1648779A00A782BD /* CC3Foundation.m */ = {isa = PBXFileReference; fileEncoding = 4; lastKnownFileType = sourcecode.c.objc; path = CC3Foundation.m; sourceTree = "<group>"; };
		42EC7B4E1648779A00A782BD /* CC3GLMatrix.h */ = {isa = PBXFileReference; fileEncoding = 4; lastKnownFileType = sourcecode.c.h; path = CC3GLMatrix.h; sourceTree = "<group>"; };
		42EC7B4F1648779A00A782BD /* CC3GLMatrix.m */ = {isa = PBXFileReference; fileEncoding = 4; lastKnownFileType = sourcecode.c.objc; path = CC3GLMatrix.m; sourceTree = "<group>"; };
		42EC7B501648779A00A782BD /* CC3Kazmath.c */ = {isa = PBXFileReference; fileEncoding = 4; lastKnownFileType = sourcecode.c.c; path = CC3Kazmath.c; sourceTree = "<group>"; };
		42EC7B511648779A00A782BD /* CC3Kazmath.h */ = {isa = PBXFileReference; fileEncoding = 4; lastKnownFileType = sourcecode.c.h; path = CC3Kazmath.h; sourceTree = "<group>"; };
		42EC7B521648779A00A782BD /* CC3Logging.h */ = {isa = PBXFileReference; fileEncoding = 4; lastKnownFileType = sourcecode.c.h; path = CC3Logging.h; sourceTree = "<group>"; };
		42EC7B531648779A00A782BD /* CC3Math.h */ = {isa = PBXFileReference; fileEncoding = 4; lastKnownFileType = sourcecode.c.h; path = CC3Math.h; sourceTree = "<group>"; };
		42EC7B541648779A00A782BD /* CC3Math.m */ = {isa = PBXFileReference; fileEncoding = 4; lastKnownFileType = sourcecode.c.objc; path = CC3Math.m; sourceTree = "<group>"; };
		42EC7B551648779A00A782BD /* ccTypes.h */ = {isa = PBXFileReference; fileEncoding = 4; lastKnownFileType = sourcecode.c.h; path = ccTypes.h; sourceTree = "<group>"; };
		42EC7B571648779A00A782BD /* OpenGLView.h */ = {isa = PBXFileReference; fileEncoding = 4; lastKnownFileType = sourcecode.c.h; name = OpenGLView.h; path = ../3D/OpenGLView.h; sourceTree = "<group>"; };
		42EC7B581648779A00A782BD /* OpenGLView.m */ = {isa = PBXFileReference; fileEncoding = 4; lastKnownFileType = sourcecode.c.objc; name = OpenGLView.m; path = ../3D/OpenGLView.m; sourceTree = "<group>"; };
		42EC7B591648779A00A782BD /* SimpleFragment.glsl */ = {isa = PBXFileReference; fileEncoding = 4; lastKnownFileType = text; name = SimpleFragment.glsl; path = 3D/SimpleFragment.glsl; sourceTree = "<group>"; };
		42EC7B5A1648779A00A782BD /* SimpleVertex.glsl */ = {isa = PBXFileReference; fileEncoding = 4; lastKnownFileType = text; name = SimpleVertex.glsl; path = 3D/SimpleVertex.glsl; sourceTree = "<group>"; };
		42EC7B6B1648796E00A782BD /* PLT3DViewController.h */ = {isa = PBXFileReference; fileEncoding = 4; lastKnownFileType = sourcecode.c.h; name = PLT3DViewController.h; path = 3D/PLT3DViewController.h; sourceTree = SOURCE_ROOT; };
		42EC7B6C1648796E00A782BD /* PLT3DViewController.m */ = {isa = PBXFileReference; fileEncoding = 4; lastKnownFileType = sourcecode.c.objc; name = PLT3DViewController.m; path = 3D/PLT3DViewController.m; sourceTree = SOURCE_ROOT; };
		42EC7B7316487ADA00A782BD /* OpenGLES.framework */ = {isa = PBXFileReference; lastKnownFileType = wrapper.framework; name = OpenGLES.framework; path = System/Library/Frameworks/OpenGLES.framework; sourceTree = SDKROOT; };
		42EC7B7516487B0200A782BD /* QuartzCore.framework */ = {isa = PBXFileReference; lastKnownFileType = wrapper.framework; name = QuartzCore.framework; path = System/Library/Frameworks/QuartzCore.framework; sourceTree = SDKROOT; };
		42FC09E6170F6F3B007238A6 /* 50_yrs_icon_144.png */ = {isa = PBXFileReference; lastKnownFileType = image.png; path = 50_yrs_icon_144.png; sourceTree = "<group>"; };
		42FC09E7170F6F3B007238A6 /* auth_status_icon_small.png */ = {isa = PBXFileReference; lastKnownFileType = image.png; path = auth_status_icon_small.png; sourceTree = "<group>"; };
		42FC09E8170F6F3B007238A6 /* buildings_icon.png */ = {isa = PBXFileReference; lastKnownFileType = image.png; path = buildings_icon.png; sourceTree = "<group>"; };
		42FC09E9170F6F3B007238A6 /* cogBarButton.png */ = {isa = PBXFileReference; lastKnownFileType = image.png; path = cogBarButton.png; sourceTree = "<group>"; };
		42FC09EA170F6F3B007238A6 /* Default-Landscape~ipad.png */ = {isa = PBXFileReference; lastKnownFileType = image.png; path = "Default-Landscape~ipad.png"; sourceTree = "<group>"; };
		42FC09EB170F6F3B007238A6 /* Default-Portrait~ipad.png */ = {isa = PBXFileReference; lastKnownFileType = image.png; path = "Default-Portrait~ipad.png"; sourceTree = "<group>"; };
		42FC09ED170F6F3B007238A6 /* plt_logo_nav.png */ = {isa = PBXFileReference; lastKnownFileType = image.png; path = plt_logo_nav.png; sourceTree = "<group>"; };
		42FC09EE170F6F3B007238A6 /* reg_status_icon_small.png */ = {isa = PBXFileReference; lastKnownFileType = image.png; path = reg_status_icon_small.png; sourceTree = "<group>"; };
		42FC09EF170F6F3B007238A6 /* signal_icon.png */ = {isa = PBXFileReference; lastKnownFileType = image.png; path = signal_icon.png; sourceTree = "<group>"; };
		42FC09FC170F7068007238A6 /* StreetViewViewController_iPad.xib */ = {isa = PBXFileReference; fileEncoding = 4; lastKnownFileType = file.xib; path = StreetViewViewController_iPad.xib; sourceTree = "<group>"; };
		42FC09FE170F9C40007238A6 /* head_icon.png */ = {isa = PBXFileReference; lastKnownFileType = image.png; path = head_icon.png; sourceTree = "<group>"; };
		42FC0A00170F9C61007238A6 /* hs_status_icon.png */ = {isa = PBXFileReference; lastKnownFileType = image.png; path = hs_status_icon.png; sourceTree = "<group>"; };
		42FC0A02170F9E88007238A6 /* 50_yrs_icon_72.png */ = {isa = PBXFileReference; lastKnownFileType = image.png; path = 50_yrs_icon_72.png; sourceTree = "<group>"; };
		42FC0A04170FB2C7007238A6 /* SettingsNavigationController.h */ = {isa = PBXFileReference; fileEncoding = 4; lastKnownFileType = sourcecode.c.h; path = SettingsNavigationController.h; sourceTree = "<group>"; };
		42FC0A05170FB2C7007238A6 /* SettingsNavigationController.m */ = {isa = PBXFileReference; fileEncoding = 4; lastKnownFileType = sourcecode.c.objc; path = SettingsNavigationController.m; sourceTree = "<group>"; };
		8D1107310486CEB800E47090 /* CSR_Wireless_Sensor-Info.plist */ = {isa = PBXFileReference; fileEncoding = 4; lastKnownFileType = text.plist.xml; path = "CSR_Wireless_Sensor-Info.plist"; plistStructureDefinitionIdentifier = "com.apple.xcode.plist.structure-definition.iphone.info-plist"; sourceTree = "<group>"; };
		C300636E15BF6B6800068870 /* PLTContextServer.m */ = {isa = PBXFileReference; fileEncoding = 4; lastKnownFileType = sourcecode.c.objc; path = PLTContextServer.m; sourceTree = "<group>"; };
		C300636F15BF6B6800068870 /* PLTContextServerMessage.m */ = {isa = PBXFileReference; fileEncoding = 4; lastKnownFileType = sourcecode.c.objc; path = PLTContextServerMessage.m; sourceTree = "<group>"; };
		C300637315BF6BAC00068870 /* PLTContextServer.h */ = {isa = PBXFileReference; lastKnownFileType = sourcecode.c.h; path = PLTContextServer.h; sourceTree = "<group>"; };
		C300637415BF6BAC00068870 /* PLTContextServerMessage.h */ = {isa = PBXFileReference; lastKnownFileType = sourcecode.c.h; path = PLTContextServerMessage.h; sourceTree = "<group>"; };
		C300637615BF6CA200068870 /* base64.c */ = {isa = PBXFileReference; lastKnownFileType = sourcecode.c.c; path = base64.c; sourceTree = "<group>"; };
		C300637715BF6CA200068870 /* base64.h */ = {isa = PBXFileReference; lastKnownFileType = sourcecode.c.h; path = base64.h; sourceTree = "<group>"; };
		C300637815BF6CA200068870 /* NSData+SRB64Additions.h */ = {isa = PBXFileReference; lastKnownFileType = sourcecode.c.h; path = "NSData+SRB64Additions.h"; sourceTree = "<group>"; };
		C300637915BF6CA200068870 /* NSData+SRB64Additions.m */ = {isa = PBXFileReference; lastKnownFileType = sourcecode.c.objc; path = "NSData+SRB64Additions.m"; sourceTree = "<group>"; };
		C300637A15BF6CA200068870 /* SRWebSocket.h */ = {isa = PBXFileReference; lastKnownFileType = sourcecode.c.h; path = SRWebSocket.h; sourceTree = "<group>"; };
		C300637B15BF6CA200068870 /* SRWebSocket.m */ = {isa = PBXFileReference; lastKnownFileType = sourcecode.c.objc; path = SRWebSocket.m; sourceTree = "<group>"; };
		C300637C15BF6D3000068870 /* Security.framework */ = {isa = PBXFileReference; lastKnownFileType = wrapper.framework; name = Security.framework; path = System/Library/Frameworks/Security.framework; sourceTree = SDKROOT; };
		C300637E15BF6D4100068870 /* CoreLocation.framework */ = {isa = PBXFileReference; lastKnownFileType = wrapper.framework; name = CoreLocation.framework; path = System/Library/Frameworks/CoreLocation.framework; sourceTree = SDKROOT; };
		C300638015BF6D5C00068870 /* CFNetwork.framework */ = {isa = PBXFileReference; lastKnownFileType = wrapper.framework; name = CFNetwork.framework; path = System/Library/Frameworks/CFNetwork.framework; sourceTree = SDKROOT; };
		C300638515BF73E600068870 /* libicucore.dylib */ = {isa = PBXFileReference; lastKnownFileType = "compiled.mach-o.dylib"; name = libicucore.dylib; path = usr/lib/libicucore.dylib; sourceTree = SDKROOT; };
		C3E602B915C5B4D70057ADD7 /* PLTAppSettings.plist */ = {isa = PBXFileReference; fileEncoding = 4; lastKnownFileType = text.plist.xml; path = PLTAppSettings.plist; sourceTree = "<group>"; };
		C3F97B661607CF7D00BC0B84 /* InfoViewController.h */ = {isa = PBXFileReference; fileEncoding = 4; lastKnownFileType = sourcecode.c.h; name = InfoViewController.h; path = ../InfoViewController.h; sourceTree = "<group>"; };
		C3F97B671607CF7D00BC0B84 /* InfoViewController.m */ = {isa = PBXFileReference; fileEncoding = 4; lastKnownFileType = sourcecode.c.objc; name = InfoViewController.m; path = ../InfoViewController.m; sourceTree = "<group>"; };
		C3F97B691607CFDB00BC0B84 /* InfoView.xib */ = {isa = PBXFileReference; fileEncoding = 4; lastKnownFileType = file.xib; name = InfoView.xib; path = ../InfoView.xib; sourceTree = "<group>"; };
/* End PBXFileReference section */

/* Begin PBXFrameworksBuildPhase section */
		1D60588F0D05DD3D006BFB54 /* Frameworks */ = {
			isa = PBXFrameworksBuildPhase;
			buildActionMask = 2147483647;
			files = (
				42EC7B7616487B0200A782BD /* QuartzCore.framework in Frameworks */,
				288765A50DF7441C002DB57D /* CoreGraphics.framework in Frameworks */,
				42EC7B7416487ADA00A782BD /* OpenGLES.framework in Frameworks */,
				C300638615BF73E700068870 /* libicucore.dylib in Frameworks */,
				C300638115BF6D5C00068870 /* CFNetwork.framework in Frameworks */,
				C300637F15BF6D4100068870 /* CoreLocation.framework in Frameworks */,
				C300637D15BF6D3000068870 /* Security.framework in Frameworks */,
				1D60589F0D05DD5A006BFB54 /* Foundation.framework in Frameworks */,
				1DF5F4E00D08C38300B7A737 /* UIKit.framework in Frameworks */,
				00F93BF5104573EE00022230 /* ExternalAccessory.framework in Frameworks */,
			);
			runOnlyForDeploymentPostprocessing = 0;
		};
/* End PBXFrameworksBuildPhase section */

/* Begin PBXGroup section */
		080E96DDFE201D6D7F000001 /* Classes */ = {
			isa = PBXGroup;
			children = (
				1D3623240D0F684500981E51 /* AppDelegate.h */,
				1D3623250D0F684500981E51 /* AppDelegate.m */,
				42082D621703C8E80057F63B /* PLTHeadsetManager.h */,
				42082D631703C8E80057F63B /* PLTHeadsetManager.m */,
				4274992A170D0BB900C8DD37 /* StatusWatcher.h */,
				4274992B170D0BB900C8DD37 /* StatusWatcher.m */,
				422F75BE16FBAD2E000DF717 /* 3D */,
				422F75C116FBAD70000DF717 /* Sensors */,
				422F75C216FBAD76000DF717 /* Street View */,
				422F75BF16FBAD46000DF717 /* Settings */,
			);
			path = Classes;
			sourceTree = "<group>";
		};
		19C28FACFE9D520D11CA2CBB /* Products */ = {
			isa = PBXGroup;
			children = (
				00394BC513127BE900085280 /* CSR Wireless Sensor.app */,
			);
			name = Products;
			sourceTree = "<group>";
		};
		29B97314FDCFA39411CA2CEA /* CustomTemplate */ = {
			isa = PBXGroup;
			children = (
				080E96DDFE201D6D7F000001 /* Classes */,
				422F75C016FBAD5C000DF717 /* Context Server */,
				4217B13316FCEAFF005FDA9C /* Categories */,
				C300637515BF6C4900068870 /* SocketRocket */,
				428221D616FBBA3900B637A4 /* AFNetworking */,
				29B97315FDCFA39411CA2CEA /* Other Sources */,
				29B97317FDCFA39411CA2CEA /* Resources */,
				29B97323FDCFA39411CA2CEA /* Frameworks */,
				19C28FACFE9D520D11CA2CBB /* Products */,
			);
			name = CustomTemplate;
			sourceTree = "<group>";
		};
		29B97315FDCFA39411CA2CEA /* Other Sources */ = {
			isa = PBXGroup;
			children = (
				42A2363217022F6800329EC1 /* LocationMonitor.h */,
				42A2363317022F6800329EC1 /* LocationMonitor.m */,
				42A2364617028F0A00329EC1 /* SwitchTableViewCell.h */,
				42A2364717028F0A00329EC1 /* SwitchTableViewCell.m */,
				42D59B231713B30600E98394 /* SegmentedControlCell.h */,
				42D59B241713B30600E98394 /* SegmentedControlCell.m */,
				422F409E1651AC3800735AB5 /* iToast.h */,
				422F409F1651AC3800735AB5 /* iToast.m */,
				32CA4F630368D1EE00C91783 /* CSR_Wireless_Sensor_Prefix.pch */,
				42518A3F1641F2E1005C0E33 /* WebSocketTest1-Defines.h */,
				29B97316FDCFA39411CA2CEA /* main.m */,
				4217B12F16FCE8BC005FDA9C /* Unused */,
			);
			name = "Other Sources";
			sourceTree = "<group>";
		};
		29B97317FDCFA39411CA2CEA /* Resources */ = {
			isa = PBXGroup;
			children = (
				C3E602B915C5B4D70057ADD7 /* PLTAppSettings.plist */,
				426FAB93170E774B0054D216 /* Images */,
				8D1107310486CEB800E47090 /* CSR_Wireless_Sensor-Info.plist */,
				42EC7B591648779A00A782BD /* SimpleFragment.glsl */,
				42EC7B5A1648779A00A782BD /* SimpleVertex.glsl */,
				42C9E5FE164B48A800E3CBB3 /* Scarlett */,
			);
			name = Resources;
			sourceTree = "<group>";
		};
		29B97323FDCFA39411CA2CEA /* Frameworks */ = {
			isa = PBXGroup;
			children = (
				42EC7B7516487B0200A782BD /* QuartzCore.framework */,
				42EC7B7316487ADA00A782BD /* OpenGLES.framework */,
				C300638515BF73E600068870 /* libicucore.dylib */,
				C300637C15BF6D3000068870 /* Security.framework */,
				C300637E15BF6D4100068870 /* CoreLocation.framework */,
				C300638015BF6D5C00068870 /* CFNetwork.framework */,
				00F93BF4104573EE00022230 /* ExternalAccessory.framework */,
				1DF5F4DF0D08C38300B7A737 /* UIKit.framework */,
				1D30AB110D05D00D00671497 /* Foundation.framework */,
				288765A40DF7441C002DB57D /* CoreGraphics.framework */,
			);
			name = Frameworks;
			sourceTree = "<group>";
		};
		4217B12F16FCE8BC005FDA9C /* Unused */ = {
			isa = PBXGroup;
			children = (
				42EC7B571648779A00A782BD /* OpenGLView.h */,
				42EC7B581648779A00A782BD /* OpenGLView.m */,
			);
			name = Unused;
			path = Classes;
			sourceTree = "<group>";
		};
		4217B13316FCEAFF005FDA9C /* Categories */ = {
			isa = PBXGroup;
			children = (
				42B4ADAB170B4D40001F9CDB /* UITableView+Cells.h */,
				42B4ADAC170B4D40001F9CDB /* UITableView+Cells.m */,
				42A2362917012CCC00329EC1 /* NSURLRequest+GETParams.h */,
				42A2362A17012CCC00329EC1 /* NSURLRequest+GETParams.m */,
				4217B0E516FBFFD1005FDA9C /* NSData+Base64.h */,
				4217B0E616FBFFD1005FDA9C /* NSData+Base64.m */,
				4217B13016FCEAFA005FDA9C /* UIDevice+ScreenSize.h */,
				4217B13116FCEAFA005FDA9C /* UIDevice+ScreenSize.m */,
				427622B0171C76E400940355 /* NSProcessInfo+Debugging.h */,
				427622B1171C76E400940355 /* NSProcessInfo+Debugging.m */,
				42335DC7171F8916009AE9D5 /* NSData+ShortDescription.h */,
				42335DC8171F8916009AE9D5 /* NSData+ShortDescription.m */,
			);
			name = Categories;
			sourceTree = "<group>";
		};
		422F75BE16FBAD2E000DF717 /* 3D */ = {
			isa = PBXGroup;
			children = (
				42EC7B6B1648796E00A782BD /* PLT3DViewController.h */,
				42EC7B6C1648796E00A782BD /* PLT3DViewController.m */,
				42C9E62F164C867A00E3CBB3 /* PL3DViewController.xib */,
				42C6DBF816532EF100739A62 /* PL3DViewController_iPad.xib */,
				42C9E62C164C815200E3CBB3 /* GLGravityView.h */,
				42C9E62D164C815200E3CBB3 /* GLGravityView.m */,
				42EC7B4B1648779A00A782BD /* Cocos3DMathLib */,
			);
			name = 3D;
			sourceTree = "<group>";
		};
		422F75BF16FBAD46000DF717 /* Settings */ = {
			isa = PBXGroup;
			children = (
				42FC0A04170FB2C7007238A6 /* SettingsNavigationController.h */,
				42FC0A05170FB2C7007238A6 /* SettingsNavigationController.m */,
				42A236401702688B00329EC1 /* SettingsViewController.h */,
				42A236411702688C00329EC1 /* SettingsViewController.m */,
				42A236421702688C00329EC1 /* SettingsViewController.xib */,
				42082D671703FB800057F63B /* SelectionListViewController.h */,
				42082D681703FB800057F63B /* SelectionListViewController.m */,
				42082D691703FB800057F63B /* SelectionListViewController.xib */,
				4272370F17064DCC00101B91 /* LocationOverrideViewController.h */,
				4272371017064DCC00101B91 /* LocationOverrideViewController.m */,
				4272371117064DCC00101B91 /* LocationOverrideViewController.xib */,
				42B4AD8E17068069001F9CDB /* AddLocationViewController.h */,
				42B4AD8F17068069001F9CDB /* AddLocationViewController.m */,
				42B4AD9017068069001F9CDB /* AddLocationViewController.xib */,
				42B4ADA6170A8681001F9CDB /* ServerSettingsViewController.h */,
				42B4ADA7170A8681001F9CDB /* ServerSettingsViewController.m */,
				42B4ADA8170A8681001F9CDB /* ServerSettingsViewController.xib */,
				42B4ADB2170B7F31001F9CDB /* ServerStatusViewController.h */,
				42B4ADB3170B7F31001F9CDB /* ServerStatusViewController.m */,
				42B4ADB4170B7F31001F9CDB /* ServerStatusViewController.xib */,
				429959221714E97600C2A724 /* ServerLogViewController.h */,
				429959231714E97600C2A724 /* ServerLogViewController.m */,
				429959241714E97600C2A724 /* ServerLogViewController.xib */,
				42995D3F1796392100B19FEF /* HTCalibrationTriggersViewController.h */,
				42995D401796392100B19FEF /* HTCalibrationTriggersViewController.m */,
				42995D421796394C00B19FEF /* HTCalibrationTriggersViewController.xib */,
				42A236451702689400329EC1 /* Old */,
			);
			name = Settings;
			sourceTree = "<group>";
		};
		422F75C016FBAD5C000DF717 /* Context Server */ = {
			isa = PBXGroup;
			children = (
				C300637315BF6BAC00068870 /* PLTContextServer.h */,
				C300636E15BF6B6800068870 /* PLTContextServer.m */,
				C300637415BF6BAC00068870 /* PLTContextServerMessage.h */,
				C300636F15BF6B6800068870 /* PLTContextServerMessage.m */,
			);
			name = "Context Server";
			path = Classes;
			sourceTree = "<group>";
		};
		422F75C116FBAD70000DF717 /* Sensors */ = {
			isa = PBXGroup;
			children = (
				42BFCBF916F3EDDB003057C1 /* SensorsViewController.h */,
				42BFCBFA16F3EDDB003057C1 /* SensorsViewController.m */,
				42BFCBFB16F3EDDB003057C1 /* SensorsViewController.xib */,
				42082D651703F7170057F63B /* SensorsViewController_iPad.xib */,
				42D6099C16FA380C00BAFDEF /* ConfigTempViewController.h */,
				42D6099D16FA380C00BAFDEF /* ConfigTempViewController.m */,
				42D6099E16FA380C00BAFDEF /* ConfigTempViewController.xib */,
			);
			name = Sensors;
			sourceTree = "<group>";
		};
		422F75C216FBAD76000DF717 /* Street View */ = {
			isa = PBXGroup;
			children = (
				422F75B816FBA121000DF717 /* StreetViewViewController.h */,
				422F75B916FBA121000DF717 /* StreetViewViewController.m */,
				422F75BA16FBA121000DF717 /* StreetViewViewController.xib */,
				42FC09FC170F7068007238A6 /* StreetViewViewController_iPad.xib */,
			);
			name = "Street View";
			sourceTree = "<group>";
		};
		426FAB93170E774B0054D216 /* Images */ = {
			isa = PBXGroup;
			children = (
				42FC0A02170F9E88007238A6 /* 50_yrs_icon_72.png */,
				42FC09E6170F6F3B007238A6 /* 50_yrs_icon_144.png */,
				42FC09E7170F6F3B007238A6 /* auth_status_icon_small.png */,
				42FC09FE170F9C40007238A6 /* head_icon.png */,
				42FC09E8170F6F3B007238A6 /* buildings_icon.png */,
				42FC09E9170F6F3B007238A6 /* cogBarButton.png */,
				42FC09EA170F6F3B007238A6 /* Default-Landscape~ipad.png */,
				42FC09EB170F6F3B007238A6 /* Default-Portrait~ipad.png */,
				42FC0A00170F9C61007238A6 /* hs_status_icon.png */,
				42FC09ED170F6F3B007238A6 /* plt_logo_nav.png */,
				42FC09EE170F6F3B007238A6 /* reg_status_icon_small.png */,
				42FC09EF170F6F3B007238A6 /* signal_icon.png */,
				42749923170D0B6C00C8DD37 /* auth_status_icon@2x.png */,
				42749924170D0B6C00C8DD37 /* hs_status_icon@2x.png */,
				42749925170D0B6C00C8DD37 /* reg_status_icon@2x.png */,
				42B4AD9F170A6B6C001F9CDB /* Default@2x.png */,
				42B4ADA1170A6B71001F9CDB /* Default-568h@2x.png */,
				42B4ADA3170A6B8D001F9CDB /* Default-Portrait@2x~ipad.png */,
				426FAB94170E7B0A0054D216 /* Default-Landscape@2x~ipad.png */,
				4217B0E816FC0DBC005FDA9C /* diode_icon@2x.png */,
				4217B0E916FC0DBC005FDA9C /* head_icon@2x.png */,
				4272370C17062EDA00101B91 /* signal_icon@2x.png */,
				4217B0EA16FC0DBC005FDA9C /* house_icon@2x.png */,
				42BC99DF1700E84E00DF6FC7 /* buildings_icon@2x.png */,
				42BC99E21700F5B000DF6FC7 /* buildings_icon_2@2x.png */,
				42A236391702658200329EC1 /* cogBarButton@2x.png */,
				4217B0E016FBF726005FDA9C /* plt_logo_nav@2x.png */,
				4217B12D16FCE1D0005FDA9C /* plt_logo_nav_2@2x.png */,
				4282215816FBB53000B637A4 /* 50_yrs_icon_114@2x.png */,
				4282215916FBB53000B637A4 /* 50_yrs_icon_144@2x.png */,
			);
			name = Images;
			sourceTree = "<group>";
		};
		428221D616FBBA3900B637A4 /* AFNetworking */ = {
			isa = PBXGroup;
			children = (
				428221D716FBBA3900B637A4 /* AFHTTPClient.h */,
				428221D816FBBA3900B637A4 /* AFHTTPClient.m */,
				428221D916FBBA3900B637A4 /* AFHTTPRequestOperation.h */,
				428221DA16FBBA3900B637A4 /* AFHTTPRequestOperation.m */,
				428221DB16FBBA3900B637A4 /* AFImageRequestOperation.h */,
				428221DC16FBBA3900B637A4 /* AFImageRequestOperation.m */,
				428221DD16FBBA3900B637A4 /* AFJSONRequestOperation.h */,
				428221DE16FBBA3900B637A4 /* AFJSONRequestOperation.m */,
				428221DF16FBBA3900B637A4 /* AFNetworkActivityIndicatorManager.h */,
				428221E016FBBA3900B637A4 /* AFNetworkActivityIndicatorManager.m */,
				428221E116FBBA3900B637A4 /* AFNetworking.h */,
				428221E216FBBA3900B637A4 /* AFPropertyListRequestOperation.h */,
				428221E316FBBA3900B637A4 /* AFPropertyListRequestOperation.m */,
				428221E416FBBA3900B637A4 /* AFURLConnectionOperation.h */,
				428221E516FBBA3900B637A4 /* AFURLConnectionOperation.m */,
				428221E616FBBA3900B637A4 /* AFXMLRequestOperation.h */,
				428221E716FBBA3900B637A4 /* AFXMLRequestOperation.m */,
				428221E816FBBA3900B637A4 /* UIImageView+AFNetworking.h */,
				428221E916FBBA3900B637A4 /* UIImageView+AFNetworking.m */,
			);
			name = AFNetworking;
			path = AFNetworking/AFNetworking;
			sourceTree = "<group>";
		};
		42A236451702689400329EC1 /* Old */ = {
			isa = PBXGroup;
			children = (
				28D7ACF60DDB3853001CB0EB /* SettingsViewController_old.h */,
				28D7ACF70DDB3853001CB0EB /* SettingsViewController_old.m */,
				2899E5210DE3E06400AC0155 /* SettingsViewController_old.xib */,
				C3F97B661607CF7D00BC0B84 /* InfoViewController.h */,
				C3F97B671607CF7D00BC0B84 /* InfoViewController.m */,
				C3F97B691607CFDB00BC0B84 /* InfoView.xib */,
			);
			name = Old;
			sourceTree = "<group>";
		};
		42C9E5FE164B48A800E3CBB3 /* Scarlett */ = {
			isa = PBXGroup;
			children = (
				42C6DBD716532A4600739A62 /* h02diff.jpg */,
				42C6DBD816532A4600739A62 /* hair_1024.png */,
				42C6DBD916532A4600739A62 /* hair_1024_withalph.png */,
				42C6DBDA16532A4600739A62 /* hair_alph_1024.png */,
				42C6DBDB16532A4600739A62 /* hair_resized.jpeg */,
				42C6DBDC16532A4600739A62 /* Scarlet_eye_left.jpg */,
				42C6DBDD16532A4600739A62 /* scarlet_eye_leftt.h */,
				42C6DBDE16532A4600739A62 /* scarlet_eye_right.h */,
				42C6DBDF16532A4600739A62 /* Scarlet_eye_right.jpg */,
				42C6DBE016532A4600739A62 /* scarlet_hair.h */,
				42C6DBE116532A4600739A62 /* scarlet2.h */,
				42C6DBE216532A4600739A62 /* Scarlet2.jpg */,
				42C6DB371651BD5300739A62 /* hair_resized.jpeg */,
				42C6DB391651BDB000739A62 /* scarlet2.h */,
				42C6DB341651BA9B00739A62 /* scarlet_hair.h */,
				42C6DB311651BA8300739A62 /* h02diff.jpg */,
				42C9E62B164C7E9100E3CBB3 /* scarlett_no_bowl.h */,
			);
			path = Scarlett;
			sourceTree = "<group>";
		};
		42EC7B4B1648779A00A782BD /* Cocos3DMathLib */ = {
			isa = PBXGroup;
			children = (
				42EC7B4C1648779A00A782BD /* CC3Foundation.h */,
				42EC7B4D1648779A00A782BD /* CC3Foundation.m */,
				42EC7B4E1648779A00A782BD /* CC3GLMatrix.h */,
				42EC7B4F1648779A00A782BD /* CC3GLMatrix.m */,
				42EC7B501648779A00A782BD /* CC3Kazmath.c */,
				42EC7B511648779A00A782BD /* CC3Kazmath.h */,
				42EC7B521648779A00A782BD /* CC3Logging.h */,
				42EC7B531648779A00A782BD /* CC3Math.h */,
				42EC7B541648779A00A782BD /* CC3Math.m */,
				42EC7B551648779A00A782BD /* ccTypes.h */,
			);
			name = Cocos3DMathLib;
			path = ../3D/Cocos3DMathLib;
			sourceTree = "<group>";
		};
		C300637515BF6C4900068870 /* SocketRocket */ = {
			isa = PBXGroup;
			children = (
				C300637615BF6CA200068870 /* base64.c */,
				C300637715BF6CA200068870 /* base64.h */,
				C300637815BF6CA200068870 /* NSData+SRB64Additions.h */,
				C300637915BF6CA200068870 /* NSData+SRB64Additions.m */,
				C300637A15BF6CA200068870 /* SRWebSocket.h */,
				C300637B15BF6CA200068870 /* SRWebSocket.m */,
			);
			name = SocketRocket;
			sourceTree = "<group>";
		};
/* End PBXGroup section */

/* Begin PBXNativeTarget section */
		1D6058900D05DD3D006BFB54 /* CSR Wireless Sensor */ = {
			isa = PBXNativeTarget;
			buildConfigurationList = 1D6058960D05DD3E006BFB54 /* Build configuration list for PBXNativeTarget "CSR Wireless Sensor" */;
			buildPhases = (
				1D60588D0D05DD3D006BFB54 /* Resources */,
				1D60588E0D05DD3D006BFB54 /* Sources */,
				1D60588F0D05DD3D006BFB54 /* Frameworks */,
			);
			buildRules = (
			);
			dependencies = (
			);
			name = "CSR Wireless Sensor";
			productName = "CSR Wireless Sensor";
			productReference = 00394BC513127BE900085280 /* CSR Wireless Sensor.app */;
			productType = "com.apple.product-type.application";
		};
/* End PBXNativeTarget section */

/* Begin PBXProject section */
		29B97313FDCFA39411CA2CEA /* Project object */ = {
			isa = PBXProject;
			attributes = {
				LastUpgradeCheck = 0460;
				ORGANIZATIONNAME = "Plantronics, Inc";
			};
			buildConfigurationList = C01FCF4E08A954540054247B /* Build configuration list for PBXProject "CSR Wireless Sensor" */;
			compatibilityVersion = "Xcode 3.2";
			developmentRegion = English;
			hasScannedForEncodings = 1;
			knownRegions = (
				English,
				Japanese,
				French,
				German,
				en,
			);
			mainGroup = 29B97314FDCFA39411CA2CEA /* CustomTemplate */;
			projectDirPath = "";
			projectRoot = "";
			targets = (
				1D6058900D05DD3D006BFB54 /* CSR Wireless Sensor */,
			);
		};
/* End PBXProject section */

/* Begin PBXResourcesBuildPhase section */
		1D60588D0D05DD3D006BFB54 /* Resources */ = {
			isa = PBXResourcesBuildPhase;
			buildActionMask = 2147483647;
			files = (
				2899E5220DE3E06400AC0155 /* SettingsViewController_old.xib in Resources */,
				C3E602BA15C5B4D70057ADD7 /* PLTAppSettings.plist in Resources */,
				C3F97B6A1607CFDB00BC0B84 /* InfoView.xib in Resources */,
				42EC7B621648779A00A782BD /* SimpleFragment.glsl in Resources */,
				42EC7B631648779A00A782BD /* SimpleVertex.glsl in Resources */,
				42C9E630164C867A00E3CBB3 /* PL3DViewController.xib in Resources */,
				42C6DB321651BA8300739A62 /* h02diff.jpg in Resources */,
				42C6DB381651BD5300739A62 /* hair_resized.jpeg in Resources */,
				42C6DBE416532A4600739A62 /* hair_1024.png in Resources */,
				42C6DBE516532A4600739A62 /* hair_1024_withalph.png in Resources */,
				42C6DBE616532A4600739A62 /* hair_alph_1024.png in Resources */,
				42C6DBE816532A4600739A62 /* Scarlet_eye_left.jpg in Resources */,
				42C6DBE916532A4600739A62 /* Scarlet_eye_right.jpg in Resources */,
				42C6DBEA16532A4600739A62 /* Scarlet2.jpg in Resources */,
				42C6DBF916532EF100739A62 /* PL3DViewController_iPad.xib in Resources */,
				42BFCBFD16F3EDDB003057C1 /* SensorsViewController.xib in Resources */,
				42D609A016FA380C00BAFDEF /* ConfigTempViewController.xib in Resources */,
				422F75BC16FBA121000DF717 /* StreetViewViewController.xib in Resources */,
				4282215A16FBB53000B637A4 /* 50_yrs_icon_114@2x.png in Resources */,
				4282215B16FBB53000B637A4 /* 50_yrs_icon_144@2x.png in Resources */,
				4217B0E116FBF726005FDA9C /* plt_logo_nav@2x.png in Resources */,
				4217B0EB16FC0DBC005FDA9C /* diode_icon@2x.png in Resources */,
				4217B0EC16FC0DBC005FDA9C /* head_icon@2x.png in Resources */,
				4217B0ED16FC0DBC005FDA9C /* house_icon@2x.png in Resources */,
				4217B12E16FCE1D0005FDA9C /* plt_logo_nav_2@2x.png in Resources */,
				42BC99E01700E84E00DF6FC7 /* buildings_icon@2x.png in Resources */,
				42BC99E31700F5B000DF6FC7 /* buildings_icon_2@2x.png in Resources */,
				42A2363A1702658200329EC1 /* cogBarButton@2x.png in Resources */,
				42A236441702688C00329EC1 /* SettingsViewController.xib in Resources */,
				42082D661703F7170057F63B /* SensorsViewController_iPad.xib in Resources */,
				42082D6B1703FB800057F63B /* SelectionListViewController.xib in Resources */,
				4272370D17062EDA00101B91 /* signal_icon@2x.png in Resources */,
				4272371317064DCC00101B91 /* LocationOverrideViewController.xib in Resources */,
				42B4AD9217068069001F9CDB /* AddLocationViewController.xib in Resources */,
				42B4ADA2170A6B71001F9CDB /* Default-568h@2x.png in Resources */,
				42B4ADA4170A6B8D001F9CDB /* Default-Portrait@2x~ipad.png in Resources */,
				42B4ADA5170A6D4F001F9CDB /* Default@2x.png in Resources */,
				42B4ADAA170A8681001F9CDB /* ServerSettingsViewController.xib in Resources */,
				42B4ADB6170B7F31001F9CDB /* ServerStatusViewController.xib in Resources */,
				42749926170D0B6C00C8DD37 /* auth_status_icon@2x.png in Resources */,
				42749927170D0B6C00C8DD37 /* hs_status_icon@2x.png in Resources */,
				42749928170D0B6C00C8DD37 /* reg_status_icon@2x.png in Resources */,
				426FAB95170E7B0A0054D216 /* Default-Landscape@2x~ipad.png in Resources */,
				42FC09F0170F6F3B007238A6 /* 50_yrs_icon_144.png in Resources */,
				42FC09F1170F6F3B007238A6 /* auth_status_icon_small.png in Resources */,
				42FC09F2170F6F3B007238A6 /* buildings_icon.png in Resources */,
				42FC09F3170F6F3B007238A6 /* cogBarButton.png in Resources */,
				42FC09F4170F6F3B007238A6 /* Default-Landscape~ipad.png in Resources */,
				42FC09F5170F6F3B007238A6 /* Default-Portrait~ipad.png in Resources */,
				42FC09F7170F6F3B007238A6 /* plt_logo_nav.png in Resources */,
				42FC09F8170F6F3B007238A6 /* reg_status_icon_small.png in Resources */,
				42FC09F9170F6F3B007238A6 /* signal_icon.png in Resources */,
				42FC09FD170F7068007238A6 /* StreetViewViewController_iPad.xib in Resources */,
				42FC09FF170F9C40007238A6 /* head_icon.png in Resources */,
				42FC0A01170F9C61007238A6 /* hs_status_icon.png in Resources */,
				42FC0A03170F9E88007238A6 /* 50_yrs_icon_72.png in Resources */,
				429959261714E97600C2A724 /* ServerLogViewController.xib in Resources */,
				42995D431796394C00B19FEF /* HTCalibrationTriggersViewController.xib in Resources */,
			);
			runOnlyForDeploymentPostprocessing = 0;
		};
/* End PBXResourcesBuildPhase section */

/* Begin PBXSourcesBuildPhase section */
		1D60588E0D05DD3D006BFB54 /* Sources */ = {
			isa = PBXSourcesBuildPhase;
			buildActionMask = 2147483647;
			files = (
				1D60589B0D05DD56006BFB54 /* main.m in Sources */,
				1D3623260D0F684500981E51 /* AppDelegate.m in Sources */,
				28D7ACF80DDB3853001CB0EB /* SettingsViewController_old.m in Sources */,
				C300637015BF6B6800068870 /* PLTContextServer.m in Sources */,
				C300637115BF6B6800068870 /* PLTContextServerMessage.m in Sources */,
				C300638C15C0C50800068870 /* base64.c in Sources */,
				C300638D15C0C51500068870 /* NSData+SRB64Additions.m in Sources */,
				C300638E15C0C51800068870 /* SRWebSocket.m in Sources */,
				C3F97B681607CF7D00BC0B84 /* InfoViewController.m in Sources */,
				42EC7B5C1648779A00A782BD /* CC3Foundation.m in Sources */,
				42EC7B5D1648779A00A782BD /* CC3GLMatrix.m in Sources */,
				42EC7B5E1648779A00A782BD /* CC3Kazmath.c in Sources */,
				42EC7B5F1648779A00A782BD /* CC3Math.m in Sources */,
				42EC7B611648779A00A782BD /* OpenGLView.m in Sources */,
				42EC7B6E1648796E00A782BD /* PLT3DViewController.m in Sources */,
				42C9E62E164C815200E3CBB3 /* GLGravityView.m in Sources */,
				422F40A01651AC3800735AB5 /* iToast.m in Sources */,
				42BFCBFC16F3EDDB003057C1 /* SensorsViewController.m in Sources */,
				42D6099F16FA380C00BAFDEF /* ConfigTempViewController.m in Sources */,
				422F75BB16FBA121000DF717 /* StreetViewViewController.m in Sources */,
				428221EA16FBBA3900B637A4 /* AFHTTPClient.m in Sources */,
				428221EB16FBBA3900B637A4 /* AFHTTPRequestOperation.m in Sources */,
				428221EC16FBBA3900B637A4 /* AFImageRequestOperation.m in Sources */,
				428221ED16FBBA3900B637A4 /* AFJSONRequestOperation.m in Sources */,
				428221EE16FBBA3900B637A4 /* AFNetworkActivityIndicatorManager.m in Sources */,
				428221EF16FBBA3900B637A4 /* AFPropertyListRequestOperation.m in Sources */,
				428221F016FBBA3900B637A4 /* AFURLConnectionOperation.m in Sources */,
				428221F116FBBA3900B637A4 /* AFXMLRequestOperation.m in Sources */,
				428221F216FBBA3900B637A4 /* UIImageView+AFNetworking.m in Sources */,
				4217B0E716FBFFD1005FDA9C /* NSData+Base64.m in Sources */,
				4217B13216FCEAFA005FDA9C /* UIDevice+ScreenSize.m in Sources */,
				42082D541702A8070057F63B /* LocationMonitor.m in Sources */,
				42A2362B17012CCC00329EC1 /* NSURLRequest+GETParams.m in Sources */,
				42A236431702688C00329EC1 /* SettingsViewController.m in Sources */,
				42A2364817028F0A00329EC1 /* SwitchTableViewCell.m in Sources */,
				42082D641703C8E80057F63B /* PLTHeadsetManager.m in Sources */,
				42082D6A1703FB800057F63B /* SelectionListViewController.m in Sources */,
				4272371217064DCC00101B91 /* LocationOverrideViewController.m in Sources */,
				42B4AD9117068069001F9CDB /* AddLocationViewController.m in Sources */,
				42B4ADA9170A8681001F9CDB /* ServerSettingsViewController.m in Sources */,
				42B4ADAD170B4D40001F9CDB /* UITableView+Cells.m in Sources */,
				42B4ADB5170B7F31001F9CDB /* ServerStatusViewController.m in Sources */,
				4274992C170D0BB900C8DD37 /* StatusWatcher.m in Sources */,
				42FC0A06170FB2C7007238A6 /* SettingsNavigationController.m in Sources */,
				42D59B251713B30600E98394 /* SegmentedControlCell.m in Sources */,
				429959251714E97600C2A724 /* ServerLogViewController.m in Sources */,
				427622B2171C76E400940355 /* NSProcessInfo+Debugging.m in Sources */,
				42995D411796392100B19FEF /* HTCalibrationTriggersViewController.m in Sources */,
			);
			runOnlyForDeploymentPostprocessing = 0;
		};
/* End PBXSourcesBuildPhase section */

/* Begin XCBuildConfiguration section */
		1D6058940D05DD3E006BFB54 /* Debug */ = {
			isa = XCBuildConfiguration;
			buildSettings = {
				ALWAYS_SEARCH_USER_PATHS = NO;
				CLANG_ENABLE_OBJC_ARC = YES;
				CODE_SIGN_IDENTITY = "iPhone Developer";
				"CODE_SIGN_IDENTITY[sdk=iphoneos*]" = "";
				COPY_PHASE_STRIP = NO;
				GCC_DYNAMIC_NO_PIC = NO;
				GCC_OPTIMIZATION_LEVEL = 0;
				GCC_PRECOMPILE_PREFIX_HEADER = YES;
				GCC_PREFIX_HEADER = CSR_Wireless_Sensor_Prefix.pch;
				"GCC_PREPROCESSOR_DEFINITIONS[arch=*]" = (
					"DEBUG=1",
					"$(inherited)",
					"DEBUG_PRINT_ENABLED=1",
					"SR_ENABLE_LOG=1",
				);
				HEADER_SEARCH_PATHS = "";
				INFOPLIST_FILE = "CSR_Wireless_Sensor-Info.plist";
				INSTALL_GROUP = "";
				INSTALL_OWNER = "";
				IPHONEOS_DEPLOYMENT_TARGET = 6.0;
				PRODUCT_NAME = "CSR Wireless Sensor";
				PROVISIONING_PROFILE = "EAB76B81-F195-4AC9-BE6A-2962BA9340F3";
				"PROVISIONING_PROFILE[sdk=iphoneos*]" = "EAB76B81-F195-4AC9-BE6A-2962BA9340F3";
				TARGETED_DEVICE_FAMILY = "1,2";
			};
			name = Debug;
		};
		1D6058950D05DD3E006BFB54 /* Release */ = {
			isa = XCBuildConfiguration;
			buildSettings = {
				ALWAYS_SEARCH_USER_PATHS = NO;
				CLANG_ENABLE_OBJC_ARC = YES;
				CODE_SIGN_IDENTITY = "iPhone Developer";
				"CODE_SIGN_IDENTITY[sdk=iphoneos*]" = "";
				COPY_PHASE_STRIP = YES;
				GCC_PRECOMPILE_PREFIX_HEADER = YES;
				GCC_PREFIX_HEADER = CSR_Wireless_Sensor_Prefix.pch;
				"GCC_PREPROCESSOR_DEFINITIONS[arch=*]" = "IGNORE_CERTIFICATE_ERRORS=1";
				HEADER_SEARCH_PATHS = "";
				INFOPLIST_FILE = "CSR_Wireless_Sensor-Info.plist";
				INSTALL_GROUP = "";
				INSTALL_OWNER = "";
				IPHONEOS_DEPLOYMENT_TARGET = 6.0;
				PRODUCT_NAME = "CSR Wireless Sensor";
				PROVISIONING_PROFILE = "EAB76B81-F195-4AC9-BE6A-2962BA9340F3";
				"PROVISIONING_PROFILE[sdk=iphoneos*]" = "EAB76B81-F195-4AC9-BE6A-2962BA9340F3";
				TARGETED_DEVICE_FAMILY = "1,2";
			};
			name = Release;
		};
		C01FCF4F08A954540054247B /* Debug */ = {
			isa = XCBuildConfiguration;
			buildSettings = {
				ARCHS = "$(ARCHS_STANDARD_32_BIT)";
				CLANG_ENABLE_OBJC_ARC = YES;
				CODE_SIGN_IDENTITY = "iPhone Developer";
				"CODE_SIGN_IDENTITY[sdk=iphoneos*]" = "iPhone Developer";
				GCC_C_LANGUAGE_STANDARD = c99;
				GCC_WARN_ABOUT_RETURN_TYPE = YES;
				GCC_WARN_UNINITIALIZED_AUTOS = YES;
				GCC_WARN_UNUSED_VARIABLE = YES;
				IPHONEOS_DEPLOYMENT_TARGET = 5.0;
				PROVISIONING_PROFILE = "";
				"PROVISIONING_PROFILE[sdk=iphoneos*]" = "";
				SDKROOT = iphoneos;
				TARGETED_DEVICE_FAMILY = "1,2";
			};
			name = Debug;
		};
		C01FCF5008A954540054247B /* Release */ = {
			isa = XCBuildConfiguration;
			buildSettings = {
				ARCHS = "$(ARCHS_STANDARD_32_BIT)";
				CLANG_ENABLE_OBJC_ARC = YES;
				CODE_SIGN_IDENTITY = "iPhone Distribution";
				"CODE_SIGN_IDENTITY[sdk=iphoneos*]" = "iPhone Distribution";
				GCC_C_LANGUAGE_STANDARD = c99;
				GCC_WARN_ABOUT_RETURN_TYPE = YES;
				GCC_WARN_UNINITIALIZED_AUTOS = YES;
				GCC_WARN_UNUSED_VARIABLE = YES;
				IPHONEOS_DEPLOYMENT_TARGET = 5.0;
				PROVISIONING_PROFILE = "";
				"PROVISIONING_PROFILE[sdk=iphoneos*]" = "";
				SDKROOT = iphoneos;
				TARGETED_DEVICE_FAMILY = "1,2";
			};
			name = Release;
		};
/* End XCBuildConfiguration section */

/* Begin XCConfigurationList section */
		1D6058960D05DD3E006BFB54 /* Build configuration list for PBXNativeTarget "CSR Wireless Sensor" */ = {
			isa = XCConfigurationList;
			buildConfigurations = (
				1D6058940D05DD3E006BFB54 /* Debug */,
				1D6058950D05DD3E006BFB54 /* Release */,
			);
			defaultConfigurationIsVisible = 0;
			defaultConfigurationName = Release;
		};
		C01FCF4E08A954540054247B /* Build configuration list for PBXProject "CSR Wireless Sensor" */ = {
			isa = XCConfigurationList;
			buildConfigurations = (
				C01FCF4F08A954540054247B /* Debug */,
				C01FCF5008A954540054247B /* Release */,
			);
			defaultConfigurationIsVisible = 0;
			defaultConfigurationName = Release;
		};
/* End XCConfigurationList section */
	};
	rootObject = 29B97313FDCFA39411CA2CEA /* Project object */;
}
